{
  "version": 4,
  "terraform_version": "1.5.7",
  "serial": 436,
  "lineage": "d1acd41a-169c-9eab-2181-9a88460e17fd",
  "outputs": {
    "ec2_s3fs_benchmark_public_ip": {
      "value": [
        "16.171.44.41",
        "13.60.52.232",
        "13.48.194.199",
        "51.20.185.211",
        "16.171.134.116",
        "13.60.45.24",
        "13.60.47.6",
        "16.171.198.240",
        "16.170.248.134",
        "13.53.174.243",
        "16.170.226.114",
        "16.171.140.47"
      ],
      "type": [
        "tuple",
        [
          "string",
          "string",
          "string",
          "string",
          "string",
          "string",
          "string",
          "string",
          "string",
          "string",
          "string",
          "string"
        ]
      ]
    },
    "formatted_timestamp": {
      "value": "20240309-063250",
      "type": "string"
    },
    "s3_benchmark_reports_bucket": {
      "value": "s3fsbenchmark-20240309-063250",
      "type": "string"
    },
    "s3fs_benchmark_buckets": {
      "value": [
        "1job30write20240309063250",
        "1job70read20240309063250",
        "1jobrandomread20240309063250",
        "1jobrandomwrite20240309063250",
        "1jobsequentialread20240309063250",
        "1jobsequentialwrite20240309063250",
        "16job30write20240309063250",
        "16job70read20240309063250",
        "16jobrandomread20240309063250",
        "16jobrandomwrite20240309063250",
        "16jobsequentialread20240309063250",
        "16jobsequentialwrite20240309063250"
      ],
      "type": [
        "tuple",
        [
          "string",
          "string",
          "string",
          "string",
          "string",
          "string",
          "string",
          "string",
          "string",
          "string",
          "string",
          "string"
        ]
      ]
    }
  },
  "resources": [
    {
      "mode": "data",
      "type": "aws_region",
      "name": "current",
      "provider": "provider[\"registry.terraform.io/hashicorp/aws\"]",
      "instances": [
        {
          "schema_version": 0,
          "attributes": {
            "description": "Europe (Stockholm)",
            "endpoint": "ec2.eu-north-1.amazonaws.com",
            "id": "eu-north-1",
            "name": "eu-north-1"
          },
          "sensitive_attributes": []
        }
      ]
    },
    {
      "mode": "managed",
      "type": "aws_iam_instance_profile",
      "name": "fuse_benchmark_iam_profile",
      "provider": "provider[\"registry.terraform.io/hashicorp/aws\"]",
      "instances": [
        {
          "schema_version": 0,
          "attributes": {
            "arn": "arn:aws:iam::754745079939:instance-profile/fuse_benchmark_20240309-063250",
            "create_date": "2024-03-09T18:33:02Z",
            "id": "fuse_benchmark_20240309-063250",
            "name": "fuse_benchmark_20240309-063250",
            "name_prefix": "",
            "path": "/",
            "role": "fuse_benchmark-20240309-063250",
            "tags": null,
            "tags_all": {},
            "unique_id": "AIPA27OSP7CBSADQYXOAK"
          },
          "sensitive_attributes": [],
          "private": "bnVsbA==",
          "dependencies": [
            "aws_iam_role.fuse_benchmark_iam_role"
          ]
        }
      ]
    },
    {
      "mode": "managed",
      "type": "aws_iam_role",
      "name": "fuse_benchmark_iam_role",
      "provider": "provider[\"registry.terraform.io/hashicorp/aws\"]",
      "instances": [
        {
          "schema_version": 0,
          "attributes": {
            "arn": "arn:aws:iam::754745079939:role/fuse_benchmark-20240309-063250",
            "assume_role_policy": "{\"Statement\":[{\"Action\":\"sts:AssumeRole\",\"Effect\":\"Allow\",\"Principal\":{\"Service\":\"ec2.amazonaws.com\"}}],\"Version\":\"2012-10-17\"}",
            "create_date": "2024-03-09T18:33:00Z",
            "description": "",
            "force_detach_policies": false,
            "id": "fuse_benchmark-20240309-063250",
            "inline_policy": [],
            "managed_policy_arns": [],
            "max_session_duration": 3600,
            "name": "fuse_benchmark-20240309-063250",
            "name_prefix": "",
            "path": "/",
            "permissions_boundary": "",
            "tags": null,
            "tags_all": {},
            "unique_id": "AROA27OSP7CB5GAEZVGNK"
          },
          "sensitive_attributes": [],
          "private": "bnVsbA=="
        }
      ]
    },
    {
      "mode": "managed",
      "type": "aws_iam_role_policy_attachment",
      "name": "fuse_benchmark_policy_attachment",
      "provider": "provider[\"registry.terraform.io/hashicorp/aws\"]",
      "instances": [
        {
          "schema_version": 0,
          "attributes": {
            "id": "fuse_benchmark-20240309-063250-20240309183301985400000001",
            "policy_arn": "arn:aws:iam::aws:policy/AdministratorAccess",
            "role": "fuse_benchmark-20240309-063250"
          },
          "sensitive_attributes": [],
          "private": "bnVsbA==",
          "dependencies": [
            "aws_iam_role.fuse_benchmark_iam_role"
          ]
        }
      ]
    },
    {
      "mode": "managed",
      "type": "aws_instance",
      "name": "s3fs_1g",
      "provider": "provider[\"registry.terraform.io/hashicorp/aws\"]",
      "instances": [
        {
          "index_key": 0,
          "schema_version": 1,
          "attributes": {
            "ami": "ami-08a7297c0f05d943d",
            "arn": "arn:aws:ec2:eu-north-1:754745079939:instance/i-0f8b362f921695749",
            "associate_public_ip_address": true,
            "availability_zone": "eu-north-1b",
            "capacity_reservation_specification": [
              {
                "capacity_reservation_preference": "open",
                "capacity_reservation_target": []
              }
            ],
            "cpu_core_count": 16,
            "cpu_options": [
              {
                "amd_sev_snp": "",
                "core_count": 16,
                "threads_per_core": 1
              }
            ],
            "cpu_threads_per_core": 1,
            "credit_specification": [],
            "disable_api_stop": false,
            "disable_api_termination": false,
            "ebs_block_device": [],
            "ebs_optimized": false,
            "enclave_options": [
              {
                "enabled": false
              }
            ],
            "ephemeral_block_device": [],
            "get_password_data": false,
            "hibernation": false,
            "host_id": "",
            "host_resource_group_arn": null,
            "iam_instance_profile": "fuse_benchmark_20240309-063250",
            "id": "i-0f8b362f921695749",
            "instance_initiated_shutdown_behavior": "stop",
            "instance_lifecycle": "",
            "instance_market_options": [],
            "instance_state": "running",
            "instance_type": "c6g.4xlarge",
            "ipv6_address_count": 0,
            "ipv6_addresses": [],
            "key_name": "",
            "launch_template": [],
            "maintenance_options": [
              {
                "auto_recovery": "default"
              }
            ],
            "metadata_options": [
              {
                "http_endpoint": "enabled",
                "http_protocol_ipv6": "disabled",
                "http_put_response_hop_limit": 1,
                "http_tokens": "optional",
                "instance_metadata_tags": "disabled"
              }
            ],
            "monitoring": false,
            "network_interface": [],
            "outpost_arn": "",
            "password_data": "",
            "placement_group": "",
            "placement_partition_number": 0,
            "primary_network_interface_id": "eni-0e5c7258745c3903e",
            "private_dns": "ip-172-31-39-219.eu-north-1.compute.internal",
            "private_dns_name_options": [
              {
                "enable_resource_name_dns_a_record": false,
                "enable_resource_name_dns_aaaa_record": false,
                "hostname_type": "ip-name"
              }
            ],
            "private_ip": "172.31.39.219",
            "public_dns": "ec2-16-171-169-67.eu-north-1.compute.amazonaws.com",
            "public_ip": "16.171.169.67",
            "root_block_device": [
              {
                "delete_on_termination": true,
                "device_name": "/dev/sda1",
                "encrypted": false,
                "iops": 100,
                "kms_key_id": "",
                "tags": {
                  "Created": "2024-03-09T18:34:39Z",
                  "Creator": "kirill.bas"
                },
                "tags_all": {
                  "Created": "2024-03-09T18:34:39Z",
                  "Creator": "kirill.bas"
                },
                "throughput": 0,
                "volume_id": "vol-0e0c09752a9f7b500",
                "volume_size": 8,
                "volume_type": "gp2"
              }
            ],
            "secondary_private_ips": [],
            "security_groups": [
              "allow_all_traffic"
            ],
            "source_dest_check": true,
            "spot_instance_request_id": "",
            "subnet_id": "subnet-9f8882e7",
            "tags": {
              "Created": "2024-03-09T18:34:39Z",
              "Creator": "kirill.bas",
              "Name": "1-job-30-write"
            },
            "tags_all": {
              "Created": "2024-03-09T18:34:39Z",
              "Creator": "kirill.bas",
              "Name": "1-job-30-write"
            },
            "tenancy": "default",
            "timeouts": null,
            "user_data": "ea1c109a2cf38cf864d544fa019590c19bbd75af",
            "user_data_base64": null,
            "user_data_replace_on_change": false,
            "volume_tags": null,
            "vpc_security_group_ids": [
              "sg-0aa945914098acd8e"
            ]
          },
          "sensitive_attributes": [],
          "private": "eyJlMmJmYjczMC1lY2FhLTExZTYtOGY4OC0zNDM2M2JjN2M0YzAiOnsiY3JlYXRlIjo2MDAwMDAwMDAwMDAsImRlbGV0ZSI6MTIwMDAwMDAwMDAwMCwicmVhZCI6OTAwMDAwMDAwMDAwLCJ1cGRhdGUiOjYwMDAwMDAwMDAwMH0sInNjaGVtYV92ZXJzaW9uIjoiMSJ9",
          "dependencies": [
            "aws_iam_instance_profile.fuse_benchmark_iam_profile",
            "aws_iam_role.fuse_benchmark_iam_role",
            "aws_s3_bucket.s3fs_buckets",
            "aws_s3_bucket.s3fs_results",
            "aws_security_group.fuse_benchmark_allow_all",
            "data.aws_region.current"
          ]
        },
        {
          "index_key": 1,
          "schema_version": 1,
          "attributes": {
            "ami": "ami-08a7297c0f05d943d",
            "arn": "arn:aws:ec2:eu-north-1:754745079939:instance/i-0b32d32f25e9d32db",
            "associate_public_ip_address": true,
            "availability_zone": "eu-north-1b",
            "capacity_reservation_specification": [
              {
                "capacity_reservation_preference": "open",
                "capacity_reservation_target": []
              }
            ],
            "cpu_core_count": 16,
            "cpu_options": [
              {
                "amd_sev_snp": "",
                "core_count": 16,
                "threads_per_core": 1
              }
            ],
            "cpu_threads_per_core": 1,
            "credit_specification": [],
            "disable_api_stop": false,
            "disable_api_termination": false,
            "ebs_block_device": [],
            "ebs_optimized": false,
            "enclave_options": [
              {
                "enabled": false
              }
            ],
            "ephemeral_block_device": [],
            "get_password_data": false,
            "hibernation": false,
            "host_id": "",
            "host_resource_group_arn": null,
            "iam_instance_profile": "fuse_benchmark_20240309-063250",
            "id": "i-0b32d32f25e9d32db",
            "instance_initiated_shutdown_behavior": "stop",
            "instance_lifecycle": "",
            "instance_market_options": [],
            "instance_state": "running",
            "instance_type": "c6g.4xlarge",
            "ipv6_address_count": 0,
            "ipv6_addresses": [],
            "key_name": "",
            "launch_template": [],
            "maintenance_options": [
              {
                "auto_recovery": "default"
              }
            ],
            "metadata_options": [
              {
                "http_endpoint": "enabled",
                "http_protocol_ipv6": "disabled",
                "http_put_response_hop_limit": 1,
                "http_tokens": "optional",
                "instance_metadata_tags": "disabled"
              }
            ],
            "monitoring": false,
            "network_interface": [],
            "outpost_arn": "",
            "password_data": "",
            "placement_group": "",
            "placement_partition_number": 0,
            "primary_network_interface_id": "eni-0589db07f9024dd92",
            "private_dns": "ip-172-31-40-188.eu-north-1.compute.internal",
            "private_dns_name_options": [
              {
                "enable_resource_name_dns_a_record": false,
                "enable_resource_name_dns_aaaa_record": false,
                "hostname_type": "ip-name"
              }
            ],
            "private_ip": "172.31.40.188",
            "public_dns": "ec2-16-171-32-119.eu-north-1.compute.amazonaws.com",
            "public_ip": "16.171.32.119",
            "root_block_device": [
              {
                "delete_on_termination": true,
                "device_name": "/dev/sda1",
                "encrypted": false,
                "iops": 100,
                "kms_key_id": "",
                "tags": {
                  "Created": "2024-03-09T18:34:29Z",
                  "Creator": "kirill.bas"
                },
                "tags_all": {
                  "Created": "2024-03-09T18:34:29Z",
                  "Creator": "kirill.bas"
                },
                "throughput": 0,
                "volume_id": "vol-0e7887988c88f0018",
                "volume_size": 8,
                "volume_type": "gp2"
              }
            ],
            "secondary_private_ips": [],
            "security_groups": [
              "allow_all_traffic"
            ],
            "source_dest_check": true,
            "spot_instance_request_id": "",
            "subnet_id": "subnet-9f8882e7",
            "tags": {
              "Created": "2024-03-09T18:34:29Z",
              "Creator": "kirill.bas",
              "Name": "1-job-70-read"
            },
            "tags_all": {
              "Created": "2024-03-09T18:34:29Z",
              "Creator": "kirill.bas",
              "Name": "1-job-70-read"
            },
            "tenancy": "default",
            "timeouts": null,
            "user_data": "16afcee6e8a20b1dd227b8c04f37a13cc0f06066",
            "user_data_base64": null,
            "user_data_replace_on_change": false,
            "volume_tags": null,
            "vpc_security_group_ids": [
              "sg-0aa945914098acd8e"
            ]
          },
          "sensitive_attributes": [],
          "private": "eyJlMmJmYjczMC1lY2FhLTExZTYtOGY4OC0zNDM2M2JjN2M0YzAiOnsiY3JlYXRlIjo2MDAwMDAwMDAwMDAsImRlbGV0ZSI6MTIwMDAwMDAwMDAwMCwicmVhZCI6OTAwMDAwMDAwMDAwLCJ1cGRhdGUiOjYwMDAwMDAwMDAwMH0sInNjaGVtYV92ZXJzaW9uIjoiMSJ9",
          "dependencies": [
            "aws_iam_instance_profile.fuse_benchmark_iam_profile",
            "aws_iam_role.fuse_benchmark_iam_role",
            "aws_s3_bucket.s3fs_buckets",
            "aws_s3_bucket.s3fs_results",
            "aws_security_group.fuse_benchmark_allow_all",
            "data.aws_region.current"
          ]
        },
        {
          "index_key": 3,
          "schema_version": 1,
          "attributes": {
            "ami": "ami-08a7297c0f05d943d",
            "arn": "arn:aws:ec2:eu-north-1:754745079939:instance/i-056e0c777c3475951",
            "associate_public_ip_address": true,
            "availability_zone": "eu-north-1b",
            "capacity_reservation_specification": [
              {
                "capacity_reservation_preference": "open",
                "capacity_reservation_target": []
              }
            ],
            "cpu_core_count": 16,
            "cpu_options": [
              {
                "amd_sev_snp": "",
                "core_count": 16,
                "threads_per_core": 1
              }
            ],
            "cpu_threads_per_core": 1,
            "credit_specification": [],
            "disable_api_stop": false,
            "disable_api_termination": false,
            "ebs_block_device": [],
            "ebs_optimized": false,
            "enclave_options": [
              {
                "enabled": false
              }
            ],
            "ephemeral_block_device": [],
            "get_password_data": false,
            "hibernation": false,
            "host_id": "",
            "host_resource_group_arn": null,
            "iam_instance_profile": "fuse_benchmark_20240309-063250",
            "id": "i-056e0c777c3475951",
            "instance_initiated_shutdown_behavior": "stop",
            "instance_lifecycle": "",
            "instance_market_options": [],
            "instance_state": "running",
            "instance_type": "c6g.4xlarge",
            "ipv6_address_count": 0,
            "ipv6_addresses": [],
            "key_name": "",
            "launch_template": [],
            "maintenance_options": [
              {
                "auto_recovery": "default"
              }
            ],
            "metadata_options": [
              {
                "http_endpoint": "enabled",
                "http_protocol_ipv6": "disabled",
                "http_put_response_hop_limit": 1,
                "http_tokens": "optional",
                "instance_metadata_tags": "disabled"
              }
            ],
            "monitoring": false,
            "network_interface": [],
            "outpost_arn": "",
            "password_data": "",
            "placement_group": "",
            "placement_partition_number": 0,
            "primary_network_interface_id": "eni-03c99890c87095749",
            "private_dns": "ip-172-31-43-11.eu-north-1.compute.internal",
            "private_dns_name_options": [
              {
                "enable_resource_name_dns_a_record": false,
                "enable_resource_name_dns_aaaa_record": false,
                "hostname_type": "ip-name"
              }
            ],
            "private_ip": "172.31.43.11",
            "public_dns": "ec2-16-171-132-109.eu-north-1.compute.amazonaws.com",
            "public_ip": "16.171.132.109",
            "root_block_device": [
              {
                "delete_on_termination": true,
                "device_name": "/dev/sda1",
                "encrypted": false,
                "iops": 100,
                "kms_key_id": "",
                "tags": {
                  "Created": "2024-03-09T18:34:09Z",
                  "Creator": "kirill.bas"
                },
                "tags_all": {
                  "Created": "2024-03-09T18:34:09Z",
                  "Creator": "kirill.bas"
                },
                "throughput": 0,
                "volume_id": "vol-0e68f9147f33bfc2e",
                "volume_size": 8,
                "volume_type": "gp2"
              }
            ],
            "secondary_private_ips": [],
            "security_groups": [
              "allow_all_traffic"
            ],
            "source_dest_check": true,
            "spot_instance_request_id": "",
            "subnet_id": "subnet-9f8882e7",
            "tags": {
              "Created": "2024-03-09T18:34:09Z",
              "Creator": "kirill.bas",
              "Name": "1-job-random-write"
            },
            "tags_all": {
              "Created": "2024-03-09T18:34:09Z",
              "Creator": "kirill.bas",
              "Name": "1-job-random-write"
            },
            "tenancy": "default",
            "timeouts": null,
            "user_data": "0cb76e77147faeca0a12e1b93bc09ebf5cf6df00",
            "user_data_base64": null,
            "user_data_replace_on_change": false,
            "volume_tags": null,
            "vpc_security_group_ids": [
              "sg-0aa945914098acd8e"
            ]
          },
          "sensitive_attributes": [],
          "private": "eyJlMmJmYjczMC1lY2FhLTExZTYtOGY4OC0zNDM2M2JjN2M0YzAiOnsiY3JlYXRlIjo2MDAwMDAwMDAwMDAsImRlbGV0ZSI6MTIwMDAwMDAwMDAwMCwicmVhZCI6OTAwMDAwMDAwMDAwLCJ1cGRhdGUiOjYwMDAwMDAwMDAwMH0sInNjaGVtYV92ZXJzaW9uIjoiMSJ9",
          "dependencies": [
            "aws_iam_instance_profile.fuse_benchmark_iam_profile",
            "aws_iam_role.fuse_benchmark_iam_role",
            "aws_s3_bucket.s3fs_buckets",
            "aws_s3_bucket.s3fs_results",
            "aws_security_group.fuse_benchmark_allow_all",
            "data.aws_region.current"
          ]
        },
        {
          "index_key": 4,
          "schema_version": 1,
          "attributes": {
            "ami": "ami-08a7297c0f05d943d",
            "arn": "arn:aws:ec2:eu-north-1:754745079939:instance/i-0bd39194131c56d7e",
            "associate_public_ip_address": true,
            "availability_zone": "eu-north-1b",
            "capacity_reservation_specification": [
              {
                "capacity_reservation_preference": "open",
                "capacity_reservation_target": []
              }
            ],
            "cpu_core_count": 16,
            "cpu_options": [
              {
                "amd_sev_snp": "",
                "core_count": 16,
                "threads_per_core": 1
              }
            ],
            "cpu_threads_per_core": 1,
            "credit_specification": [],
            "disable_api_stop": false,
            "disable_api_termination": false,
            "ebs_block_device": [],
            "ebs_optimized": false,
            "enclave_options": [
              {
                "enabled": false
              }
            ],
            "ephemeral_block_device": [],
            "get_password_data": false,
            "hibernation": false,
            "host_id": "",
            "host_resource_group_arn": null,
            "iam_instance_profile": "fuse_benchmark_20240309-063250",
            "id": "i-0bd39194131c56d7e",
            "instance_initiated_shutdown_behavior": "stop",
            "instance_lifecycle": "",
            "instance_market_options": [],
            "instance_state": "running",
            "instance_type": "c6g.4xlarge",
            "ipv6_address_count": 0,
            "ipv6_addresses": [],
            "key_name": "",
            "launch_template": [],
            "maintenance_options": [
              {
                "auto_recovery": "default"
              }
            ],
            "metadata_options": [
              {
                "http_endpoint": "enabled",
                "http_protocol_ipv6": "disabled",
                "http_put_response_hop_limit": 1,
                "http_tokens": "optional",
                "instance_metadata_tags": "disabled"
              }
            ],
            "monitoring": false,
            "network_interface": [],
            "outpost_arn": "",
            "password_data": "",
            "placement_group": "",
            "placement_partition_number": 0,
            "primary_network_interface_id": "eni-0e5182b5b795b1aa9",
            "private_dns": "ip-172-31-41-10.eu-north-1.compute.internal",
            "private_dns_name_options": [
              {
                "enable_resource_name_dns_a_record": false,
                "enable_resource_name_dns_aaaa_record": false,
                "hostname_type": "ip-name"
              }
            ],
            "private_ip": "172.31.41.10",
            "public_dns": "ec2-13-60-36-169.eu-north-1.compute.amazonaws.com",
            "public_ip": "13.60.36.169",
            "root_block_device": [
              {
                "delete_on_termination": true,
                "device_name": "/dev/sda1",
                "encrypted": false,
                "iops": 100,
                "kms_key_id": "",
                "tags": {
                  "Created": "2024-03-09T18:34:11Z",
                  "Creator": "kirill.bas"
                },
                "tags_all": {
                  "Created": "2024-03-09T18:34:11Z",
                  "Creator": "kirill.bas"
                },
                "throughput": 0,
                "volume_id": "vol-09eb9218313743dd2",
                "volume_size": 8,
                "volume_type": "gp2"
              }
            ],
            "secondary_private_ips": [],
            "security_groups": [
              "allow_all_traffic"
            ],
            "source_dest_check": true,
            "spot_instance_request_id": "",
            "subnet_id": "subnet-9f8882e7",
            "tags": {
              "Created": "2024-03-09T18:34:11Z",
              "Creator": "kirill.bas",
              "Name": "1-job-sequential-read"
            },
            "tags_all": {
              "Created": "2024-03-09T18:34:11Z",
              "Creator": "kirill.bas",
              "Name": "1-job-sequential-read"
            },
            "tenancy": "default",
            "timeouts": null,
            "user_data": "2cdb4dc73c921fce9fc150d56f3162975a60f81b",
            "user_data_base64": null,
            "user_data_replace_on_change": false,
            "volume_tags": null,
            "vpc_security_group_ids": [
              "sg-0aa945914098acd8e"
            ]
          },
          "sensitive_attributes": [],
          "private": "eyJlMmJmYjczMC1lY2FhLTExZTYtOGY4OC0zNDM2M2JjN2M0YzAiOnsiY3JlYXRlIjo2MDAwMDAwMDAwMDAsImRlbGV0ZSI6MTIwMDAwMDAwMDAwMCwicmVhZCI6OTAwMDAwMDAwMDAwLCJ1cGRhdGUiOjYwMDAwMDAwMDAwMH0sInNjaGVtYV92ZXJzaW9uIjoiMSJ9",
          "dependencies": [
            "aws_iam_instance_profile.fuse_benchmark_iam_profile",
            "aws_iam_role.fuse_benchmark_iam_role",
            "aws_s3_bucket.s3fs_buckets",
            "aws_s3_bucket.s3fs_results",
            "aws_security_group.fuse_benchmark_allow_all",
            "data.aws_region.current"
          ]
        },
        {
          "index_key": 5,
          "schema_version": 1,
          "attributes": {
            "ami": "ami-08a7297c0f05d943d",
            "arn": "arn:aws:ec2:eu-north-1:754745079939:instance/i-0b7521e79a29118cd",
            "associate_public_ip_address": true,
            "availability_zone": "eu-north-1b",
            "capacity_reservation_specification": [
              {
                "capacity_reservation_preference": "open",
                "capacity_reservation_target": []
              }
            ],
            "cpu_core_count": 16,
            "cpu_options": [
              {
                "amd_sev_snp": "",
                "core_count": 16,
                "threads_per_core": 1
              }
            ],
            "cpu_threads_per_core": 1,
            "credit_specification": [],
            "disable_api_stop": false,
            "disable_api_termination": false,
            "ebs_block_device": [],
            "ebs_optimized": false,
            "enclave_options": [
              {
                "enabled": false
              }
            ],
            "ephemeral_block_device": [],
            "get_password_data": false,
            "hibernation": false,
            "host_id": "",
            "host_resource_group_arn": null,
            "iam_instance_profile": "fuse_benchmark_20240309-063250",
            "id": "i-0b7521e79a29118cd",
            "instance_initiated_shutdown_behavior": "stop",
            "instance_lifecycle": "",
            "instance_market_options": [],
            "instance_state": "running",
            "instance_type": "c6g.4xlarge",
            "ipv6_address_count": 0,
            "ipv6_addresses": [],
            "key_name": "",
            "launch_template": [],
            "maintenance_options": [
              {
                "auto_recovery": "default"
              }
            ],
            "metadata_options": [
              {
                "http_endpoint": "enabled",
                "http_protocol_ipv6": "disabled",
                "http_put_response_hop_limit": 1,
                "http_tokens": "optional",
                "instance_metadata_tags": "disabled"
              }
            ],
            "monitoring": false,
            "network_interface": [],
            "outpost_arn": "",
            "password_data": "",
            "placement_group": "",
            "placement_partition_number": 0,
            "primary_network_interface_id": "eni-0f9749fa335b1f112",
            "private_dns": "ip-172-31-47-108.eu-north-1.compute.internal",
            "private_dns_name_options": [
              {
                "enable_resource_name_dns_a_record": false,
                "enable_resource_name_dns_aaaa_record": false,
                "hostname_type": "ip-name"
              }
            ],
            "private_ip": "172.31.47.108",
            "public_dns": "ec2-13-60-32-243.eu-north-1.compute.amazonaws.com",
            "public_ip": "13.60.32.243",
            "root_block_device": [
              {
                "delete_on_termination": true,
                "device_name": "/dev/sda1",
                "encrypted": false,
                "iops": 100,
                "kms_key_id": "",
                "tags": {
                  "Created": "2024-03-09T18:33:43Z",
                  "Creator": "kirill.bas"
                },
                "tags_all": {
                  "Created": "2024-03-09T18:33:43Z",
                  "Creator": "kirill.bas"
                },
                "throughput": 0,
                "volume_id": "vol-0b3b9f81c119d11e5",
                "volume_size": 8,
                "volume_type": "gp2"
              }
            ],
            "secondary_private_ips": [],
            "security_groups": [
              "allow_all_traffic"
            ],
            "source_dest_check": true,
            "spot_instance_request_id": "",
            "subnet_id": "subnet-9f8882e7",
            "tags": {
              "Created": "2024-03-09T18:33:43Z",
              "Creator": "kirill.bas",
              "Name": "1-job-sequential-write"
            },
            "tags_all": {
              "Created": "2024-03-09T18:33:43Z",
              "Creator": "kirill.bas",
              "Name": "1-job-sequential-write"
            },
            "tenancy": "default",
            "timeouts": null,
            "user_data": "8f7b51f5509eb72fdc99a3b6f585612f4535e52b",
            "user_data_base64": null,
            "user_data_replace_on_change": false,
            "volume_tags": null,
            "vpc_security_group_ids": [
              "sg-0aa945914098acd8e"
            ]
          },
          "sensitive_attributes": [],
          "private": "eyJlMmJmYjczMC1lY2FhLTExZTYtOGY4OC0zNDM2M2JjN2M0YzAiOnsiY3JlYXRlIjo2MDAwMDAwMDAwMDAsImRlbGV0ZSI6MTIwMDAwMDAwMDAwMCwicmVhZCI6OTAwMDAwMDAwMDAwLCJ1cGRhdGUiOjYwMDAwMDAwMDAwMH0sInNjaGVtYV92ZXJzaW9uIjoiMSJ9",
          "dependencies": [
            "aws_iam_instance_profile.fuse_benchmark_iam_profile",
            "aws_iam_role.fuse_benchmark_iam_role",
            "aws_s3_bucket.s3fs_buckets",
            "aws_s3_bucket.s3fs_results",
            "aws_security_group.fuse_benchmark_allow_all",
            "data.aws_region.current"
          ]
        },
        {
          "index_key": 6,
          "schema_version": 1,
          "attributes": {
            "ami": "ami-08a7297c0f05d943d",
            "arn": "arn:aws:ec2:eu-north-1:754745079939:instance/i-0d6b36fe1f24b3faf",
            "associate_public_ip_address": true,
            "availability_zone": "eu-north-1b",
            "capacity_reservation_specification": [
              {
                "capacity_reservation_preference": "open",
                "capacity_reservation_target": []
              }
            ],
            "cpu_core_count": 16,
            "cpu_options": [
              {
                "amd_sev_snp": "",
                "core_count": 16,
                "threads_per_core": 1
              }
            ],
            "cpu_threads_per_core": 1,
            "credit_specification": [],
            "disable_api_stop": false,
            "disable_api_termination": false,
            "ebs_block_device": [],
            "ebs_optimized": false,
            "enclave_options": [
              {
                "enabled": false
              }
            ],
            "ephemeral_block_device": [],
            "get_password_data": false,
            "hibernation": false,
            "host_id": "",
            "host_resource_group_arn": null,
            "iam_instance_profile": "fuse_benchmark_20240309-063250",
            "id": "i-0d6b36fe1f24b3faf",
            "instance_initiated_shutdown_behavior": "stop",
            "instance_lifecycle": "",
            "instance_market_options": [],
            "instance_state": "running",
            "instance_type": "c6g.4xlarge",
            "ipv6_address_count": 0,
            "ipv6_addresses": [],
            "key_name": "",
            "launch_template": [],
            "maintenance_options": [
              {
                "auto_recovery": "default"
              }
            ],
            "metadata_options": [
              {
                "http_endpoint": "enabled",
                "http_protocol_ipv6": "disabled",
                "http_put_response_hop_limit": 1,
                "http_tokens": "optional",
                "instance_metadata_tags": "disabled"
              }
            ],
            "monitoring": false,
            "network_interface": [],
            "outpost_arn": "",
            "password_data": "",
            "placement_group": "",
            "placement_partition_number": 0,
            "primary_network_interface_id": "eni-01bb7f96efe5d7b5c",
            "private_dns": "ip-172-31-46-210.eu-north-1.compute.internal",
            "private_dns_name_options": [
              {
                "enable_resource_name_dns_a_record": false,
                "enable_resource_name_dns_aaaa_record": false,
                "hostname_type": "ip-name"
              }
            ],
            "private_ip": "172.31.46.210",
            "public_dns": "ec2-13-60-26-221.eu-north-1.compute.amazonaws.com",
            "public_ip": "13.60.26.221",
            "root_block_device": [
              {
                "delete_on_termination": true,
                "device_name": "/dev/sda1",
                "encrypted": false,
                "iops": 100,
                "kms_key_id": "",
                "tags": {
                  "Created": "2024-03-09T18:34:07Z",
                  "Creator": "kirill.bas"
                },
                "tags_all": {
                  "Created": "2024-03-09T18:34:07Z",
                  "Creator": "kirill.bas"
                },
                "throughput": 0,
                "volume_id": "vol-04f8ceb3a3fc2d482",
                "volume_size": 8,
                "volume_type": "gp2"
              }
            ],
            "secondary_private_ips": [],
            "security_groups": [
              "allow_all_traffic"
            ],
            "source_dest_check": true,
            "spot_instance_request_id": "",
            "subnet_id": "subnet-9f8882e7",
            "tags": {
              "Created": "2024-03-09T18:34:07Z",
              "Creator": "kirill.bas",
              "Name": "16-job-30-write"
            },
            "tags_all": {
              "Created": "2024-03-09T18:34:07Z",
              "Creator": "kirill.bas",
              "Name": "16-job-30-write"
            },
            "tenancy": "default",
            "timeouts": null,
            "user_data": "d5a0a18a9a92cd825efbf57637451403ad663b9e",
            "user_data_base64": null,
            "user_data_replace_on_change": false,
            "volume_tags": null,
            "vpc_security_group_ids": [
              "sg-0aa945914098acd8e"
            ]
          },
          "sensitive_attributes": [],
          "private": "eyJlMmJmYjczMC1lY2FhLTExZTYtOGY4OC0zNDM2M2JjN2M0YzAiOnsiY3JlYXRlIjo2MDAwMDAwMDAwMDAsImRlbGV0ZSI6MTIwMDAwMDAwMDAwMCwicmVhZCI6OTAwMDAwMDAwMDAwLCJ1cGRhdGUiOjYwMDAwMDAwMDAwMH0sInNjaGVtYV92ZXJzaW9uIjoiMSJ9",
          "dependencies": [
            "aws_iam_instance_profile.fuse_benchmark_iam_profile",
            "aws_iam_role.fuse_benchmark_iam_role",
            "aws_s3_bucket.s3fs_buckets",
            "aws_s3_bucket.s3fs_results",
            "aws_security_group.fuse_benchmark_allow_all",
            "data.aws_region.current"
          ]
        },
        {
          "index_key": 7,
          "schema_version": 1,
          "attributes": {
            "ami": "ami-08a7297c0f05d943d",
            "arn": "arn:aws:ec2:eu-north-1:754745079939:instance/i-001d2137b8e8b1b18",
            "associate_public_ip_address": true,
            "availability_zone": "eu-north-1b",
            "capacity_reservation_specification": [
              {
                "capacity_reservation_preference": "open",
                "capacity_reservation_target": []
              }
            ],
            "cpu_core_count": 16,
            "cpu_options": [
              {
                "amd_sev_snp": "",
                "core_count": 16,
                "threads_per_core": 1
              }
            ],
            "cpu_threads_per_core": 1,
            "credit_specification": [],
            "disable_api_stop": false,
            "disable_api_termination": false,
            "ebs_block_device": [],
            "ebs_optimized": false,
            "enclave_options": [
              {
                "enabled": false
              }
            ],
            "ephemeral_block_device": [],
            "get_password_data": false,
            "hibernation": false,
            "host_id": "",
            "host_resource_group_arn": null,
            "iam_instance_profile": "fuse_benchmark_20240309-063250",
            "id": "i-001d2137b8e8b1b18",
            "instance_initiated_shutdown_behavior": "stop",
            "instance_lifecycle": "",
            "instance_market_options": [],
            "instance_state": "running",
            "instance_type": "c6g.4xlarge",
            "ipv6_address_count": 0,
            "ipv6_addresses": [],
            "key_name": "",
            "launch_template": [],
            "maintenance_options": [
              {
                "auto_recovery": "default"
              }
            ],
            "metadata_options": [
              {
                "http_endpoint": "enabled",
                "http_protocol_ipv6": "disabled",
                "http_put_response_hop_limit": 1,
                "http_tokens": "optional",
                "instance_metadata_tags": "disabled"
              }
            ],
            "monitoring": false,
            "network_interface": [],
            "outpost_arn": "",
            "password_data": "",
            "placement_group": "",
            "placement_partition_number": 0,
            "primary_network_interface_id": "eni-04c873e1d992393a8",
            "private_dns": "ip-172-31-47-147.eu-north-1.compute.internal",
            "private_dns_name_options": [
              {
                "enable_resource_name_dns_a_record": false,
                "enable_resource_name_dns_aaaa_record": false,
                "hostname_type": "ip-name"
              }
            ],
            "private_ip": "172.31.47.147",
            "public_dns": "ec2-13-60-31-208.eu-north-1.compute.amazonaws.com",
            "public_ip": "13.60.31.208",
            "root_block_device": [
              {
                "delete_on_termination": true,
                "device_name": "/dev/sda1",
                "encrypted": false,
                "iops": 100,
                "kms_key_id": "",
                "tags": {
                  "Created": "2024-03-09T18:33:28Z",
                  "Creator": "kirill.bas"
                },
                "tags_all": {
                  "Created": "2024-03-09T18:33:28Z",
                  "Creator": "kirill.bas"
                },
                "throughput": 0,
                "volume_id": "vol-0569c3b9f17583977",
                "volume_size": 8,
                "volume_type": "gp2"
              }
            ],
            "secondary_private_ips": [],
            "security_groups": [
              "allow_all_traffic"
            ],
            "source_dest_check": true,
            "spot_instance_request_id": "",
            "subnet_id": "subnet-9f8882e7",
            "tags": {
              "Created": "2024-03-09T18:33:28Z",
              "Creator": "kirill.bas",
              "Name": "16-job-70-read"
            },
            "tags_all": {
              "Created": "2024-03-09T18:33:28Z",
              "Creator": "kirill.bas",
              "Name": "16-job-70-read"
            },
            "tenancy": "default",
            "timeouts": null,
            "user_data": "976a31eac845389740335a70579f4291fc55dfec",
            "user_data_base64": null,
            "user_data_replace_on_change": false,
            "volume_tags": null,
            "vpc_security_group_ids": [
              "sg-0aa945914098acd8e"
            ]
          },
          "sensitive_attributes": [],
          "private": "eyJlMmJmYjczMC1lY2FhLTExZTYtOGY4OC0zNDM2M2JjN2M0YzAiOnsiY3JlYXRlIjo2MDAwMDAwMDAwMDAsImRlbGV0ZSI6MTIwMDAwMDAwMDAwMCwicmVhZCI6OTAwMDAwMDAwMDAwLCJ1cGRhdGUiOjYwMDAwMDAwMDAwMH0sInNjaGVtYV92ZXJzaW9uIjoiMSJ9",
          "dependencies": [
            "aws_iam_instance_profile.fuse_benchmark_iam_profile",
            "aws_iam_role.fuse_benchmark_iam_role",
            "aws_s3_bucket.s3fs_buckets",
            "aws_s3_bucket.s3fs_results",
            "aws_security_group.fuse_benchmark_allow_all",
            "data.aws_region.current"
          ]
        },
        {
          "index_key": 8,
          "schema_version": 1,
          "attributes": {
            "ami": "ami-08a7297c0f05d943d",
            "arn": "arn:aws:ec2:eu-north-1:754745079939:instance/i-036dbcd91555432d6",
            "associate_public_ip_address": true,
            "availability_zone": "eu-north-1b",
            "capacity_reservation_specification": [
              {
                "capacity_reservation_preference": "open",
                "capacity_reservation_target": []
              }
            ],
            "cpu_core_count": 16,
            "cpu_options": [
              {
                "amd_sev_snp": "",
                "core_count": 16,
                "threads_per_core": 1
              }
            ],
            "cpu_threads_per_core": 1,
            "credit_specification": [],
            "disable_api_stop": false,
            "disable_api_termination": false,
            "ebs_block_device": [],
            "ebs_optimized": false,
            "enclave_options": [
              {
                "enabled": false
              }
            ],
            "ephemeral_block_device": [],
            "get_password_data": false,
            "hibernation": false,
            "host_id": "",
            "host_resource_group_arn": null,
            "iam_instance_profile": "fuse_benchmark_20240309-063250",
            "id": "i-036dbcd91555432d6",
            "instance_initiated_shutdown_behavior": "stop",
            "instance_lifecycle": "",
            "instance_market_options": [],
            "instance_state": "running",
            "instance_type": "c6g.4xlarge",
            "ipv6_address_count": 0,
            "ipv6_addresses": [],
            "key_name": "",
            "launch_template": [],
            "maintenance_options": [
              {
                "auto_recovery": "default"
              }
            ],
            "metadata_options": [
              {
                "http_endpoint": "enabled",
                "http_protocol_ipv6": "disabled",
                "http_put_response_hop_limit": 1,
                "http_tokens": "optional",
                "instance_metadata_tags": "disabled"
              }
            ],
            "monitoring": false,
            "network_interface": [],
            "outpost_arn": "",
            "password_data": "",
            "placement_group": "",
            "placement_partition_number": 0,
            "primary_network_interface_id": "eni-0c8f9d2ae55934d8e",
            "private_dns": "ip-172-31-40-164.eu-north-1.compute.internal",
            "private_dns_name_options": [
              {
                "enable_resource_name_dns_a_record": false,
                "enable_resource_name_dns_aaaa_record": false,
                "hostname_type": "ip-name"
              }
            ],
            "private_ip": "172.31.40.164",
            "public_dns": "ec2-13-51-79-106.eu-north-1.compute.amazonaws.com",
            "public_ip": "13.51.79.106",
            "root_block_device": [
              {
                "delete_on_termination": true,
                "device_name": "/dev/sda1",
                "encrypted": false,
                "iops": 100,
                "kms_key_id": "",
                "tags": {
                  "Created": "2024-03-09T18:33:52Z",
                  "Creator": "kirill.bas"
                },
                "tags_all": {
                  "Created": "2024-03-09T18:33:52Z",
                  "Creator": "kirill.bas"
                },
                "throughput": 0,
                "volume_id": "vol-044b0a83836d02ec8",
                "volume_size": 8,
                "volume_type": "gp2"
              }
            ],
            "secondary_private_ips": [],
            "security_groups": [
              "allow_all_traffic"
            ],
            "source_dest_check": true,
            "spot_instance_request_id": "",
            "subnet_id": "subnet-9f8882e7",
            "tags": {
              "Created": "2024-03-09T18:33:52Z",
              "Creator": "kirill.bas",
              "Name": "16-job-random-read"
            },
            "tags_all": {
              "Created": "2024-03-09T18:33:52Z",
              "Creator": "kirill.bas",
              "Name": "16-job-random-read"
            },
            "tenancy": "default",
            "timeouts": null,
            "user_data": "3e9f3aa5b03ba045bf0a4f4662c2515978cf3755",
            "user_data_base64": null,
            "user_data_replace_on_change": false,
            "volume_tags": null,
            "vpc_security_group_ids": [
              "sg-0aa945914098acd8e"
            ]
          },
          "sensitive_attributes": [],
          "private": "eyJlMmJmYjczMC1lY2FhLTExZTYtOGY4OC0zNDM2M2JjN2M0YzAiOnsiY3JlYXRlIjo2MDAwMDAwMDAwMDAsImRlbGV0ZSI6MTIwMDAwMDAwMDAwMCwicmVhZCI6OTAwMDAwMDAwMDAwLCJ1cGRhdGUiOjYwMDAwMDAwMDAwMH0sInNjaGVtYV92ZXJzaW9uIjoiMSJ9",
          "dependencies": [
            "aws_iam_instance_profile.fuse_benchmark_iam_profile",
            "aws_iam_role.fuse_benchmark_iam_role",
            "aws_s3_bucket.s3fs_buckets",
            "aws_s3_bucket.s3fs_results",
            "aws_security_group.fuse_benchmark_allow_all",
            "data.aws_region.current"
          ]
        },
        {
          "index_key": 9,
          "schema_version": 1,
          "attributes": {
            "ami": "ami-08a7297c0f05d943d",
            "arn": "arn:aws:ec2:eu-north-1:754745079939:instance/i-0d23c410974270d04",
            "associate_public_ip_address": true,
            "availability_zone": "eu-north-1b",
            "capacity_reservation_specification": [
              {
                "capacity_reservation_preference": "open",
                "capacity_reservation_target": []
              }
            ],
            "cpu_core_count": 16,
            "cpu_options": [
              {
                "amd_sev_snp": "",
                "core_count": 16,
                "threads_per_core": 1
              }
            ],
            "cpu_threads_per_core": 1,
            "credit_specification": [],
            "disable_api_stop": false,
            "disable_api_termination": false,
            "ebs_block_device": [],
            "ebs_optimized": false,
            "enclave_options": [
              {
                "enabled": false
              }
            ],
            "ephemeral_block_device": [],
            "get_password_data": false,
            "hibernation": false,
            "host_id": "",
            "host_resource_group_arn": null,
            "iam_instance_profile": "fuse_benchmark_20240309-063250",
            "id": "i-0d23c410974270d04",
            "instance_initiated_shutdown_behavior": "stop",
            "instance_lifecycle": "",
            "instance_market_options": [],
            "instance_state": "running",
            "instance_type": "c6g.4xlarge",
            "ipv6_address_count": 0,
            "ipv6_addresses": [],
            "key_name": "",
            "launch_template": [],
            "maintenance_options": [
              {
                "auto_recovery": "default"
              }
            ],
            "metadata_options": [
              {
                "http_endpoint": "enabled",
                "http_protocol_ipv6": "disabled",
                "http_put_response_hop_limit": 1,
                "http_tokens": "optional",
                "instance_metadata_tags": "disabled"
              }
            ],
            "monitoring": false,
            "network_interface": [],
            "outpost_arn": "",
            "password_data": "",
            "placement_group": "",
            "placement_partition_number": 0,
            "primary_network_interface_id": "eni-0c9cc24b7447b08cf",
            "private_dns": "ip-172-31-39-93.eu-north-1.compute.internal",
            "private_dns_name_options": [
              {
                "enable_resource_name_dns_a_record": false,
                "enable_resource_name_dns_aaaa_record": false,
                "hostname_type": "ip-name"
              }
            ],
            "private_ip": "172.31.39.93",
            "public_dns": "ec2-16-171-4-242.eu-north-1.compute.amazonaws.com",
            "public_ip": "16.171.4.242",
            "root_block_device": [
              {
                "delete_on_termination": true,
                "device_name": "/dev/sda1",
                "encrypted": false,
                "iops": 100,
                "kms_key_id": "",
                "tags": {
                  "Created": "2024-03-09T18:34:44Z",
                  "Creator": "kirill.bas"
                },
                "tags_all": {
                  "Created": "2024-03-09T18:34:44Z",
                  "Creator": "kirill.bas"
                },
                "throughput": 0,
                "volume_id": "vol-0f4f3bf1c836e7759",
                "volume_size": 8,
                "volume_type": "gp2"
              }
            ],
            "secondary_private_ips": [],
            "security_groups": [
              "allow_all_traffic"
            ],
            "source_dest_check": true,
            "spot_instance_request_id": "",
            "subnet_id": "subnet-9f8882e7",
            "tags": {
              "Created": "2024-03-09T18:34:44Z",
              "Creator": "kirill.bas",
              "Name": "16-job-random-write"
            },
            "tags_all": {
              "Created": "2024-03-09T18:34:44Z",
              "Creator": "kirill.bas",
              "Name": "16-job-random-write"
            },
            "tenancy": "default",
            "timeouts": null,
            "user_data": "58afbcfb7ebed1d1edbb0bc93207366c7adf4a74",
            "user_data_base64": null,
            "user_data_replace_on_change": false,
            "volume_tags": null,
            "vpc_security_group_ids": [
              "sg-0aa945914098acd8e"
            ]
          },
          "sensitive_attributes": [],
          "private": "eyJlMmJmYjczMC1lY2FhLTExZTYtOGY4OC0zNDM2M2JjN2M0YzAiOnsiY3JlYXRlIjo2MDAwMDAwMDAwMDAsImRlbGV0ZSI6MTIwMDAwMDAwMDAwMCwicmVhZCI6OTAwMDAwMDAwMDAwLCJ1cGRhdGUiOjYwMDAwMDAwMDAwMH0sInNjaGVtYV92ZXJzaW9uIjoiMSJ9",
          "dependencies": [
            "aws_iam_instance_profile.fuse_benchmark_iam_profile",
            "aws_iam_role.fuse_benchmark_iam_role",
            "aws_s3_bucket.s3fs_buckets",
            "aws_s3_bucket.s3fs_results",
            "aws_security_group.fuse_benchmark_allow_all",
            "data.aws_region.current"
          ]
        },
        {
          "index_key": 10,
          "schema_version": 1,
          "attributes": {
            "ami": "ami-08a7297c0f05d943d",
            "arn": "arn:aws:ec2:eu-north-1:754745079939:instance/i-07ebc77aec39265fd",
            "associate_public_ip_address": true,
            "availability_zone": "eu-north-1b",
            "capacity_reservation_specification": [
              {
                "capacity_reservation_preference": "open",
                "capacity_reservation_target": []
              }
            ],
            "cpu_core_count": 16,
            "cpu_options": [
              {
                "amd_sev_snp": "",
                "core_count": 16,
                "threads_per_core": 1
              }
            ],
            "cpu_threads_per_core": 1,
            "credit_specification": [],
            "disable_api_stop": false,
            "disable_api_termination": false,
            "ebs_block_device": [],
            "ebs_optimized": false,
            "enclave_options": [
              {
                "enabled": false
              }
            ],
            "ephemeral_block_device": [],
            "get_password_data": false,
            "hibernation": false,
            "host_id": "",
            "host_resource_group_arn": null,
            "iam_instance_profile": "fuse_benchmark_20240309-063250",
            "id": "i-07ebc77aec39265fd",
            "instance_initiated_shutdown_behavior": "stop",
            "instance_lifecycle": "",
            "instance_market_options": [],
            "instance_state": "running",
            "instance_type": "c6g.4xlarge",
            "ipv6_address_count": 0,
            "ipv6_addresses": [],
            "key_name": "",
            "launch_template": [],
            "maintenance_options": [
              {
                "auto_recovery": "default"
              }
            ],
            "metadata_options": [
              {
                "http_endpoint": "enabled",
                "http_protocol_ipv6": "disabled",
                "http_put_response_hop_limit": 1,
                "http_tokens": "optional",
                "instance_metadata_tags": "disabled"
              }
            ],
            "monitoring": false,
            "network_interface": [],
            "outpost_arn": "",
            "password_data": "",
            "placement_group": "",
            "placement_partition_number": 0,
            "primary_network_interface_id": "eni-0f8e84905586535e4",
            "private_dns": "ip-172-31-46-60.eu-north-1.compute.internal",
            "private_dns_name_options": [
              {
                "enable_resource_name_dns_a_record": false,
                "enable_resource_name_dns_aaaa_record": false,
                "hostname_type": "ip-name"
              }
            ],
            "private_ip": "172.31.46.60",
            "public_dns": "ec2-13-53-200-24.eu-north-1.compute.amazonaws.com",
            "public_ip": "13.53.200.24",
            "root_block_device": [
              {
                "delete_on_termination": true,
                "device_name": "/dev/sda1",
                "encrypted": false,
                "iops": 100,
                "kms_key_id": "",
                "tags": {
                  "Created": "2024-03-09T18:34:26Z",
                  "Creator": "kirill.bas"
                },
                "tags_all": {
                  "Created": "2024-03-09T18:34:26Z",
                  "Creator": "kirill.bas"
                },
                "throughput": 0,
                "volume_id": "vol-00baf1d8b257bc32c",
                "volume_size": 8,
                "volume_type": "gp2"
              }
            ],
            "secondary_private_ips": [],
            "security_groups": [
              "allow_all_traffic"
            ],
            "source_dest_check": true,
            "spot_instance_request_id": "",
            "subnet_id": "subnet-9f8882e7",
            "tags": {
              "Created": "2024-03-09T18:34:26Z",
              "Creator": "kirill.bas",
              "Name": "16-job-sequential-read"
            },
            "tags_all": {
              "Created": "2024-03-09T18:34:26Z",
              "Creator": "kirill.bas",
              "Name": "16-job-sequential-read"
            },
            "tenancy": "default",
            "timeouts": null,
            "user_data": "2fe5dda0e3161807f5cb24890e51965a7358f8a8",
            "user_data_base64": null,
            "user_data_replace_on_change": false,
            "volume_tags": null,
            "vpc_security_group_ids": [
              "sg-0aa945914098acd8e"
            ]
          },
          "sensitive_attributes": [],
          "private": "eyJlMmJmYjczMC1lY2FhLTExZTYtOGY4OC0zNDM2M2JjN2M0YzAiOnsiY3JlYXRlIjo2MDAwMDAwMDAwMDAsImRlbGV0ZSI6MTIwMDAwMDAwMDAwMCwicmVhZCI6OTAwMDAwMDAwMDAwLCJ1cGRhdGUiOjYwMDAwMDAwMDAwMH0sInNjaGVtYV92ZXJzaW9uIjoiMSJ9",
          "dependencies": [
            "aws_iam_instance_profile.fuse_benchmark_iam_profile",
            "aws_iam_role.fuse_benchmark_iam_role",
            "aws_s3_bucket.s3fs_buckets",
            "aws_s3_bucket.s3fs_results",
            "aws_security_group.fuse_benchmark_allow_all",
            "data.aws_region.current"
          ]
        },
        {
          "index_key": 11,
          "schema_version": 1,
          "attributes": {
            "ami": "ami-08a7297c0f05d943d",
            "arn": "arn:aws:ec2:eu-north-1:754745079939:instance/i-06f39b8e74bd0e5b9",
            "associate_public_ip_address": true,
            "availability_zone": "eu-north-1b",
            "capacity_reservation_specification": [
              {
                "capacity_reservation_preference": "open",
                "capacity_reservation_target": []
              }
            ],
            "cpu_core_count": 16,
            "cpu_options": [
              {
                "amd_sev_snp": "",
                "core_count": 16,
                "threads_per_core": 1
              }
            ],
            "cpu_threads_per_core": 1,
            "credit_specification": [],
            "disable_api_stop": false,
            "disable_api_termination": false,
            "ebs_block_device": [],
            "ebs_optimized": false,
            "enclave_options": [
              {
                "enabled": false
              }
            ],
            "ephemeral_block_device": [],
            "get_password_data": false,
            "hibernation": false,
            "host_id": "",
            "host_resource_group_arn": null,
            "iam_instance_profile": "fuse_benchmark_20240309-063250",
            "id": "i-06f39b8e74bd0e5b9",
            "instance_initiated_shutdown_behavior": "stop",
            "instance_lifecycle": "",
            "instance_market_options": [],
            "instance_state": "running",
            "instance_type": "c6g.4xlarge",
            "ipv6_address_count": 0,
            "ipv6_addresses": [],
            "key_name": "",
            "launch_template": [],
            "maintenance_options": [
              {
                "auto_recovery": "default"
              }
            ],
            "metadata_options": [
              {
                "http_endpoint": "enabled",
                "http_protocol_ipv6": "disabled",
                "http_put_response_hop_limit": 1,
                "http_tokens": "optional",
                "instance_metadata_tags": "disabled"
              }
            ],
            "monitoring": false,
            "network_interface": [],
            "outpost_arn": "",
            "password_data": "",
            "placement_group": "",
            "placement_partition_number": 0,
            "primary_network_interface_id": "eni-074d0214c6d2f9a52",
            "private_dns": "ip-172-31-41-172.eu-north-1.compute.internal",
            "private_dns_name_options": [
              {
                "enable_resource_name_dns_a_record": false,
                "enable_resource_name_dns_aaaa_record": false,
                "hostname_type": "ip-name"
              }
            ],
            "private_ip": "172.31.41.172",
            "public_dns": "ec2-16-170-251-234.eu-north-1.compute.amazonaws.com",
            "public_ip": "16.170.251.234",
            "root_block_device": [
              {
                "delete_on_termination": true,
                "device_name": "/dev/sda1",
                "encrypted": false,
                "iops": 100,
                "kms_key_id": "",
                "tags": {
                  "Created": "2024-03-09T18:33:29Z",
                  "Creator": "kirill.bas"
                },
                "tags_all": {
                  "Created": "2024-03-09T18:33:29Z",
                  "Creator": "kirill.bas"
                },
                "throughput": 0,
                "volume_id": "vol-03dd9a045cdd69e1d",
                "volume_size": 8,
                "volume_type": "gp2"
              }
            ],
            "secondary_private_ips": [],
            "security_groups": [
              "allow_all_traffic"
            ],
            "source_dest_check": true,
            "spot_instance_request_id": "",
            "subnet_id": "subnet-9f8882e7",
            "tags": {
              "Created": "2024-03-09T18:33:29Z",
              "Creator": "kirill.bas",
              "Name": "16-job-sequential-write"
            },
            "tags_all": {
              "Created": "2024-03-09T18:33:29Z",
              "Creator": "kirill.bas",
              "Name": "16-job-sequential-write"
            },
            "tenancy": "default",
            "timeouts": null,
            "user_data": "9503edbe84f45e3d13193e19a1fca45b1d35170b",
            "user_data_base64": null,
            "user_data_replace_on_change": false,
            "volume_tags": null,
            "vpc_security_group_ids": [
              "sg-0aa945914098acd8e"
            ]
          },
          "sensitive_attributes": [],
          "private": "eyJlMmJmYjczMC1lY2FhLTExZTYtOGY4OC0zNDM2M2JjN2M0YzAiOnsiY3JlYXRlIjo2MDAwMDAwMDAwMDAsImRlbGV0ZSI6MTIwMDAwMDAwMDAwMCwicmVhZCI6OTAwMDAwMDAwMDAwLCJ1cGRhdGUiOjYwMDAwMDAwMDAwMH0sInNjaGVtYV92ZXJzaW9uIjoiMSJ9",
          "dependencies": [
            "aws_iam_instance_profile.fuse_benchmark_iam_profile",
            "aws_iam_role.fuse_benchmark_iam_role",
            "aws_s3_bucket.s3fs_buckets",
            "aws_s3_bucket.s3fs_results",
            "aws_security_group.fuse_benchmark_allow_all",
            "data.aws_region.current"
          ]
        }
      ]
    },
    {
      "mode": "managed",
      "type": "aws_instance",
      "name": "s3fs_1m",
      "provider": "provider[\"registry.terraform.io/hashicorp/aws\"]",
      "instances": [
        {
          "index_key": 0,
          "schema_version": 1,
          "attributes": {
            "ami": "ami-08a7297c0f05d943d",
            "arn": "arn:aws:ec2:eu-north-1:754745079939:instance/i-0216bd4d7a49bdbd3",
            "associate_public_ip_address": true,
            "availability_zone": "eu-north-1b",
            "capacity_reservation_specification": [
              {
                "capacity_reservation_preference": "open",
                "capacity_reservation_target": []
              }
            ],
            "cpu_core_count": 16,
            "cpu_options": [
              {
                "amd_sev_snp": "",
                "core_count": 16,
                "threads_per_core": 1
              }
            ],
            "cpu_threads_per_core": 1,
            "credit_specification": [],
            "disable_api_stop": false,
            "disable_api_termination": false,
            "ebs_block_device": [],
            "ebs_optimized": false,
            "enclave_options": [
              {
                "enabled": false
              }
            ],
            "ephemeral_block_device": [],
            "get_password_data": false,
            "hibernation": false,
            "host_id": "",
            "host_resource_group_arn": null,
            "iam_instance_profile": "fuse_benchmark_20240309-063250",
            "id": "i-0216bd4d7a49bdbd3",
            "instance_initiated_shutdown_behavior": "stop",
            "instance_lifecycle": "",
            "instance_market_options": [],
            "instance_state": "running",
            "instance_type": "c6g.4xlarge",
            "ipv6_address_count": 0,
            "ipv6_addresses": [],
            "key_name": "",
            "launch_template": [],
            "maintenance_options": [
              {
                "auto_recovery": "default"
              }
            ],
            "metadata_options": [
              {
                "http_endpoint": "enabled",
                "http_protocol_ipv6": "disabled",
                "http_put_response_hop_limit": 1,
                "http_tokens": "optional",
                "instance_metadata_tags": "disabled"
              }
            ],
            "monitoring": false,
            "network_interface": [],
            "outpost_arn": "",
            "password_data": "",
            "placement_group": "",
            "placement_partition_number": 0,
            "primary_network_interface_id": "eni-03d6de5e13629c3a7",
            "private_dns": "ip-172-31-35-148.eu-north-1.compute.internal",
            "private_dns_name_options": [
              {
                "enable_resource_name_dns_a_record": false,
                "enable_resource_name_dns_aaaa_record": false,
                "hostname_type": "ip-name"
              }
            ],
            "private_ip": "172.31.35.148",
            "public_dns": "ec2-16-171-146-241.eu-north-1.compute.amazonaws.com",
            "public_ip": "16.171.146.241",
            "root_block_device": [
              {
                "delete_on_termination": true,
                "device_name": "/dev/sda1",
                "encrypted": false,
                "iops": 100,
                "kms_key_id": "",
                "tags": {
                  "Created": "2024-03-09T18:33:54Z",
                  "Creator": "kirill.bas"
                },
                "tags_all": {
                  "Created": "2024-03-09T18:33:54Z",
                  "Creator": "kirill.bas"
                },
                "throughput": 0,
                "volume_id": "vol-0db0c4982036294c2",
                "volume_size": 8,
                "volume_type": "gp2"
              }
            ],
            "secondary_private_ips": [],
            "security_groups": [
              "allow_all_traffic"
            ],
            "source_dest_check": true,
            "spot_instance_request_id": "",
            "subnet_id": "subnet-9f8882e7",
            "tags": {
              "Created": "2024-03-09T18:33:54Z",
              "Creator": "kirill.bas",
              "Name": "1-job-30-write"
            },
            "tags_all": {
              "Created": "2024-03-09T18:33:54Z",
              "Creator": "kirill.bas",
              "Name": "1-job-30-write"
            },
            "tenancy": "default",
            "timeouts": null,
            "user_data": "597d351caafea888f9fc64933c15ce6016e0edf7",
            "user_data_base64": null,
            "user_data_replace_on_change": false,
            "volume_tags": null,
            "vpc_security_group_ids": [
              "sg-0aa945914098acd8e"
            ]
          },
          "sensitive_attributes": [],
          "private": "eyJlMmJmYjczMC1lY2FhLTExZTYtOGY4OC0zNDM2M2JjN2M0YzAiOnsiY3JlYXRlIjo2MDAwMDAwMDAwMDAsImRlbGV0ZSI6MTIwMDAwMDAwMDAwMCwicmVhZCI6OTAwMDAwMDAwMDAwLCJ1cGRhdGUiOjYwMDAwMDAwMDAwMH0sInNjaGVtYV92ZXJzaW9uIjoiMSJ9",
          "dependencies": [
            "aws_iam_instance_profile.fuse_benchmark_iam_profile",
            "aws_iam_role.fuse_benchmark_iam_role",
            "aws_s3_bucket.s3fs_buckets",
            "aws_s3_bucket.s3fs_results",
            "aws_security_group.fuse_benchmark_allow_all",
            "data.aws_region.current"
          ]
        },
        {
          "index_key": 1,
          "schema_version": 1,
          "attributes": {
            "ami": "ami-08a7297c0f05d943d",
            "arn": "arn:aws:ec2:eu-north-1:754745079939:instance/i-029c447ee571aa816",
            "associate_public_ip_address": true,
            "availability_zone": "eu-north-1b",
            "capacity_reservation_specification": [
              {
                "capacity_reservation_preference": "open",
                "capacity_reservation_target": []
              }
            ],
            "cpu_core_count": 16,
            "cpu_options": [
              {
                "amd_sev_snp": "",
                "core_count": 16,
                "threads_per_core": 1
              }
            ],
            "cpu_threads_per_core": 1,
            "credit_specification": [],
            "disable_api_stop": false,
            "disable_api_termination": false,
            "ebs_block_device": [],
            "ebs_optimized": false,
            "enclave_options": [
              {
                "enabled": false
              }
            ],
            "ephemeral_block_device": [],
            "get_password_data": false,
            "hibernation": false,
            "host_id": "",
            "host_resource_group_arn": null,
            "iam_instance_profile": "fuse_benchmark_20240309-063250",
            "id": "i-029c447ee571aa816",
            "instance_initiated_shutdown_behavior": "stop",
            "instance_lifecycle": "",
            "instance_market_options": [],
            "instance_state": "running",
            "instance_type": "c6g.4xlarge",
            "ipv6_address_count": 0,
            "ipv6_addresses": [],
            "key_name": "",
            "launch_template": [],
            "maintenance_options": [
              {
                "auto_recovery": "default"
              }
            ],
            "metadata_options": [
              {
                "http_endpoint": "enabled",
                "http_protocol_ipv6": "disabled",
                "http_put_response_hop_limit": 1,
                "http_tokens": "optional",
                "instance_metadata_tags": "disabled"
              }
            ],
            "monitoring": false,
            "network_interface": [],
            "outpost_arn": "",
            "password_data": "",
            "placement_group": "",
            "placement_partition_number": 0,
            "primary_network_interface_id": "eni-099cad0e936785527",
            "private_dns": "ip-172-31-35-7.eu-north-1.compute.internal",
            "private_dns_name_options": [
              {
                "enable_resource_name_dns_a_record": false,
                "enable_resource_name_dns_aaaa_record": false,
                "hostname_type": "ip-name"
              }
            ],
            "private_ip": "172.31.35.7",
            "public_dns": "ec2-16-171-30-166.eu-north-1.compute.amazonaws.com",
            "public_ip": "16.171.30.166",
            "root_block_device": [
              {
                "delete_on_termination": true,
                "device_name": "/dev/sda1",
                "encrypted": false,
                "iops": 100,
                "kms_key_id": "",
                "tags": {
                  "Created": "2024-03-09T18:34:14Z",
                  "Creator": "kirill.bas"
                },
                "tags_all": {
                  "Created": "2024-03-09T18:34:14Z",
                  "Creator": "kirill.bas"
                },
                "throughput": 0,
                "volume_id": "vol-052b99a1efd2f904d",
                "volume_size": 8,
                "volume_type": "gp2"
              }
            ],
            "secondary_private_ips": [],
            "security_groups": [
              "allow_all_traffic"
            ],
            "source_dest_check": true,
            "spot_instance_request_id": "",
            "subnet_id": "subnet-9f8882e7",
            "tags": {
              "Created": "2024-03-09T18:34:14Z",
              "Creator": "kirill.bas",
              "Name": "1-job-70-read"
            },
            "tags_all": {
              "Created": "2024-03-09T18:34:14Z",
              "Creator": "kirill.bas",
              "Name": "1-job-70-read"
            },
            "tenancy": "default",
            "timeouts": null,
            "user_data": "b0f1592b7c53e3539ffda5f8467da3f217ee4a28",
            "user_data_base64": null,
            "user_data_replace_on_change": false,
            "volume_tags": null,
            "vpc_security_group_ids": [
              "sg-0aa945914098acd8e"
            ]
          },
          "sensitive_attributes": [],
          "private": "eyJlMmJmYjczMC1lY2FhLTExZTYtOGY4OC0zNDM2M2JjN2M0YzAiOnsiY3JlYXRlIjo2MDAwMDAwMDAwMDAsImRlbGV0ZSI6MTIwMDAwMDAwMDAwMCwicmVhZCI6OTAwMDAwMDAwMDAwLCJ1cGRhdGUiOjYwMDAwMDAwMDAwMH0sInNjaGVtYV92ZXJzaW9uIjoiMSJ9",
          "dependencies": [
            "aws_iam_instance_profile.fuse_benchmark_iam_profile",
            "aws_iam_role.fuse_benchmark_iam_role",
            "aws_s3_bucket.s3fs_buckets",
            "aws_s3_bucket.s3fs_results",
            "aws_security_group.fuse_benchmark_allow_all",
            "data.aws_region.current"
          ]
        },
        {
          "index_key": 3,
          "schema_version": 1,
          "attributes": {
            "ami": "ami-08a7297c0f05d943d",
            "arn": "arn:aws:ec2:eu-north-1:754745079939:instance/i-05f5611a413c24866",
            "associate_public_ip_address": true,
            "availability_zone": "eu-north-1b",
            "capacity_reservation_specification": [
              {
                "capacity_reservation_preference": "open",
                "capacity_reservation_target": []
              }
            ],
            "cpu_core_count": 16,
            "cpu_options": [
              {
                "amd_sev_snp": "",
                "core_count": 16,
                "threads_per_core": 1
              }
            ],
            "cpu_threads_per_core": 1,
            "credit_specification": [],
            "disable_api_stop": false,
            "disable_api_termination": false,
            "ebs_block_device": [],
            "ebs_optimized": false,
            "enclave_options": [
              {
                "enabled": false
              }
            ],
            "ephemeral_block_device": [],
            "get_password_data": false,
            "hibernation": false,
            "host_id": "",
            "host_resource_group_arn": null,
            "iam_instance_profile": "fuse_benchmark_20240309-063250",
            "id": "i-05f5611a413c24866",
            "instance_initiated_shutdown_behavior": "stop",
            "instance_lifecycle": "",
            "instance_market_options": [],
            "instance_state": "running",
            "instance_type": "c6g.4xlarge",
            "ipv6_address_count": 0,
            "ipv6_addresses": [],
            "key_name": "",
            "launch_template": [],
            "maintenance_options": [
              {
                "auto_recovery": "default"
              }
            ],
            "metadata_options": [
              {
                "http_endpoint": "enabled",
                "http_protocol_ipv6": "disabled",
                "http_put_response_hop_limit": 1,
                "http_tokens": "optional",
                "instance_metadata_tags": "disabled"
              }
            ],
            "monitoring": false,
            "network_interface": [],
            "outpost_arn": "",
            "password_data": "",
            "placement_group": "",
            "placement_partition_number": 0,
            "primary_network_interface_id": "eni-0773fde11238a8ee9",
            "private_dns": "ip-172-31-42-60.eu-north-1.compute.internal",
            "private_dns_name_options": [
              {
                "enable_resource_name_dns_a_record": false,
                "enable_resource_name_dns_aaaa_record": false,
                "hostname_type": "ip-name"
              }
            ],
            "private_ip": "172.31.42.60",
            "public_dns": "ec2-16-171-160-222.eu-north-1.compute.amazonaws.com",
            "public_ip": "16.171.160.222",
            "root_block_device": [
              {
                "delete_on_termination": true,
                "device_name": "/dev/sda1",
                "encrypted": false,
                "iops": 100,
                "kms_key_id": "",
                "tags": {
                  "Created": "2024-03-09T18:33:13Z",
                  "Creator": "kirill.bas"
                },
                "tags_all": {
                  "Created": "2024-03-09T18:33:13Z",
                  "Creator": "kirill.bas"
                },
                "throughput": 0,
                "volume_id": "vol-01780e23b1569c2f1",
                "volume_size": 8,
                "volume_type": "gp2"
              }
            ],
            "secondary_private_ips": [],
            "security_groups": [
              "allow_all_traffic"
            ],
            "source_dest_check": true,
            "spot_instance_request_id": "",
            "subnet_id": "subnet-9f8882e7",
            "tags": {
              "Created": "2024-03-09T18:33:13Z",
              "Creator": "kirill.bas",
              "Name": "1-job-random-write"
            },
            "tags_all": {
              "Created": "2024-03-09T18:33:13Z",
              "Creator": "kirill.bas",
              "Name": "1-job-random-write"
            },
            "tenancy": "default",
            "timeouts": null,
            "user_data": "7325a36a51e11d8275a809b846f677187aff1f53",
            "user_data_base64": null,
            "user_data_replace_on_change": false,
            "volume_tags": null,
            "vpc_security_group_ids": [
              "sg-0aa945914098acd8e"
            ]
          },
          "sensitive_attributes": [],
          "private": "eyJlMmJmYjczMC1lY2FhLTExZTYtOGY4OC0zNDM2M2JjN2M0YzAiOnsiY3JlYXRlIjo2MDAwMDAwMDAwMDAsImRlbGV0ZSI6MTIwMDAwMDAwMDAwMCwicmVhZCI6OTAwMDAwMDAwMDAwLCJ1cGRhdGUiOjYwMDAwMDAwMDAwMH0sInNjaGVtYV92ZXJzaW9uIjoiMSJ9",
          "dependencies": [
            "aws_iam_instance_profile.fuse_benchmark_iam_profile",
            "aws_iam_role.fuse_benchmark_iam_role",
            "aws_s3_bucket.s3fs_buckets",
            "aws_s3_bucket.s3fs_results",
            "aws_security_group.fuse_benchmark_allow_all",
            "data.aws_region.current"
          ]
        },
        {
          "index_key": 4,
          "schema_version": 1,
          "attributes": {
            "ami": "ami-08a7297c0f05d943d",
            "arn": "arn:aws:ec2:eu-north-1:754745079939:instance/i-0c4b3a90438e96882",
            "associate_public_ip_address": true,
            "availability_zone": "eu-north-1b",
            "capacity_reservation_specification": [
              {
                "capacity_reservation_preference": "open",
                "capacity_reservation_target": []
              }
            ],
            "cpu_core_count": 16,
            "cpu_options": [
              {
                "amd_sev_snp": "",
                "core_count": 16,
                "threads_per_core": 1
              }
            ],
            "cpu_threads_per_core": 1,
            "credit_specification": [],
            "disable_api_stop": false,
            "disable_api_termination": false,
            "ebs_block_device": [],
            "ebs_optimized": false,
            "enclave_options": [
              {
                "enabled": false
              }
            ],
            "ephemeral_block_device": [],
            "get_password_data": false,
            "hibernation": false,
            "host_id": "",
            "host_resource_group_arn": null,
            "iam_instance_profile": "fuse_benchmark_20240309-063250",
            "id": "i-0c4b3a90438e96882",
            "instance_initiated_shutdown_behavior": "stop",
            "instance_lifecycle": "",
            "instance_market_options": [],
            "instance_state": "running",
            "instance_type": "c6g.4xlarge",
            "ipv6_address_count": 0,
            "ipv6_addresses": [],
            "key_name": "",
            "launch_template": [],
            "maintenance_options": [
              {
                "auto_recovery": "default"
              }
            ],
            "metadata_options": [
              {
                "http_endpoint": "enabled",
                "http_protocol_ipv6": "disabled",
                "http_put_response_hop_limit": 1,
                "http_tokens": "optional",
                "instance_metadata_tags": "disabled"
              }
            ],
            "monitoring": false,
            "network_interface": [],
            "outpost_arn": "",
            "password_data": "",
            "placement_group": "",
            "placement_partition_number": 0,
            "primary_network_interface_id": "eni-0beaa4757094389f7",
            "private_dns": "ip-172-31-43-148.eu-north-1.compute.internal",
            "private_dns_name_options": [
              {
                "enable_resource_name_dns_a_record": false,
                "enable_resource_name_dns_aaaa_record": false,
                "hostname_type": "ip-name"
              }
            ],
            "private_ip": "172.31.43.148",
            "public_dns": "ec2-13-60-49-122.eu-north-1.compute.amazonaws.com",
            "public_ip": "13.60.49.122",
            "root_block_device": [
              {
                "delete_on_termination": true,
                "device_name": "/dev/sda1",
                "encrypted": false,
                "iops": 100,
                "kms_key_id": "",
                "tags": {
                  "Created": "2024-03-09T18:33:39Z",
                  "Creator": "kirill.bas"
                },
                "tags_all": {
                  "Created": "2024-03-09T18:33:39Z",
                  "Creator": "kirill.bas"
                },
                "throughput": 0,
                "volume_id": "vol-0baf9fc0405e6cb80",
                "volume_size": 8,
                "volume_type": "gp2"
              }
            ],
            "secondary_private_ips": [],
            "security_groups": [
              "allow_all_traffic"
            ],
            "source_dest_check": true,
            "spot_instance_request_id": "",
            "subnet_id": "subnet-9f8882e7",
            "tags": {
              "Created": "2024-03-09T18:33:39Z",
              "Creator": "kirill.bas",
              "Name": "1-job-sequential-read"
            },
            "tags_all": {
              "Created": "2024-03-09T18:33:39Z",
              "Creator": "kirill.bas",
              "Name": "1-job-sequential-read"
            },
            "tenancy": "default",
            "timeouts": null,
            "user_data": "273dabc97db7d1ac228ab3b1e52d0f52ecf7892e",
            "user_data_base64": null,
            "user_data_replace_on_change": false,
            "volume_tags": null,
            "vpc_security_group_ids": [
              "sg-0aa945914098acd8e"
            ]
          },
          "sensitive_attributes": [],
          "private": "eyJlMmJmYjczMC1lY2FhLTExZTYtOGY4OC0zNDM2M2JjN2M0YzAiOnsiY3JlYXRlIjo2MDAwMDAwMDAwMDAsImRlbGV0ZSI6MTIwMDAwMDAwMDAwMCwicmVhZCI6OTAwMDAwMDAwMDAwLCJ1cGRhdGUiOjYwMDAwMDAwMDAwMH0sInNjaGVtYV92ZXJzaW9uIjoiMSJ9",
          "dependencies": [
            "aws_iam_instance_profile.fuse_benchmark_iam_profile",
            "aws_iam_role.fuse_benchmark_iam_role",
            "aws_s3_bucket.s3fs_buckets",
            "aws_s3_bucket.s3fs_results",
            "aws_security_group.fuse_benchmark_allow_all",
            "data.aws_region.current"
          ]
        },
        {
          "index_key": 5,
          "schema_version": 1,
          "attributes": {
            "ami": "ami-08a7297c0f05d943d",
            "arn": "arn:aws:ec2:eu-north-1:754745079939:instance/i-05ce43d359eebfc2c",
            "associate_public_ip_address": true,
            "availability_zone": "eu-north-1b",
            "capacity_reservation_specification": [
              {
                "capacity_reservation_preference": "open",
                "capacity_reservation_target": []
              }
            ],
            "cpu_core_count": 16,
            "cpu_options": [
              {
                "amd_sev_snp": "",
                "core_count": 16,
                "threads_per_core": 1
              }
            ],
            "cpu_threads_per_core": 1,
            "credit_specification": [],
            "disable_api_stop": false,
            "disable_api_termination": false,
            "ebs_block_device": [],
            "ebs_optimized": false,
            "enclave_options": [
              {
                "enabled": false
              }
            ],
            "ephemeral_block_device": [],
            "get_password_data": false,
            "hibernation": false,
            "host_id": "",
            "host_resource_group_arn": null,
            "iam_instance_profile": "fuse_benchmark_20240309-063250",
            "id": "i-05ce43d359eebfc2c",
            "instance_initiated_shutdown_behavior": "stop",
            "instance_lifecycle": "",
            "instance_market_options": [],
            "instance_state": "running",
            "instance_type": "c6g.4xlarge",
            "ipv6_address_count": 0,
            "ipv6_addresses": [],
            "key_name": "",
            "launch_template": [],
            "maintenance_options": [
              {
                "auto_recovery": "default"
              }
            ],
            "metadata_options": [
              {
                "http_endpoint": "enabled",
                "http_protocol_ipv6": "disabled",
                "http_put_response_hop_limit": 1,
                "http_tokens": "optional",
                "instance_metadata_tags": "disabled"
              }
            ],
            "monitoring": false,
            "network_interface": [],
            "outpost_arn": "",
            "password_data": "",
            "placement_group": "",
            "placement_partition_number": 0,
            "primary_network_interface_id": "eni-08230a06a19312d77",
            "private_dns": "ip-172-31-40-48.eu-north-1.compute.internal",
            "private_dns_name_options": [
              {
                "enable_resource_name_dns_a_record": false,
                "enable_resource_name_dns_aaaa_record": false,
                "hostname_type": "ip-name"
              }
            ],
            "private_ip": "172.31.40.48",
            "public_dns": "ec2-13-60-34-82.eu-north-1.compute.amazonaws.com",
            "public_ip": "13.60.34.82",
            "root_block_device": [
              {
                "delete_on_termination": true,
                "device_name": "/dev/sda1",
                "encrypted": false,
                "iops": 100,
                "kms_key_id": "",
                "tags": {
                  "Created": "2024-03-09T18:33:40Z",
                  "Creator": "kirill.bas"
                },
                "tags_all": {
                  "Created": "2024-03-09T18:33:40Z",
                  "Creator": "kirill.bas"
                },
                "throughput": 0,
                "volume_id": "vol-0038609ee2e5bffd9",
                "volume_size": 8,
                "volume_type": "gp2"
              }
            ],
            "secondary_private_ips": [],
            "security_groups": [
              "allow_all_traffic"
            ],
            "source_dest_check": true,
            "spot_instance_request_id": "",
            "subnet_id": "subnet-9f8882e7",
            "tags": {
              "Created": "2024-03-09T18:33:40Z",
              "Creator": "kirill.bas",
              "Name": "1-job-sequential-write"
            },
            "tags_all": {
              "Created": "2024-03-09T18:33:40Z",
              "Creator": "kirill.bas",
              "Name": "1-job-sequential-write"
            },
            "tenancy": "default",
            "timeouts": null,
            "user_data": "30a13c97a0da933e4bc36adb7bea64878c418206",
            "user_data_base64": null,
            "user_data_replace_on_change": false,
            "volume_tags": null,
            "vpc_security_group_ids": [
              "sg-0aa945914098acd8e"
            ]
          },
          "sensitive_attributes": [],
          "private": "eyJlMmJmYjczMC1lY2FhLTExZTYtOGY4OC0zNDM2M2JjN2M0YzAiOnsiY3JlYXRlIjo2MDAwMDAwMDAwMDAsImRlbGV0ZSI6MTIwMDAwMDAwMDAwMCwicmVhZCI6OTAwMDAwMDAwMDAwLCJ1cGRhdGUiOjYwMDAwMDAwMDAwMH0sInNjaGVtYV92ZXJzaW9uIjoiMSJ9",
          "dependencies": [
            "aws_iam_instance_profile.fuse_benchmark_iam_profile",
            "aws_iam_role.fuse_benchmark_iam_role",
            "aws_s3_bucket.s3fs_buckets",
            "aws_s3_bucket.s3fs_results",
            "aws_security_group.fuse_benchmark_allow_all",
            "data.aws_region.current"
          ]
        },
        {
          "index_key": 6,
          "schema_version": 1,
          "attributes": {
            "ami": "ami-08a7297c0f05d943d",
            "arn": "arn:aws:ec2:eu-north-1:754745079939:instance/i-0d08aa7c211d8b088",
            "associate_public_ip_address": true,
            "availability_zone": "eu-north-1b",
            "capacity_reservation_specification": [
              {
                "capacity_reservation_preference": "open",
                "capacity_reservation_target": []
              }
            ],
            "cpu_core_count": 16,
            "cpu_options": [
              {
                "amd_sev_snp": "",
                "core_count": 16,
                "threads_per_core": 1
              }
            ],
            "cpu_threads_per_core": 1,
            "credit_specification": [],
            "disable_api_stop": false,
            "disable_api_termination": false,
            "ebs_block_device": [],
            "ebs_optimized": false,
            "enclave_options": [
              {
                "enabled": false
              }
            ],
            "ephemeral_block_device": [],
            "get_password_data": false,
            "hibernation": false,
            "host_id": "",
            "host_resource_group_arn": null,
            "iam_instance_profile": "fuse_benchmark_20240309-063250",
            "id": "i-0d08aa7c211d8b088",
            "instance_initiated_shutdown_behavior": "stop",
            "instance_lifecycle": "",
            "instance_market_options": [],
            "instance_state": "running",
            "instance_type": "c6g.4xlarge",
            "ipv6_address_count": 0,
            "ipv6_addresses": [],
            "key_name": "",
            "launch_template": [],
            "maintenance_options": [
              {
                "auto_recovery": "default"
              }
            ],
            "metadata_options": [
              {
                "http_endpoint": "enabled",
                "http_protocol_ipv6": "disabled",
                "http_put_response_hop_limit": 1,
                "http_tokens": "optional",
                "instance_metadata_tags": "disabled"
              }
            ],
            "monitoring": false,
            "network_interface": [],
            "outpost_arn": "",
            "password_data": "",
            "placement_group": "",
            "placement_partition_number": 0,
            "primary_network_interface_id": "eni-06e4f8844e334ff43",
            "private_dns": "ip-172-31-43-91.eu-north-1.compute.internal",
            "private_dns_name_options": [
              {
                "enable_resource_name_dns_a_record": false,
                "enable_resource_name_dns_aaaa_record": false,
                "hostname_type": "ip-name"
              }
            ],
            "private_ip": "172.31.43.91",
            "public_dns": "ec2-13-51-168-184.eu-north-1.compute.amazonaws.com",
            "public_ip": "13.51.168.184",
            "root_block_device": [
              {
                "delete_on_termination": true,
                "device_name": "/dev/sda1",
                "encrypted": false,
                "iops": 100,
                "kms_key_id": "",
                "tags": {
                  "Created": "2024-03-09T18:33:24Z",
                  "Creator": "kirill.bas"
                },
                "tags_all": {
                  "Created": "2024-03-09T18:33:24Z",
                  "Creator": "kirill.bas"
                },
                "throughput": 0,
                "volume_id": "vol-09f4737881eb1a00f",
                "volume_size": 8,
                "volume_type": "gp2"
              }
            ],
            "secondary_private_ips": [],
            "security_groups": [
              "allow_all_traffic"
            ],
            "source_dest_check": true,
            "spot_instance_request_id": "",
            "subnet_id": "subnet-9f8882e7",
            "tags": {
              "Created": "2024-03-09T18:33:24Z",
              "Creator": "kirill.bas",
              "Name": "16-job-30-write"
            },
            "tags_all": {
              "Created": "2024-03-09T18:33:24Z",
              "Creator": "kirill.bas",
              "Name": "16-job-30-write"
            },
            "tenancy": "default",
            "timeouts": null,
            "user_data": "0894b6ac23d1d4732593b932c635c09bd3fb52af",
            "user_data_base64": null,
            "user_data_replace_on_change": false,
            "volume_tags": null,
            "vpc_security_group_ids": [
              "sg-0aa945914098acd8e"
            ]
          },
          "sensitive_attributes": [],
          "private": "eyJlMmJmYjczMC1lY2FhLTExZTYtOGY4OC0zNDM2M2JjN2M0YzAiOnsiY3JlYXRlIjo2MDAwMDAwMDAwMDAsImRlbGV0ZSI6MTIwMDAwMDAwMDAwMCwicmVhZCI6OTAwMDAwMDAwMDAwLCJ1cGRhdGUiOjYwMDAwMDAwMDAwMH0sInNjaGVtYV92ZXJzaW9uIjoiMSJ9",
          "dependencies": [
            "aws_iam_instance_profile.fuse_benchmark_iam_profile",
            "aws_iam_role.fuse_benchmark_iam_role",
            "aws_s3_bucket.s3fs_buckets",
            "aws_s3_bucket.s3fs_results",
            "aws_security_group.fuse_benchmark_allow_all",
            "data.aws_region.current"
          ]
        },
        {
          "index_key": 7,
          "schema_version": 1,
          "attributes": {
            "ami": "ami-08a7297c0f05d943d",
            "arn": "arn:aws:ec2:eu-north-1:754745079939:instance/i-04f47c27d824a9c10",
            "associate_public_ip_address": true,
            "availability_zone": "eu-north-1b",
            "capacity_reservation_specification": [
              {
                "capacity_reservation_preference": "open",
                "capacity_reservation_target": []
              }
            ],
            "cpu_core_count": 16,
            "cpu_options": [
              {
                "amd_sev_snp": "",
                "core_count": 16,
                "threads_per_core": 1
              }
            ],
            "cpu_threads_per_core": 1,
            "credit_specification": [],
            "disable_api_stop": false,
            "disable_api_termination": false,
            "ebs_block_device": [],
            "ebs_optimized": false,
            "enclave_options": [
              {
                "enabled": false
              }
            ],
            "ephemeral_block_device": [],
            "get_password_data": false,
            "hibernation": false,
            "host_id": "",
            "host_resource_group_arn": null,
            "iam_instance_profile": "fuse_benchmark_20240309-063250",
            "id": "i-04f47c27d824a9c10",
            "instance_initiated_shutdown_behavior": "stop",
            "instance_lifecycle": "",
            "instance_market_options": [],
            "instance_state": "running",
            "instance_type": "c6g.4xlarge",
            "ipv6_address_count": 0,
            "ipv6_addresses": [],
            "key_name": "",
            "launch_template": [],
            "maintenance_options": [
              {
                "auto_recovery": "default"
              }
            ],
            "metadata_options": [
              {
                "http_endpoint": "enabled",
                "http_protocol_ipv6": "disabled",
                "http_put_response_hop_limit": 1,
                "http_tokens": "optional",
                "instance_metadata_tags": "disabled"
              }
            ],
            "monitoring": false,
            "network_interface": [],
            "outpost_arn": "",
            "password_data": "",
            "placement_group": "",
            "placement_partition_number": 0,
            "primary_network_interface_id": "eni-0abd426f20cbec99e",
            "private_dns": "ip-172-31-46-148.eu-north-1.compute.internal",
            "private_dns_name_options": [
              {
                "enable_resource_name_dns_a_record": false,
                "enable_resource_name_dns_aaaa_record": false,
                "hostname_type": "ip-name"
              }
            ],
            "private_ip": "172.31.46.148",
            "public_dns": "ec2-16-171-2-217.eu-north-1.compute.amazonaws.com",
            "public_ip": "16.171.2.217",
            "root_block_device": [
              {
                "delete_on_termination": true,
                "device_name": "/dev/sda1",
                "encrypted": false,
                "iops": 100,
                "kms_key_id": "",
                "tags": {
                  "Created": "2024-03-09T18:34:41Z",
                  "Creator": "kirill.bas"
                },
                "tags_all": {
                  "Created": "2024-03-09T18:34:41Z",
                  "Creator": "kirill.bas"
                },
                "throughput": 0,
                "volume_id": "vol-08314233dfba9369d",
                "volume_size": 8,
                "volume_type": "gp2"
              }
            ],
            "secondary_private_ips": [],
            "security_groups": [
              "allow_all_traffic"
            ],
            "source_dest_check": true,
            "spot_instance_request_id": "",
            "subnet_id": "subnet-9f8882e7",
            "tags": {
              "Created": "2024-03-09T18:34:41Z",
              "Creator": "kirill.bas",
              "Name": "16-job-70-read"
            },
            "tags_all": {
              "Created": "2024-03-09T18:34:41Z",
              "Creator": "kirill.bas",
              "Name": "16-job-70-read"
            },
            "tenancy": "default",
            "timeouts": null,
            "user_data": "68c0a82b02c9aa0326c717d189334f2845027adc",
            "user_data_base64": null,
            "user_data_replace_on_change": false,
            "volume_tags": null,
            "vpc_security_group_ids": [
              "sg-0aa945914098acd8e"
            ]
          },
          "sensitive_attributes": [],
          "private": "eyJlMmJmYjczMC1lY2FhLTExZTYtOGY4OC0zNDM2M2JjN2M0YzAiOnsiY3JlYXRlIjo2MDAwMDAwMDAwMDAsImRlbGV0ZSI6MTIwMDAwMDAwMDAwMCwicmVhZCI6OTAwMDAwMDAwMDAwLCJ1cGRhdGUiOjYwMDAwMDAwMDAwMH0sInNjaGVtYV92ZXJzaW9uIjoiMSJ9",
          "dependencies": [
            "aws_iam_instance_profile.fuse_benchmark_iam_profile",
            "aws_iam_role.fuse_benchmark_iam_role",
            "aws_s3_bucket.s3fs_buckets",
            "aws_s3_bucket.s3fs_results",
            "aws_security_group.fuse_benchmark_allow_all",
            "data.aws_region.current"
          ]
        },
        {
          "index_key": 8,
          "schema_version": 1,
          "attributes": {
            "ami": "ami-08a7297c0f05d943d",
            "arn": "arn:aws:ec2:eu-north-1:754745079939:instance/i-0526f3f7f46674d0e",
            "associate_public_ip_address": true,
            "availability_zone": "eu-north-1b",
            "capacity_reservation_specification": [
              {
                "capacity_reservation_preference": "open",
                "capacity_reservation_target": []
              }
            ],
            "cpu_core_count": 16,
            "cpu_options": [
              {
                "amd_sev_snp": "",
                "core_count": 16,
                "threads_per_core": 1
              }
            ],
            "cpu_threads_per_core": 1,
            "credit_specification": [],
            "disable_api_stop": false,
            "disable_api_termination": false,
            "ebs_block_device": [],
            "ebs_optimized": false,
            "enclave_options": [
              {
                "enabled": false
              }
            ],
            "ephemeral_block_device": [],
            "get_password_data": false,
            "hibernation": false,
            "host_id": "",
            "host_resource_group_arn": null,
            "iam_instance_profile": "fuse_benchmark_20240309-063250",
            "id": "i-0526f3f7f46674d0e",
            "instance_initiated_shutdown_behavior": "stop",
            "instance_lifecycle": "",
            "instance_market_options": [],
            "instance_state": "running",
            "instance_type": "c6g.4xlarge",
            "ipv6_address_count": 0,
            "ipv6_addresses": [],
            "key_name": "",
            "launch_template": [],
            "maintenance_options": [
              {
                "auto_recovery": "default"
              }
            ],
            "metadata_options": [
              {
                "http_endpoint": "enabled",
                "http_protocol_ipv6": "disabled",
                "http_put_response_hop_limit": 1,
                "http_tokens": "optional",
                "instance_metadata_tags": "disabled"
              }
            ],
            "monitoring": false,
            "network_interface": [],
            "outpost_arn": "",
            "password_data": "",
            "placement_group": "",
            "placement_partition_number": 0,
            "primary_network_interface_id": "eni-03d8249ab870fec4a",
            "private_dns": "ip-172-31-40-101.eu-north-1.compute.internal",
            "private_dns_name_options": [
              {
                "enable_resource_name_dns_a_record": false,
                "enable_resource_name_dns_aaaa_record": false,
                "hostname_type": "ip-name"
              }
            ],
            "private_ip": "172.31.40.101",
            "public_dns": "ec2-51-20-53-64.eu-north-1.compute.amazonaws.com",
            "public_ip": "51.20.53.64",
            "root_block_device": [
              {
                "delete_on_termination": true,
                "device_name": "/dev/sda1",
                "encrypted": false,
                "iops": 100,
                "kms_key_id": "",
                "tags": {
                  "Created": "2024-03-09T18:33:57Z",
                  "Creator": "kirill.bas"
                },
                "tags_all": {
                  "Created": "2024-03-09T18:33:57Z",
                  "Creator": "kirill.bas"
                },
                "throughput": 0,
                "volume_id": "vol-0aa0ea48dfc578a20",
                "volume_size": 8,
                "volume_type": "gp2"
              }
            ],
            "secondary_private_ips": [],
            "security_groups": [
              "allow_all_traffic"
            ],
            "source_dest_check": true,
            "spot_instance_request_id": "",
            "subnet_id": "subnet-9f8882e7",
            "tags": {
              "Created": "2024-03-09T18:33:57Z",
              "Creator": "kirill.bas",
              "Name": "16-job-random-read"
            },
            "tags_all": {
              "Created": "2024-03-09T18:33:57Z",
              "Creator": "kirill.bas",
              "Name": "16-job-random-read"
            },
            "tenancy": "default",
            "timeouts": null,
            "user_data": "dd46d24e4c809642a1cf73605374844cc4a05e95",
            "user_data_base64": null,
            "user_data_replace_on_change": false,
            "volume_tags": null,
            "vpc_security_group_ids": [
              "sg-0aa945914098acd8e"
            ]
          },
          "sensitive_attributes": [],
          "private": "eyJlMmJmYjczMC1lY2FhLTExZTYtOGY4OC0zNDM2M2JjN2M0YzAiOnsiY3JlYXRlIjo2MDAwMDAwMDAwMDAsImRlbGV0ZSI6MTIwMDAwMDAwMDAwMCwicmVhZCI6OTAwMDAwMDAwMDAwLCJ1cGRhdGUiOjYwMDAwMDAwMDAwMH0sInNjaGVtYV92ZXJzaW9uIjoiMSJ9",
          "dependencies": [
            "aws_iam_instance_profile.fuse_benchmark_iam_profile",
            "aws_iam_role.fuse_benchmark_iam_role",
            "aws_s3_bucket.s3fs_buckets",
            "aws_s3_bucket.s3fs_results",
            "aws_security_group.fuse_benchmark_allow_all",
            "data.aws_region.current"
          ]
        },
        {
          "index_key": 9,
          "schema_version": 1,
          "attributes": {
            "ami": "ami-08a7297c0f05d943d",
            "arn": "arn:aws:ec2:eu-north-1:754745079939:instance/i-0c75856ee34dc729d",
            "associate_public_ip_address": true,
            "availability_zone": "eu-north-1b",
            "capacity_reservation_specification": [
              {
                "capacity_reservation_preference": "open",
                "capacity_reservation_target": []
              }
            ],
            "cpu_core_count": 16,
            "cpu_options": [
              {
                "amd_sev_snp": "",
                "core_count": 16,
                "threads_per_core": 1
              }
            ],
            "cpu_threads_per_core": 1,
            "credit_specification": [],
            "disable_api_stop": false,
            "disable_api_termination": false,
            "ebs_block_device": [],
            "ebs_optimized": false,
            "enclave_options": [
              {
                "enabled": false
              }
            ],
            "ephemeral_block_device": [],
            "get_password_data": false,
            "hibernation": false,
            "host_id": "",
            "host_resource_group_arn": null,
            "iam_instance_profile": "fuse_benchmark_20240309-063250",
            "id": "i-0c75856ee34dc729d",
            "instance_initiated_shutdown_behavior": "stop",
            "instance_lifecycle": "",
            "instance_market_options": [],
            "instance_state": "running",
            "instance_type": "c6g.4xlarge",
            "ipv6_address_count": 0,
            "ipv6_addresses": [],
            "key_name": "",
            "launch_template": [],
            "maintenance_options": [
              {
                "auto_recovery": "default"
              }
            ],
            "metadata_options": [
              {
                "http_endpoint": "enabled",
                "http_protocol_ipv6": "disabled",
                "http_put_response_hop_limit": 1,
                "http_tokens": "optional",
                "instance_metadata_tags": "disabled"
              }
            ],
            "monitoring": false,
            "network_interface": [],
            "outpost_arn": "",
            "password_data": "",
            "placement_group": "",
            "placement_partition_number": 0,
            "primary_network_interface_id": "eni-0a7f35140346dcc52",
            "private_dns": "ip-172-31-45-197.eu-north-1.compute.internal",
            "private_dns_name_options": [
              {
                "enable_resource_name_dns_a_record": false,
                "enable_resource_name_dns_aaaa_record": false,
                "hostname_type": "ip-name"
              }
            ],
            "private_ip": "172.31.45.197",
            "public_dns": "ec2-13-60-53-94.eu-north-1.compute.amazonaws.com",
            "public_ip": "13.60.53.94",
            "root_block_device": [
              {
                "delete_on_termination": true,
                "device_name": "/dev/sda1",
                "encrypted": false,
                "iops": 100,
                "kms_key_id": "",
                "tags": {
                  "Created": "2024-03-09T18:33:09Z",
                  "Creator": "kirill.bas"
                },
                "tags_all": {
                  "Created": "2024-03-09T18:33:09Z",
                  "Creator": "kirill.bas"
                },
                "throughput": 0,
                "volume_id": "vol-03aed5fd0d3634915",
                "volume_size": 8,
                "volume_type": "gp2"
              }
            ],
            "secondary_private_ips": [],
            "security_groups": [
              "allow_all_traffic"
            ],
            "source_dest_check": true,
            "spot_instance_request_id": "",
            "subnet_id": "subnet-9f8882e7",
            "tags": {
              "Created": "2024-03-09T18:33:09Z",
              "Creator": "kirill.bas",
              "Name": "16-job-random-write"
            },
            "tags_all": {
              "Created": "2024-03-09T18:33:09Z",
              "Creator": "kirill.bas",
              "Name": "16-job-random-write"
            },
            "tenancy": "default",
            "timeouts": null,
            "user_data": "75b793fc9112d52218332c27115ef5e9e4efacdf",
            "user_data_base64": null,
            "user_data_replace_on_change": false,
            "volume_tags": null,
            "vpc_security_group_ids": [
              "sg-0aa945914098acd8e"
            ]
          },
          "sensitive_attributes": [],
          "private": "eyJlMmJmYjczMC1lY2FhLTExZTYtOGY4OC0zNDM2M2JjN2M0YzAiOnsiY3JlYXRlIjo2MDAwMDAwMDAwMDAsImRlbGV0ZSI6MTIwMDAwMDAwMDAwMCwicmVhZCI6OTAwMDAwMDAwMDAwLCJ1cGRhdGUiOjYwMDAwMDAwMDAwMH0sInNjaGVtYV92ZXJzaW9uIjoiMSJ9",
          "dependencies": [
            "aws_iam_instance_profile.fuse_benchmark_iam_profile",
            "aws_iam_role.fuse_benchmark_iam_role",
            "aws_s3_bucket.s3fs_buckets",
            "aws_s3_bucket.s3fs_results",
            "aws_security_group.fuse_benchmark_allow_all",
            "data.aws_region.current"
          ]
        },
        {
          "index_key": 10,
          "schema_version": 1,
          "attributes": {
            "ami": "ami-08a7297c0f05d943d",
            "arn": "arn:aws:ec2:eu-north-1:754745079939:instance/i-0df1e66a909ce8432",
            "associate_public_ip_address": true,
            "availability_zone": "eu-north-1b",
            "capacity_reservation_specification": [
              {
                "capacity_reservation_preference": "open",
                "capacity_reservation_target": []
              }
            ],
            "cpu_core_count": 16,
            "cpu_options": [
              {
                "amd_sev_snp": "",
                "core_count": 16,
                "threads_per_core": 1
              }
            ],
            "cpu_threads_per_core": 1,
            "credit_specification": [],
            "disable_api_stop": false,
            "disable_api_termination": false,
            "ebs_block_device": [],
            "ebs_optimized": false,
            "enclave_options": [
              {
                "enabled": false
              }
            ],
            "ephemeral_block_device": [],
            "get_password_data": false,
            "hibernation": false,
            "host_id": "",
            "host_resource_group_arn": null,
            "iam_instance_profile": "fuse_benchmark_20240309-063250",
            "id": "i-0df1e66a909ce8432",
            "instance_initiated_shutdown_behavior": "stop",
            "instance_lifecycle": "",
            "instance_market_options": [],
            "instance_state": "running",
            "instance_type": "c6g.4xlarge",
            "ipv6_address_count": 0,
            "ipv6_addresses": [],
            "key_name": "",
            "launch_template": [],
            "maintenance_options": [
              {
                "auto_recovery": "default"
              }
            ],
            "metadata_options": [
              {
                "http_endpoint": "enabled",
                "http_protocol_ipv6": "disabled",
                "http_put_response_hop_limit": 1,
                "http_tokens": "optional",
                "instance_metadata_tags": "disabled"
              }
            ],
            "monitoring": false,
            "network_interface": [],
            "outpost_arn": "",
            "password_data": "",
            "placement_group": "",
            "placement_partition_number": 0,
            "primary_network_interface_id": "eni-0fc0ac831dfc698de",
            "private_dns": "ip-172-31-44-45.eu-north-1.compute.internal",
            "private_dns_name_options": [
              {
                "enable_resource_name_dns_a_record": false,
                "enable_resource_name_dns_aaaa_record": false,
                "hostname_type": "ip-name"
              }
            ],
            "private_ip": "172.31.44.45",
            "public_dns": "ec2-13-53-89-183.eu-north-1.compute.amazonaws.com",
            "public_ip": "13.53.89.183",
            "root_block_device": [
              {
                "delete_on_termination": true,
                "device_name": "/dev/sda1",
                "encrypted": false,
                "iops": 100,
                "kms_key_id": "",
                "tags": {
                  "Created": "2024-03-09T18:33:13Z",
                  "Creator": "kirill.bas"
                },
                "tags_all": {
                  "Created": "2024-03-09T18:33:13Z",
                  "Creator": "kirill.bas"
                },
                "throughput": 0,
                "volume_id": "vol-0beeaace9e0e15971",
                "volume_size": 8,
                "volume_type": "gp2"
              }
            ],
            "secondary_private_ips": [],
            "security_groups": [
              "allow_all_traffic"
            ],
            "source_dest_check": true,
            "spot_instance_request_id": "",
            "subnet_id": "subnet-9f8882e7",
            "tags": {
              "Created": "2024-03-09T18:33:13Z",
              "Creator": "kirill.bas",
              "Name": "16-job-sequential-read"
            },
            "tags_all": {
              "Created": "2024-03-09T18:33:13Z",
              "Creator": "kirill.bas",
              "Name": "16-job-sequential-read"
            },
            "tenancy": "default",
            "timeouts": null,
            "user_data": "dbe9475c47eebc604b4255c3c0818ebfd3f8eccb",
            "user_data_base64": null,
            "user_data_replace_on_change": false,
            "volume_tags": null,
            "vpc_security_group_ids": [
              "sg-0aa945914098acd8e"
            ]
          },
          "sensitive_attributes": [],
          "private": "eyJlMmJmYjczMC1lY2FhLTExZTYtOGY4OC0zNDM2M2JjN2M0YzAiOnsiY3JlYXRlIjo2MDAwMDAwMDAwMDAsImRlbGV0ZSI6MTIwMDAwMDAwMDAwMCwicmVhZCI6OTAwMDAwMDAwMDAwLCJ1cGRhdGUiOjYwMDAwMDAwMDAwMH0sInNjaGVtYV92ZXJzaW9uIjoiMSJ9",
          "dependencies": [
            "aws_iam_instance_profile.fuse_benchmark_iam_profile",
            "aws_iam_role.fuse_benchmark_iam_role",
            "aws_s3_bucket.s3fs_buckets",
            "aws_s3_bucket.s3fs_results",
            "aws_security_group.fuse_benchmark_allow_all",
            "data.aws_region.current"
          ]
        },
        {
          "index_key": 11,
          "schema_version": 1,
          "attributes": {
            "ami": "ami-08a7297c0f05d943d",
            "arn": "arn:aws:ec2:eu-north-1:754745079939:instance/i-09134c6bde9ff2590",
            "associate_public_ip_address": true,
            "availability_zone": "eu-north-1b",
            "capacity_reservation_specification": [
              {
                "capacity_reservation_preference": "open",
                "capacity_reservation_target": []
              }
            ],
            "cpu_core_count": 16,
            "cpu_options": [
              {
                "amd_sev_snp": "",
                "core_count": 16,
                "threads_per_core": 1
              }
            ],
            "cpu_threads_per_core": 1,
            "credit_specification": [],
            "disable_api_stop": false,
            "disable_api_termination": false,
            "ebs_block_device": [],
            "ebs_optimized": false,
            "enclave_options": [
              {
                "enabled": false
              }
            ],
            "ephemeral_block_device": [],
            "get_password_data": false,
            "hibernation": false,
            "host_id": "",
            "host_resource_group_arn": null,
            "iam_instance_profile": "fuse_benchmark_20240309-063250",
            "id": "i-09134c6bde9ff2590",
            "instance_initiated_shutdown_behavior": "stop",
            "instance_lifecycle": "",
            "instance_market_options": [],
            "instance_state": "running",
            "instance_type": "c6g.4xlarge",
            "ipv6_address_count": 0,
            "ipv6_addresses": [],
            "key_name": "",
            "launch_template": [],
            "maintenance_options": [
              {
                "auto_recovery": "default"
              }
            ],
            "metadata_options": [
              {
                "http_endpoint": "enabled",
                "http_protocol_ipv6": "disabled",
                "http_put_response_hop_limit": 1,
                "http_tokens": "optional",
                "instance_metadata_tags": "disabled"
              }
            ],
            "monitoring": false,
            "network_interface": [],
            "outpost_arn": "",
            "password_data": "",
            "placement_group": "",
            "placement_partition_number": 0,
            "primary_network_interface_id": "eni-07fc91176042d5830",
            "private_dns": "ip-172-31-47-101.eu-north-1.compute.internal",
            "private_dns_name_options": [
              {
                "enable_resource_name_dns_a_record": false,
                "enable_resource_name_dns_aaaa_record": false,
                "hostname_type": "ip-name"
              }
            ],
            "private_ip": "172.31.47.101",
            "public_dns": "ec2-13-51-158-81.eu-north-1.compute.amazonaws.com",
            "public_ip": "13.51.158.81",
            "root_block_device": [
              {
                "delete_on_termination": true,
                "device_name": "/dev/sda1",
                "encrypted": false,
                "iops": 100,
                "kms_key_id": "",
                "tags": {
                  "Created": "2024-03-09T18:33:09Z",
                  "Creator": "kirill.bas"
                },
                "tags_all": {
                  "Created": "2024-03-09T18:33:09Z",
                  "Creator": "kirill.bas"
                },
                "throughput": 0,
                "volume_id": "vol-04cc5a8278b1409aa",
                "volume_size": 8,
                "volume_type": "gp2"
              }
            ],
            "secondary_private_ips": [],
            "security_groups": [
              "allow_all_traffic"
            ],
            "source_dest_check": true,
            "spot_instance_request_id": "",
            "subnet_id": "subnet-9f8882e7",
            "tags": {
              "Created": "2024-03-09T18:33:09Z",
              "Creator": "kirill.bas",
              "Name": "16-job-sequential-write"
            },
            "tags_all": {
              "Created": "2024-03-09T18:33:09Z",
              "Creator": "kirill.bas",
              "Name": "16-job-sequential-write"
            },
            "tenancy": "default",
            "timeouts": null,
            "user_data": "ee66509b15caf4b63fbc18b4ef83a194c00a8ff6",
            "user_data_base64": null,
            "user_data_replace_on_change": false,
            "volume_tags": null,
            "vpc_security_group_ids": [
              "sg-0aa945914098acd8e"
            ]
          },
          "sensitive_attributes": [],
          "private": "eyJlMmJmYjczMC1lY2FhLTExZTYtOGY4OC0zNDM2M2JjN2M0YzAiOnsiY3JlYXRlIjo2MDAwMDAwMDAwMDAsImRlbGV0ZSI6MTIwMDAwMDAwMDAwMCwicmVhZCI6OTAwMDAwMDAwMDAwLCJ1cGRhdGUiOjYwMDAwMDAwMDAwMH0sInNjaGVtYV92ZXJzaW9uIjoiMSJ9",
          "dependencies": [
            "aws_iam_instance_profile.fuse_benchmark_iam_profile",
            "aws_iam_role.fuse_benchmark_iam_role",
            "aws_s3_bucket.s3fs_buckets",
            "aws_s3_bucket.s3fs_results",
            "aws_security_group.fuse_benchmark_allow_all",
            "data.aws_region.current"
          ]
        }
      ]
    },
    {
      "mode": "managed",
      "type": "aws_instance",
      "name": "s3fs_20_5g",
      "provider": "provider[\"registry.terraform.io/hashicorp/aws\"]",
      "instances": [
        {
          "index_key": 0,
          "schema_version": 1,
          "attributes": {
            "ami": "ami-08a7297c0f05d943d",
            "arn": "arn:aws:ec2:eu-north-1:754745079939:instance/i-0ffd1eccb5ff8315a",
            "associate_public_ip_address": true,
            "availability_zone": "eu-north-1b",
            "capacity_reservation_specification": [
              {
                "capacity_reservation_preference": "open",
                "capacity_reservation_target": []
              }
            ],
            "cpu_core_count": 16,
            "cpu_options": [
              {
                "amd_sev_snp": "",
                "core_count": 16,
                "threads_per_core": 1
              }
            ],
            "cpu_threads_per_core": 1,
            "credit_specification": [],
            "disable_api_stop": false,
            "disable_api_termination": false,
            "ebs_block_device": [],
            "ebs_optimized": false,
            "enclave_options": [
              {
                "enabled": false
              }
            ],
            "ephemeral_block_device": [],
            "get_password_data": false,
            "hibernation": false,
            "host_id": "",
            "host_resource_group_arn": null,
            "iam_instance_profile": "fuse_benchmark_20240309-063250",
            "id": "i-0ffd1eccb5ff8315a",
            "instance_initiated_shutdown_behavior": "stop",
            "instance_lifecycle": "",
            "instance_market_options": [],
            "instance_state": "running",
            "instance_type": "c6g.4xlarge",
            "ipv6_address_count": 0,
            "ipv6_addresses": [],
            "key_name": "",
            "launch_template": [],
            "maintenance_options": [
              {
                "auto_recovery": "default"
              }
            ],
            "metadata_options": [
              {
                "http_endpoint": "enabled",
                "http_protocol_ipv6": "disabled",
                "http_put_response_hop_limit": 1,
                "http_tokens": "optional",
                "instance_metadata_tags": "disabled"
              }
            ],
            "monitoring": false,
            "network_interface": [],
            "outpost_arn": "",
            "password_data": "",
            "placement_group": "",
            "placement_partition_number": 0,
            "primary_network_interface_id": "eni-01886c4a0e1fb2567",
            "private_dns": "ip-172-31-34-15.eu-north-1.compute.internal",
            "private_dns_name_options": [
              {
                "enable_resource_name_dns_a_record": false,
                "enable_resource_name_dns_aaaa_record": false,
                "hostname_type": "ip-name"
              }
            ],
            "private_ip": "172.31.34.15",
            "public_dns": "ec2-16-171-177-179.eu-north-1.compute.amazonaws.com",
            "public_ip": "16.171.177.179",
            "root_block_device": [
              {
                "delete_on_termination": true,
                "device_name": "/dev/sda1",
                "encrypted": false,
                "iops": 100,
                "kms_key_id": "",
                "tags": {
                  "Created": "2024-03-09T18:33:10Z",
                  "Creator": "kirill.bas"
                },
                "tags_all": {
                  "Created": "2024-03-09T18:33:10Z",
                  "Creator": "kirill.bas"
                },
                "throughput": 0,
                "volume_id": "vol-016fed0f4f7ffe0da",
                "volume_size": 8,
                "volume_type": "gp2"
              }
            ],
            "secondary_private_ips": [],
            "security_groups": [
              "allow_all_traffic"
            ],
            "source_dest_check": true,
            "spot_instance_request_id": "",
            "subnet_id": "subnet-9f8882e7",
            "tags": {
              "Created": "2024-03-09T18:33:10Z",
              "Creator": "kirill.bas",
              "Name": "1-job-30-write"
            },
            "tags_all": {
              "Created": "2024-03-09T18:33:10Z",
              "Creator": "kirill.bas",
              "Name": "1-job-30-write"
            },
            "tenancy": "default",
            "timeouts": null,
            "user_data": "44d62e3ce13da2c83b64796e949406405d804670",
            "user_data_base64": null,
            "user_data_replace_on_change": false,
            "volume_tags": null,
            "vpc_security_group_ids": [
              "sg-0aa945914098acd8e"
            ]
          },
          "sensitive_attributes": [],
          "private": "eyJlMmJmYjczMC1lY2FhLTExZTYtOGY4OC0zNDM2M2JjN2M0YzAiOnsiY3JlYXRlIjo2MDAwMDAwMDAwMDAsImRlbGV0ZSI6MTIwMDAwMDAwMDAwMCwicmVhZCI6OTAwMDAwMDAwMDAwLCJ1cGRhdGUiOjYwMDAwMDAwMDAwMH0sInNjaGVtYV92ZXJzaW9uIjoiMSJ9",
          "dependencies": [
            "aws_iam_instance_profile.fuse_benchmark_iam_profile",
            "aws_iam_role.fuse_benchmark_iam_role",
            "aws_s3_bucket.s3fs_buckets",
            "aws_s3_bucket.s3fs_results",
            "aws_security_group.fuse_benchmark_allow_all",
            "data.aws_region.current"
          ]
        },
        {
          "index_key": 1,
          "schema_version": 1,
          "attributes": {
            "ami": "ami-08a7297c0f05d943d",
            "arn": "arn:aws:ec2:eu-north-1:754745079939:instance/i-03c1e85f77b0f15b0",
            "associate_public_ip_address": true,
            "availability_zone": "eu-north-1b",
            "capacity_reservation_specification": [
              {
                "capacity_reservation_preference": "open",
                "capacity_reservation_target": []
              }
            ],
            "cpu_core_count": 16,
            "cpu_options": [
              {
                "amd_sev_snp": "",
                "core_count": 16,
                "threads_per_core": 1
              }
            ],
            "cpu_threads_per_core": 1,
            "credit_specification": [],
            "disable_api_stop": false,
            "disable_api_termination": false,
            "ebs_block_device": [],
            "ebs_optimized": false,
            "enclave_options": [
              {
                "enabled": false
              }
            ],
            "ephemeral_block_device": [],
            "get_password_data": false,
            "hibernation": false,
            "host_id": "",
            "host_resource_group_arn": null,
            "iam_instance_profile": "fuse_benchmark_20240309-063250",
            "id": "i-03c1e85f77b0f15b0",
            "instance_initiated_shutdown_behavior": "stop",
            "instance_lifecycle": "",
            "instance_market_options": [],
            "instance_state": "running",
            "instance_type": "c6g.4xlarge",
            "ipv6_address_count": 0,
            "ipv6_addresses": [],
            "key_name": "",
            "launch_template": [],
            "maintenance_options": [
              {
                "auto_recovery": "default"
              }
            ],
            "metadata_options": [
              {
                "http_endpoint": "enabled",
                "http_protocol_ipv6": "disabled",
                "http_put_response_hop_limit": 1,
                "http_tokens": "optional",
                "instance_metadata_tags": "disabled"
              }
            ],
            "monitoring": false,
            "network_interface": [],
            "outpost_arn": "",
            "password_data": "",
            "placement_group": "",
            "placement_partition_number": 0,
            "primary_network_interface_id": "eni-0c176c81f2f72e1b1",
            "private_dns": "ip-172-31-41-226.eu-north-1.compute.internal",
            "private_dns_name_options": [
              {
                "enable_resource_name_dns_a_record": false,
                "enable_resource_name_dns_aaaa_record": false,
                "hostname_type": "ip-name"
              }
            ],
            "private_ip": "172.31.41.226",
            "public_dns": "ec2-13-60-21-241.eu-north-1.compute.amazonaws.com",
            "public_ip": "13.60.21.241",
            "root_block_device": [
              {
                "delete_on_termination": true,
                "device_name": "/dev/sda1",
                "encrypted": false,
                "iops": 100,
                "kms_key_id": "",
                "tags": {
                  "Created": "2024-03-09T18:34:07Z",
                  "Creator": "kirill.bas"
                },
                "tags_all": {
                  "Created": "2024-03-09T18:34:07Z",
                  "Creator": "kirill.bas"
                },
                "throughput": 0,
                "volume_id": "vol-0e1f52b76e6dea0a4",
                "volume_size": 8,
                "volume_type": "gp2"
              }
            ],
            "secondary_private_ips": [],
            "security_groups": [
              "allow_all_traffic"
            ],
            "source_dest_check": true,
            "spot_instance_request_id": "",
            "subnet_id": "subnet-9f8882e7",
            "tags": {
              "Created": "2024-03-09T18:34:07Z",
              "Creator": "kirill.bas",
              "Name": "1-job-70-read"
            },
            "tags_all": {
              "Created": "2024-03-09T18:34:07Z",
              "Creator": "kirill.bas",
              "Name": "1-job-70-read"
            },
            "tenancy": "default",
            "timeouts": null,
            "user_data": "930ff06aab271962b78858284284e33a6f47aac7",
            "user_data_base64": null,
            "user_data_replace_on_change": false,
            "volume_tags": null,
            "vpc_security_group_ids": [
              "sg-0aa945914098acd8e"
            ]
          },
          "sensitive_attributes": [],
          "private": "eyJlMmJmYjczMC1lY2FhLTExZTYtOGY4OC0zNDM2M2JjN2M0YzAiOnsiY3JlYXRlIjo2MDAwMDAwMDAwMDAsImRlbGV0ZSI6MTIwMDAwMDAwMDAwMCwicmVhZCI6OTAwMDAwMDAwMDAwLCJ1cGRhdGUiOjYwMDAwMDAwMDAwMH0sInNjaGVtYV92ZXJzaW9uIjoiMSJ9",
          "dependencies": [
            "aws_iam_instance_profile.fuse_benchmark_iam_profile",
            "aws_iam_role.fuse_benchmark_iam_role",
            "aws_s3_bucket.s3fs_buckets",
            "aws_s3_bucket.s3fs_results",
            "aws_security_group.fuse_benchmark_allow_all",
            "data.aws_region.current"
          ]
        },
        {
          "index_key": 2,
          "schema_version": 1,
          "attributes": {
            "ami": "ami-08a7297c0f05d943d",
            "arn": "arn:aws:ec2:eu-north-1:754745079939:instance/i-05e795c97f6fda4fa",
            "associate_public_ip_address": true,
            "availability_zone": "eu-north-1b",
            "capacity_reservation_specification": [
              {
                "capacity_reservation_preference": "open",
                "capacity_reservation_target": []
              }
            ],
            "cpu_core_count": 16,
            "cpu_options": [
              {
                "amd_sev_snp": "",
                "core_count": 16,
                "threads_per_core": 1
              }
            ],
            "cpu_threads_per_core": 1,
            "credit_specification": [],
            "disable_api_stop": false,
            "disable_api_termination": false,
            "ebs_block_device": [],
            "ebs_optimized": false,
            "enclave_options": [
              {
                "enabled": false
              }
            ],
            "ephemeral_block_device": [],
            "get_password_data": false,
            "hibernation": false,
            "host_id": "",
            "host_resource_group_arn": null,
            "iam_instance_profile": "fuse_benchmark_20240309-063250",
            "id": "i-05e795c97f6fda4fa",
            "instance_initiated_shutdown_behavior": "stop",
            "instance_lifecycle": "",
            "instance_market_options": [],
            "instance_state": "running",
            "instance_type": "c6g.4xlarge",
            "ipv6_address_count": 0,
            "ipv6_addresses": [],
            "key_name": "",
            "launch_template": [],
            "maintenance_options": [
              {
                "auto_recovery": "default"
              }
            ],
            "metadata_options": [
              {
                "http_endpoint": "enabled",
                "http_protocol_ipv6": "disabled",
                "http_put_response_hop_limit": 1,
                "http_tokens": "optional",
                "instance_metadata_tags": "disabled"
              }
            ],
            "monitoring": false,
            "network_interface": [],
            "outpost_arn": "",
            "password_data": "",
            "placement_group": "",
            "placement_partition_number": 0,
            "primary_network_interface_id": "eni-0021ab679d62d46dd",
            "private_dns": "ip-172-31-32-95.eu-north-1.compute.internal",
            "private_dns_name_options": [
              {
                "enable_resource_name_dns_a_record": false,
                "enable_resource_name_dns_aaaa_record": false,
                "hostname_type": "ip-name"
              }
            ],
            "private_ip": "172.31.32.95",
            "public_dns": "ec2-13-51-207-166.eu-north-1.compute.amazonaws.com",
            "public_ip": "13.51.207.166",
            "root_block_device": [
              {
                "delete_on_termination": true,
                "device_name": "/dev/sda1",
                "encrypted": false,
                "iops": 100,
                "kms_key_id": "",
                "tags": {
                  "Created": "2024-03-09T18:34:22Z",
                  "Creator": "kirill.bas"
                },
                "tags_all": {
                  "Created": "2024-03-09T18:34:22Z",
                  "Creator": "kirill.bas"
                },
                "throughput": 0,
                "volume_id": "vol-03e55de70ac6b6062",
                "volume_size": 8,
                "volume_type": "gp2"
              }
            ],
            "secondary_private_ips": [],
            "security_groups": [
              "allow_all_traffic"
            ],
            "source_dest_check": true,
            "spot_instance_request_id": "",
            "subnet_id": "subnet-9f8882e7",
            "tags": {
              "Created": "2024-03-09T18:34:22Z",
              "Creator": "kirill.bas",
              "Name": "1-job-random-read"
            },
            "tags_all": {
              "Created": "2024-03-09T18:34:22Z",
              "Creator": "kirill.bas",
              "Name": "1-job-random-read"
            },
            "tenancy": "default",
            "timeouts": null,
            "user_data": "f49c5f18e456ed058f97ea3221010682235d2bee",
            "user_data_base64": null,
            "user_data_replace_on_change": false,
            "volume_tags": null,
            "vpc_security_group_ids": [
              "sg-0aa945914098acd8e"
            ]
          },
          "sensitive_attributes": [],
          "private": "eyJlMmJmYjczMC1lY2FhLTExZTYtOGY4OC0zNDM2M2JjN2M0YzAiOnsiY3JlYXRlIjo2MDAwMDAwMDAwMDAsImRlbGV0ZSI6MTIwMDAwMDAwMDAwMCwicmVhZCI6OTAwMDAwMDAwMDAwLCJ1cGRhdGUiOjYwMDAwMDAwMDAwMH0sInNjaGVtYV92ZXJzaW9uIjoiMSJ9",
          "dependencies": [
            "aws_iam_instance_profile.fuse_benchmark_iam_profile",
            "aws_iam_role.fuse_benchmark_iam_role",
            "aws_s3_bucket.s3fs_buckets",
            "aws_s3_bucket.s3fs_results",
            "aws_security_group.fuse_benchmark_allow_all",
            "data.aws_region.current"
          ]
        },
        {
          "index_key": 3,
          "schema_version": 1,
          "attributes": {
            "ami": "ami-08a7297c0f05d943d",
            "arn": "arn:aws:ec2:eu-north-1:754745079939:instance/i-0ef752d118085a41c",
            "associate_public_ip_address": true,
            "availability_zone": "eu-north-1b",
            "capacity_reservation_specification": [
              {
                "capacity_reservation_preference": "open",
                "capacity_reservation_target": []
              }
            ],
            "cpu_core_count": 16,
            "cpu_options": [
              {
                "amd_sev_snp": "",
                "core_count": 16,
                "threads_per_core": 1
              }
            ],
            "cpu_threads_per_core": 1,
            "credit_specification": [],
            "disable_api_stop": false,
            "disable_api_termination": false,
            "ebs_block_device": [],
            "ebs_optimized": false,
            "enclave_options": [
              {
                "enabled": false
              }
            ],
            "ephemeral_block_device": [],
            "get_password_data": false,
            "hibernation": false,
            "host_id": "",
            "host_resource_group_arn": null,
            "iam_instance_profile": "fuse_benchmark_20240309-063250",
            "id": "i-0ef752d118085a41c",
            "instance_initiated_shutdown_behavior": "stop",
            "instance_lifecycle": "",
            "instance_market_options": [],
            "instance_state": "running",
            "instance_type": "c6g.4xlarge",
            "ipv6_address_count": 0,
            "ipv6_addresses": [],
            "key_name": "",
            "launch_template": [],
            "maintenance_options": [
              {
                "auto_recovery": "default"
              }
            ],
            "metadata_options": [
              {
                "http_endpoint": "enabled",
                "http_protocol_ipv6": "disabled",
                "http_put_response_hop_limit": 1,
                "http_tokens": "optional",
                "instance_metadata_tags": "disabled"
              }
            ],
            "monitoring": false,
            "network_interface": [],
            "outpost_arn": "",
            "password_data": "",
            "placement_group": "",
            "placement_partition_number": 0,
            "primary_network_interface_id": "eni-0ad0d78a09fdf2acf",
            "private_dns": "ip-172-31-34-192.eu-north-1.compute.internal",
            "private_dns_name_options": [
              {
                "enable_resource_name_dns_a_record": false,
                "enable_resource_name_dns_aaaa_record": false,
                "hostname_type": "ip-name"
              }
            ],
            "private_ip": "172.31.34.192",
            "public_dns": "ec2-16-171-43-102.eu-north-1.compute.amazonaws.com",
            "public_ip": "16.171.43.102",
            "root_block_device": [
              {
                "delete_on_termination": true,
                "device_name": "/dev/sda1",
                "encrypted": false,
                "iops": 100,
                "kms_key_id": "",
                "tags": {
                  "Created": "2024-03-09T18:34:35Z",
                  "Creator": "kirill.bas"
                },
                "tags_all": {
                  "Created": "2024-03-09T18:34:35Z",
                  "Creator": "kirill.bas"
                },
                "throughput": 0,
                "volume_id": "vol-019b1da2ae1a9cf38",
                "volume_size": 8,
                "volume_type": "gp2"
              }
            ],
            "secondary_private_ips": [],
            "security_groups": [
              "allow_all_traffic"
            ],
            "source_dest_check": true,
            "spot_instance_request_id": "",
            "subnet_id": "subnet-9f8882e7",
            "tags": {
              "Created": "2024-03-09T18:34:35Z",
              "Creator": "kirill.bas",
              "Name": "1-job-random-write"
            },
            "tags_all": {
              "Created": "2024-03-09T18:34:35Z",
              "Creator": "kirill.bas",
              "Name": "1-job-random-write"
            },
            "tenancy": "default",
            "timeouts": null,
            "user_data": "e9fab7656607eae493ef526a751e6828ef75fa32",
            "user_data_base64": null,
            "user_data_replace_on_change": false,
            "volume_tags": null,
            "vpc_security_group_ids": [
              "sg-0aa945914098acd8e"
            ]
          },
          "sensitive_attributes": [],
          "private": "eyJlMmJmYjczMC1lY2FhLTExZTYtOGY4OC0zNDM2M2JjN2M0YzAiOnsiY3JlYXRlIjo2MDAwMDAwMDAwMDAsImRlbGV0ZSI6MTIwMDAwMDAwMDAwMCwicmVhZCI6OTAwMDAwMDAwMDAwLCJ1cGRhdGUiOjYwMDAwMDAwMDAwMH0sInNjaGVtYV92ZXJzaW9uIjoiMSJ9",
          "dependencies": [
            "aws_iam_instance_profile.fuse_benchmark_iam_profile",
            "aws_iam_role.fuse_benchmark_iam_role",
            "aws_s3_bucket.s3fs_buckets",
            "aws_s3_bucket.s3fs_results",
            "aws_security_group.fuse_benchmark_allow_all",
            "data.aws_region.current"
          ]
        },
        {
          "index_key": 4,
          "schema_version": 1,
          "attributes": {
            "ami": "ami-08a7297c0f05d943d",
            "arn": "arn:aws:ec2:eu-north-1:754745079939:instance/i-06529932627c263d7",
            "associate_public_ip_address": true,
            "availability_zone": "eu-north-1b",
            "capacity_reservation_specification": [
              {
                "capacity_reservation_preference": "open",
                "capacity_reservation_target": []
              }
            ],
            "cpu_core_count": 16,
            "cpu_options": [
              {
                "amd_sev_snp": "",
                "core_count": 16,
                "threads_per_core": 1
              }
            ],
            "cpu_threads_per_core": 1,
            "credit_specification": [],
            "disable_api_stop": false,
            "disable_api_termination": false,
            "ebs_block_device": [],
            "ebs_optimized": false,
            "enclave_options": [
              {
                "enabled": false
              }
            ],
            "ephemeral_block_device": [],
            "get_password_data": false,
            "hibernation": false,
            "host_id": "",
            "host_resource_group_arn": null,
            "iam_instance_profile": "fuse_benchmark_20240309-063250",
            "id": "i-06529932627c263d7",
            "instance_initiated_shutdown_behavior": "stop",
            "instance_lifecycle": "",
            "instance_market_options": [],
            "instance_state": "running",
            "instance_type": "c6g.4xlarge",
            "ipv6_address_count": 0,
            "ipv6_addresses": [],
            "key_name": "",
            "launch_template": [],
            "maintenance_options": [
              {
                "auto_recovery": "default"
              }
            ],
            "metadata_options": [
              {
                "http_endpoint": "enabled",
                "http_protocol_ipv6": "disabled",
                "http_put_response_hop_limit": 1,
                "http_tokens": "optional",
                "instance_metadata_tags": "disabled"
              }
            ],
            "monitoring": false,
            "network_interface": [],
            "outpost_arn": "",
            "password_data": "",
            "placement_group": "",
            "placement_partition_number": 0,
            "primary_network_interface_id": "eni-08d8e5f0245953111",
            "private_dns": "ip-172-31-37-95.eu-north-1.compute.internal",
            "private_dns_name_options": [
              {
                "enable_resource_name_dns_a_record": false,
                "enable_resource_name_dns_aaaa_record": false,
                "hostname_type": "ip-name"
              }
            ],
            "private_ip": "172.31.37.95",
            "public_dns": "ec2-16-171-146-255.eu-north-1.compute.amazonaws.com",
            "public_ip": "16.171.146.255",
            "root_block_device": [
              {
                "delete_on_termination": true,
                "device_name": "/dev/sda1",
                "encrypted": false,
                "iops": 100,
                "kms_key_id": "",
                "tags": {
                  "Created": "2024-03-09T18:34:29Z",
                  "Creator": "kirill.bas"
                },
                "tags_all": {
                  "Created": "2024-03-09T18:34:29Z",
                  "Creator": "kirill.bas"
                },
                "throughput": 0,
                "volume_id": "vol-0075c129a08267dd0",
                "volume_size": 8,
                "volume_type": "gp2"
              }
            ],
            "secondary_private_ips": [],
            "security_groups": [
              "allow_all_traffic"
            ],
            "source_dest_check": true,
            "spot_instance_request_id": "",
            "subnet_id": "subnet-9f8882e7",
            "tags": {
              "Created": "2024-03-09T18:34:29Z",
              "Creator": "kirill.bas",
              "Name": "1-job-sequential-read"
            },
            "tags_all": {
              "Created": "2024-03-09T18:34:29Z",
              "Creator": "kirill.bas",
              "Name": "1-job-sequential-read"
            },
            "tenancy": "default",
            "timeouts": null,
            "user_data": "f167f6e113298dfad8033f9df2160c36eb91a8e3",
            "user_data_base64": null,
            "user_data_replace_on_change": false,
            "volume_tags": null,
            "vpc_security_group_ids": [
              "sg-0aa945914098acd8e"
            ]
          },
          "sensitive_attributes": [],
          "private": "eyJlMmJmYjczMC1lY2FhLTExZTYtOGY4OC0zNDM2M2JjN2M0YzAiOnsiY3JlYXRlIjo2MDAwMDAwMDAwMDAsImRlbGV0ZSI6MTIwMDAwMDAwMDAwMCwicmVhZCI6OTAwMDAwMDAwMDAwLCJ1cGRhdGUiOjYwMDAwMDAwMDAwMH0sInNjaGVtYV92ZXJzaW9uIjoiMSJ9",
          "dependencies": [
            "aws_iam_instance_profile.fuse_benchmark_iam_profile",
            "aws_iam_role.fuse_benchmark_iam_role",
            "aws_s3_bucket.s3fs_buckets",
            "aws_s3_bucket.s3fs_results",
            "aws_security_group.fuse_benchmark_allow_all",
            "data.aws_region.current"
          ]
        },
        {
          "index_key": 5,
          "schema_version": 1,
          "attributes": {
            "ami": "ami-08a7297c0f05d943d",
            "arn": "arn:aws:ec2:eu-north-1:754745079939:instance/i-078bcec5c42a53ecf",
            "associate_public_ip_address": true,
            "availability_zone": "eu-north-1b",
            "capacity_reservation_specification": [
              {
                "capacity_reservation_preference": "open",
                "capacity_reservation_target": []
              }
            ],
            "cpu_core_count": 16,
            "cpu_options": [
              {
                "amd_sev_snp": "",
                "core_count": 16,
                "threads_per_core": 1
              }
            ],
            "cpu_threads_per_core": 1,
            "credit_specification": [],
            "disable_api_stop": false,
            "disable_api_termination": false,
            "ebs_block_device": [],
            "ebs_optimized": false,
            "enclave_options": [
              {
                "enabled": false
              }
            ],
            "ephemeral_block_device": [],
            "get_password_data": false,
            "hibernation": false,
            "host_id": "",
            "host_resource_group_arn": null,
            "iam_instance_profile": "fuse_benchmark_20240309-063250",
            "id": "i-078bcec5c42a53ecf",
            "instance_initiated_shutdown_behavior": "stop",
            "instance_lifecycle": "",
            "instance_market_options": [],
            "instance_state": "running",
            "instance_type": "c6g.4xlarge",
            "ipv6_address_count": 0,
            "ipv6_addresses": [],
            "key_name": "",
            "launch_template": [],
            "maintenance_options": [
              {
                "auto_recovery": "default"
              }
            ],
            "metadata_options": [
              {
                "http_endpoint": "enabled",
                "http_protocol_ipv6": "disabled",
                "http_put_response_hop_limit": 1,
                "http_tokens": "optional",
                "instance_metadata_tags": "disabled"
              }
            ],
            "monitoring": false,
            "network_interface": [],
            "outpost_arn": "",
            "password_data": "",
            "placement_group": "",
            "placement_partition_number": 0,
            "primary_network_interface_id": "eni-07efc8d4b65e799cf",
            "private_dns": "ip-172-31-43-127.eu-north-1.compute.internal",
            "private_dns_name_options": [
              {
                "enable_resource_name_dns_a_record": false,
                "enable_resource_name_dns_aaaa_record": false,
                "hostname_type": "ip-name"
              }
            ],
            "private_ip": "172.31.43.127",
            "public_dns": "ec2-51-20-188-79.eu-north-1.compute.amazonaws.com",
            "public_ip": "51.20.188.79",
            "root_block_device": [
              {
                "delete_on_termination": true,
                "device_name": "/dev/sda1",
                "encrypted": false,
                "iops": 100,
                "kms_key_id": "",
                "tags": {
                  "Created": "2024-03-09T18:33:27Z",
                  "Creator": "kirill.bas"
                },
                "tags_all": {
                  "Created": "2024-03-09T18:33:27Z",
                  "Creator": "kirill.bas"
                },
                "throughput": 0,
                "volume_id": "vol-04d39d4c286085d62",
                "volume_size": 8,
                "volume_type": "gp2"
              }
            ],
            "secondary_private_ips": [],
            "security_groups": [
              "allow_all_traffic"
            ],
            "source_dest_check": true,
            "spot_instance_request_id": "",
            "subnet_id": "subnet-9f8882e7",
            "tags": {
              "Created": "2024-03-09T18:33:27Z",
              "Creator": "kirill.bas",
              "Name": "1-job-sequential-write"
            },
            "tags_all": {
              "Created": "2024-03-09T18:33:27Z",
              "Creator": "kirill.bas",
              "Name": "1-job-sequential-write"
            },
            "tenancy": "default",
            "timeouts": null,
            "user_data": "3e2e44ef2e9caa5157cebfd571acedb22333d3d7",
            "user_data_base64": null,
            "user_data_replace_on_change": false,
            "volume_tags": null,
            "vpc_security_group_ids": [
              "sg-0aa945914098acd8e"
            ]
          },
          "sensitive_attributes": [],
          "private": "eyJlMmJmYjczMC1lY2FhLTExZTYtOGY4OC0zNDM2M2JjN2M0YzAiOnsiY3JlYXRlIjo2MDAwMDAwMDAwMDAsImRlbGV0ZSI6MTIwMDAwMDAwMDAwMCwicmVhZCI6OTAwMDAwMDAwMDAwLCJ1cGRhdGUiOjYwMDAwMDAwMDAwMH0sInNjaGVtYV92ZXJzaW9uIjoiMSJ9",
          "dependencies": [
            "aws_iam_instance_profile.fuse_benchmark_iam_profile",
            "aws_iam_role.fuse_benchmark_iam_role",
            "aws_s3_bucket.s3fs_buckets",
            "aws_s3_bucket.s3fs_results",
            "aws_security_group.fuse_benchmark_allow_all",
            "data.aws_region.current"
          ]
        },
        {
          "index_key": 6,
          "schema_version": 1,
          "attributes": {
            "ami": "ami-08a7297c0f05d943d",
            "arn": "arn:aws:ec2:eu-north-1:754745079939:instance/i-0413cd49f572176ab",
            "associate_public_ip_address": true,
            "availability_zone": "eu-north-1b",
            "capacity_reservation_specification": [
              {
                "capacity_reservation_preference": "open",
                "capacity_reservation_target": []
              }
            ],
            "cpu_core_count": 16,
            "cpu_options": [
              {
                "amd_sev_snp": "",
                "core_count": 16,
                "threads_per_core": 1
              }
            ],
            "cpu_threads_per_core": 1,
            "credit_specification": [],
            "disable_api_stop": false,
            "disable_api_termination": false,
            "ebs_block_device": [],
            "ebs_optimized": false,
            "enclave_options": [
              {
                "enabled": false
              }
            ],
            "ephemeral_block_device": [],
            "get_password_data": false,
            "hibernation": false,
            "host_id": "",
            "host_resource_group_arn": null,
            "iam_instance_profile": "fuse_benchmark_20240309-063250",
            "id": "i-0413cd49f572176ab",
            "instance_initiated_shutdown_behavior": "stop",
            "instance_lifecycle": "",
            "instance_market_options": [],
            "instance_state": "running",
            "instance_type": "c6g.4xlarge",
            "ipv6_address_count": 0,
            "ipv6_addresses": [],
            "key_name": "",
            "launch_template": [],
            "maintenance_options": [
              {
                "auto_recovery": "default"
              }
            ],
            "metadata_options": [
              {
                "http_endpoint": "enabled",
                "http_protocol_ipv6": "disabled",
                "http_put_response_hop_limit": 1,
                "http_tokens": "optional",
                "instance_metadata_tags": "disabled"
              }
            ],
            "monitoring": false,
            "network_interface": [],
            "outpost_arn": "",
            "password_data": "",
            "placement_group": "",
            "placement_partition_number": 0,
            "primary_network_interface_id": "eni-0966cda24f3820e3e",
            "private_dns": "ip-172-31-43-125.eu-north-1.compute.internal",
            "private_dns_name_options": [
              {
                "enable_resource_name_dns_a_record": false,
                "enable_resource_name_dns_aaaa_record": false,
                "hostname_type": "ip-name"
              }
            ],
            "private_ip": "172.31.43.125",
            "public_dns": "ec2-51-20-4-58.eu-north-1.compute.amazonaws.com",
            "public_ip": "51.20.4.58",
            "root_block_device": [
              {
                "delete_on_termination": true,
                "device_name": "/dev/sda1",
                "encrypted": false,
                "iops": 100,
                "kms_key_id": "",
                "tags": {
                  "Created": "2024-03-09T18:34:23Z",
                  "Creator": "kirill.bas"
                },
                "tags_all": {
                  "Created": "2024-03-09T18:34:23Z",
                  "Creator": "kirill.bas"
                },
                "throughput": 0,
                "volume_id": "vol-07733be169c13acff",
                "volume_size": 8,
                "volume_type": "gp2"
              }
            ],
            "secondary_private_ips": [],
            "security_groups": [
              "allow_all_traffic"
            ],
            "source_dest_check": true,
            "spot_instance_request_id": "",
            "subnet_id": "subnet-9f8882e7",
            "tags": {
              "Created": "2024-03-09T18:34:23Z",
              "Creator": "kirill.bas",
              "Name": "16-job-30-write"
            },
            "tags_all": {
              "Created": "2024-03-09T18:34:23Z",
              "Creator": "kirill.bas",
              "Name": "16-job-30-write"
            },
            "tenancy": "default",
            "timeouts": null,
            "user_data": "9734f700385e8487cc1ab3bb72fd7cc0d341a610",
            "user_data_base64": null,
            "user_data_replace_on_change": false,
            "volume_tags": null,
            "vpc_security_group_ids": [
              "sg-0aa945914098acd8e"
            ]
          },
          "sensitive_attributes": [],
          "private": "eyJlMmJmYjczMC1lY2FhLTExZTYtOGY4OC0zNDM2M2JjN2M0YzAiOnsiY3JlYXRlIjo2MDAwMDAwMDAwMDAsImRlbGV0ZSI6MTIwMDAwMDAwMDAwMCwicmVhZCI6OTAwMDAwMDAwMDAwLCJ1cGRhdGUiOjYwMDAwMDAwMDAwMH0sInNjaGVtYV92ZXJzaW9uIjoiMSJ9",
          "dependencies": [
            "aws_iam_instance_profile.fuse_benchmark_iam_profile",
            "aws_iam_role.fuse_benchmark_iam_role",
            "aws_s3_bucket.s3fs_buckets",
            "aws_s3_bucket.s3fs_results",
            "aws_security_group.fuse_benchmark_allow_all",
            "data.aws_region.current"
          ]
        },
        {
          "index_key": 7,
          "schema_version": 1,
          "attributes": {
            "ami": "ami-08a7297c0f05d943d",
            "arn": "arn:aws:ec2:eu-north-1:754745079939:instance/i-0d9cfae19b090f121",
            "associate_public_ip_address": true,
            "availability_zone": "eu-north-1b",
            "capacity_reservation_specification": [
              {
                "capacity_reservation_preference": "open",
                "capacity_reservation_target": []
              }
            ],
            "cpu_core_count": 16,
            "cpu_options": [
              {
                "amd_sev_snp": "",
                "core_count": 16,
                "threads_per_core": 1
              }
            ],
            "cpu_threads_per_core": 1,
            "credit_specification": [],
            "disable_api_stop": false,
            "disable_api_termination": false,
            "ebs_block_device": [],
            "ebs_optimized": false,
            "enclave_options": [
              {
                "enabled": false
              }
            ],
            "ephemeral_block_device": [],
            "get_password_data": false,
            "hibernation": false,
            "host_id": "",
            "host_resource_group_arn": null,
            "iam_instance_profile": "fuse_benchmark_20240309-063250",
            "id": "i-0d9cfae19b090f121",
            "instance_initiated_shutdown_behavior": "stop",
            "instance_lifecycle": "",
            "instance_market_options": [],
            "instance_state": "running",
            "instance_type": "c6g.4xlarge",
            "ipv6_address_count": 0,
            "ipv6_addresses": [],
            "key_name": "",
            "launch_template": [],
            "maintenance_options": [
              {
                "auto_recovery": "default"
              }
            ],
            "metadata_options": [
              {
                "http_endpoint": "enabled",
                "http_protocol_ipv6": "disabled",
                "http_put_response_hop_limit": 1,
                "http_tokens": "optional",
                "instance_metadata_tags": "disabled"
              }
            ],
            "monitoring": false,
            "network_interface": [],
            "outpost_arn": "",
            "password_data": "",
            "placement_group": "",
            "placement_partition_number": 0,
            "primary_network_interface_id": "eni-0655f28f622058d12",
            "private_dns": "ip-172-31-47-151.eu-north-1.compute.internal",
            "private_dns_name_options": [
              {
                "enable_resource_name_dns_a_record": false,
                "enable_resource_name_dns_aaaa_record": false,
                "hostname_type": "ip-name"
              }
            ],
            "private_ip": "172.31.47.151",
            "public_dns": "ec2-13-60-33-163.eu-north-1.compute.amazonaws.com",
            "public_ip": "13.60.33.163",
            "root_block_device": [
              {
                "delete_on_termination": true,
                "device_name": "/dev/sda1",
                "encrypted": false,
                "iops": 100,
                "kms_key_id": "",
                "tags": {
                  "Created": "2024-03-09T18:34:24Z",
                  "Creator": "kirill.bas"
                },
                "tags_all": {
                  "Created": "2024-03-09T18:34:24Z",
                  "Creator": "kirill.bas"
                },
                "throughput": 0,
                "volume_id": "vol-085c4e381401a70cb",
                "volume_size": 8,
                "volume_type": "gp2"
              }
            ],
            "secondary_private_ips": [],
            "security_groups": [
              "allow_all_traffic"
            ],
            "source_dest_check": true,
            "spot_instance_request_id": "",
            "subnet_id": "subnet-9f8882e7",
            "tags": {
              "Created": "2024-03-09T18:34:24Z",
              "Creator": "kirill.bas",
              "Name": "16-job-70-read"
            },
            "tags_all": {
              "Created": "2024-03-09T18:34:24Z",
              "Creator": "kirill.bas",
              "Name": "16-job-70-read"
            },
            "tenancy": "default",
            "timeouts": null,
            "user_data": "5324c1603c1612482d1025f9fa6db9194a975483",
            "user_data_base64": null,
            "user_data_replace_on_change": false,
            "volume_tags": null,
            "vpc_security_group_ids": [
              "sg-0aa945914098acd8e"
            ]
          },
          "sensitive_attributes": [],
          "private": "eyJlMmJmYjczMC1lY2FhLTExZTYtOGY4OC0zNDM2M2JjN2M0YzAiOnsiY3JlYXRlIjo2MDAwMDAwMDAwMDAsImRlbGV0ZSI6MTIwMDAwMDAwMDAwMCwicmVhZCI6OTAwMDAwMDAwMDAwLCJ1cGRhdGUiOjYwMDAwMDAwMDAwMH0sInNjaGVtYV92ZXJzaW9uIjoiMSJ9",
          "dependencies": [
            "aws_iam_instance_profile.fuse_benchmark_iam_profile",
            "aws_iam_role.fuse_benchmark_iam_role",
            "aws_s3_bucket.s3fs_buckets",
            "aws_s3_bucket.s3fs_results",
            "aws_security_group.fuse_benchmark_allow_all",
            "data.aws_region.current"
          ]
        },
        {
          "index_key": 8,
          "schema_version": 1,
          "attributes": {
            "ami": "ami-08a7297c0f05d943d",
            "arn": "arn:aws:ec2:eu-north-1:754745079939:instance/i-0ab96bdecb138d494",
            "associate_public_ip_address": true,
            "availability_zone": "eu-north-1b",
            "capacity_reservation_specification": [
              {
                "capacity_reservation_preference": "open",
                "capacity_reservation_target": []
              }
            ],
            "cpu_core_count": 16,
            "cpu_options": [
              {
                "amd_sev_snp": "",
                "core_count": 16,
                "threads_per_core": 1
              }
            ],
            "cpu_threads_per_core": 1,
            "credit_specification": [],
            "disable_api_stop": false,
            "disable_api_termination": false,
            "ebs_block_device": [],
            "ebs_optimized": false,
            "enclave_options": [
              {
                "enabled": false
              }
            ],
            "ephemeral_block_device": [],
            "get_password_data": false,
            "hibernation": false,
            "host_id": "",
            "host_resource_group_arn": null,
            "iam_instance_profile": "fuse_benchmark_20240309-063250",
            "id": "i-0ab96bdecb138d494",
            "instance_initiated_shutdown_behavior": "stop",
            "instance_lifecycle": "",
            "instance_market_options": [],
            "instance_state": "running",
            "instance_type": "c6g.4xlarge",
            "ipv6_address_count": 0,
            "ipv6_addresses": [],
            "key_name": "",
            "launch_template": [],
            "maintenance_options": [
              {
                "auto_recovery": "default"
              }
            ],
            "metadata_options": [
              {
                "http_endpoint": "enabled",
                "http_protocol_ipv6": "disabled",
                "http_put_response_hop_limit": 1,
                "http_tokens": "optional",
                "instance_metadata_tags": "disabled"
              }
            ],
            "monitoring": false,
            "network_interface": [],
            "outpost_arn": "",
            "password_data": "",
            "placement_group": "",
            "placement_partition_number": 0,
            "primary_network_interface_id": "eni-0789182213d9edcf6",
            "private_dns": "ip-172-31-37-169.eu-north-1.compute.internal",
            "private_dns_name_options": [
              {
                "enable_resource_name_dns_a_record": false,
                "enable_resource_name_dns_aaaa_record": false,
                "hostname_type": "ip-name"
              }
            ],
            "private_ip": "172.31.37.169",
            "public_dns": "ec2-16-171-30-82.eu-north-1.compute.amazonaws.com",
            "public_ip": "16.171.30.82",
            "root_block_device": [
              {
                "delete_on_termination": true,
                "device_name": "/dev/sda1",
                "encrypted": false,
                "iops": 100,
                "kms_key_id": "",
                "tags": {
                  "Created": "2024-03-09T18:34:14Z",
                  "Creator": "kirill.bas"
                },
                "tags_all": {
                  "Created": "2024-03-09T18:34:14Z",
                  "Creator": "kirill.bas"
                },
                "throughput": 0,
                "volume_id": "vol-00f6244c80eb29b0d",
                "volume_size": 8,
                "volume_type": "gp2"
              }
            ],
            "secondary_private_ips": [],
            "security_groups": [
              "allow_all_traffic"
            ],
            "source_dest_check": true,
            "spot_instance_request_id": "",
            "subnet_id": "subnet-9f8882e7",
            "tags": {
              "Created": "2024-03-09T18:34:14Z",
              "Creator": "kirill.bas",
              "Name": "16-job-random-read"
            },
            "tags_all": {
              "Created": "2024-03-09T18:34:14Z",
              "Creator": "kirill.bas",
              "Name": "16-job-random-read"
            },
            "tenancy": "default",
            "timeouts": null,
            "user_data": "198dd2bff4cba201422e0a7a6dc9a110a9026b2f",
            "user_data_base64": null,
            "user_data_replace_on_change": false,
            "volume_tags": null,
            "vpc_security_group_ids": [
              "sg-0aa945914098acd8e"
            ]
          },
          "sensitive_attributes": [],
          "private": "eyJlMmJmYjczMC1lY2FhLTExZTYtOGY4OC0zNDM2M2JjN2M0YzAiOnsiY3JlYXRlIjo2MDAwMDAwMDAwMDAsImRlbGV0ZSI6MTIwMDAwMDAwMDAwMCwicmVhZCI6OTAwMDAwMDAwMDAwLCJ1cGRhdGUiOjYwMDAwMDAwMDAwMH0sInNjaGVtYV92ZXJzaW9uIjoiMSJ9",
          "dependencies": [
            "aws_iam_instance_profile.fuse_benchmark_iam_profile",
            "aws_iam_role.fuse_benchmark_iam_role",
            "aws_s3_bucket.s3fs_buckets",
            "aws_s3_bucket.s3fs_results",
            "aws_security_group.fuse_benchmark_allow_all",
            "data.aws_region.current"
          ]
        },
        {
          "index_key": 9,
          "schema_version": 1,
          "attributes": {
            "ami": "ami-08a7297c0f05d943d",
            "arn": "arn:aws:ec2:eu-north-1:754745079939:instance/i-0b3e619ad8fdcfe76",
            "associate_public_ip_address": true,
            "availability_zone": "eu-north-1b",
            "capacity_reservation_specification": [
              {
                "capacity_reservation_preference": "open",
                "capacity_reservation_target": []
              }
            ],
            "cpu_core_count": 16,
            "cpu_options": [
              {
                "amd_sev_snp": "",
                "core_count": 16,
                "threads_per_core": 1
              }
            ],
            "cpu_threads_per_core": 1,
            "credit_specification": [],
            "disable_api_stop": false,
            "disable_api_termination": false,
            "ebs_block_device": [],
            "ebs_optimized": false,
            "enclave_options": [
              {
                "enabled": false
              }
            ],
            "ephemeral_block_device": [],
            "get_password_data": false,
            "hibernation": false,
            "host_id": "",
            "host_resource_group_arn": null,
            "iam_instance_profile": "fuse_benchmark_20240309-063250",
            "id": "i-0b3e619ad8fdcfe76",
            "instance_initiated_shutdown_behavior": "stop",
            "instance_lifecycle": "",
            "instance_market_options": [],
            "instance_state": "running",
            "instance_type": "c6g.4xlarge",
            "ipv6_address_count": 0,
            "ipv6_addresses": [],
            "key_name": "",
            "launch_template": [],
            "maintenance_options": [
              {
                "auto_recovery": "default"
              }
            ],
            "metadata_options": [
              {
                "http_endpoint": "enabled",
                "http_protocol_ipv6": "disabled",
                "http_put_response_hop_limit": 1,
                "http_tokens": "optional",
                "instance_metadata_tags": "disabled"
              }
            ],
            "monitoring": false,
            "network_interface": [],
            "outpost_arn": "",
            "password_data": "",
            "placement_group": "",
            "placement_partition_number": 0,
            "primary_network_interface_id": "eni-08abda50fa780ff33",
            "private_dns": "ip-172-31-36-161.eu-north-1.compute.internal",
            "private_dns_name_options": [
              {
                "enable_resource_name_dns_a_record": false,
                "enable_resource_name_dns_aaaa_record": false,
                "hostname_type": "ip-name"
              }
            ],
            "private_ip": "172.31.36.161",
            "public_dns": "ec2-16-171-138-7.eu-north-1.compute.amazonaws.com",
            "public_ip": "16.171.138.7",
            "root_block_device": [
              {
                "delete_on_termination": true,
                "device_name": "/dev/sda1",
                "encrypted": false,
                "iops": 100,
                "kms_key_id": "",
                "tags": {
                  "Created": "2024-03-09T18:34:25Z",
                  "Creator": "kirill.bas"
                },
                "tags_all": {
                  "Created": "2024-03-09T18:34:25Z",
                  "Creator": "kirill.bas"
                },
                "throughput": 0,
                "volume_id": "vol-01bec79cb330901d5",
                "volume_size": 8,
                "volume_type": "gp2"
              }
            ],
            "secondary_private_ips": [],
            "security_groups": [
              "allow_all_traffic"
            ],
            "source_dest_check": true,
            "spot_instance_request_id": "",
            "subnet_id": "subnet-9f8882e7",
            "tags": {
              "Created": "2024-03-09T18:34:25Z",
              "Creator": "kirill.bas",
              "Name": "16-job-random-write"
            },
            "tags_all": {
              "Created": "2024-03-09T18:34:25Z",
              "Creator": "kirill.bas",
              "Name": "16-job-random-write"
            },
            "tenancy": "default",
            "timeouts": null,
            "user_data": "cb2d0cb02fe42c7060ea3476deeabe2f658ef850",
            "user_data_base64": null,
            "user_data_replace_on_change": false,
            "volume_tags": null,
            "vpc_security_group_ids": [
              "sg-0aa945914098acd8e"
            ]
          },
          "sensitive_attributes": [],
          "private": "eyJlMmJmYjczMC1lY2FhLTExZTYtOGY4OC0zNDM2M2JjN2M0YzAiOnsiY3JlYXRlIjo2MDAwMDAwMDAwMDAsImRlbGV0ZSI6MTIwMDAwMDAwMDAwMCwicmVhZCI6OTAwMDAwMDAwMDAwLCJ1cGRhdGUiOjYwMDAwMDAwMDAwMH0sInNjaGVtYV92ZXJzaW9uIjoiMSJ9",
          "dependencies": [
            "aws_iam_instance_profile.fuse_benchmark_iam_profile",
            "aws_iam_role.fuse_benchmark_iam_role",
            "aws_s3_bucket.s3fs_buckets",
            "aws_s3_bucket.s3fs_results",
            "aws_security_group.fuse_benchmark_allow_all",
            "data.aws_region.current"
          ]
        },
        {
          "index_key": 10,
          "schema_version": 1,
          "attributes": {
            "ami": "ami-08a7297c0f05d943d",
            "arn": "arn:aws:ec2:eu-north-1:754745079939:instance/i-017809e7b0520c3d5",
            "associate_public_ip_address": true,
            "availability_zone": "eu-north-1b",
            "capacity_reservation_specification": [
              {
                "capacity_reservation_preference": "open",
                "capacity_reservation_target": []
              }
            ],
            "cpu_core_count": 16,
            "cpu_options": [
              {
                "amd_sev_snp": "",
                "core_count": 16,
                "threads_per_core": 1
              }
            ],
            "cpu_threads_per_core": 1,
            "credit_specification": [],
            "disable_api_stop": false,
            "disable_api_termination": false,
            "ebs_block_device": [],
            "ebs_optimized": false,
            "enclave_options": [
              {
                "enabled": false
              }
            ],
            "ephemeral_block_device": [],
            "get_password_data": false,
            "hibernation": false,
            "host_id": "",
            "host_resource_group_arn": null,
            "iam_instance_profile": "fuse_benchmark_20240309-063250",
            "id": "i-017809e7b0520c3d5",
            "instance_initiated_shutdown_behavior": "stop",
            "instance_lifecycle": "",
            "instance_market_options": [],
            "instance_state": "running",
            "instance_type": "c6g.4xlarge",
            "ipv6_address_count": 0,
            "ipv6_addresses": [],
            "key_name": "",
            "launch_template": [],
            "maintenance_options": [
              {
                "auto_recovery": "default"
              }
            ],
            "metadata_options": [
              {
                "http_endpoint": "enabled",
                "http_protocol_ipv6": "disabled",
                "http_put_response_hop_limit": 1,
                "http_tokens": "optional",
                "instance_metadata_tags": "disabled"
              }
            ],
            "monitoring": false,
            "network_interface": [],
            "outpost_arn": "",
            "password_data": "",
            "placement_group": "",
            "placement_partition_number": 0,
            "primary_network_interface_id": "eni-0a91cb821f23cf791",
            "private_dns": "ip-172-31-39-7.eu-north-1.compute.internal",
            "private_dns_name_options": [
              {
                "enable_resource_name_dns_a_record": false,
                "enable_resource_name_dns_aaaa_record": false,
                "hostname_type": "ip-name"
              }
            ],
            "private_ip": "172.31.39.7",
            "public_dns": "ec2-16-171-37-227.eu-north-1.compute.amazonaws.com",
            "public_ip": "16.171.37.227",
            "root_block_device": [
              {
                "delete_on_termination": true,
                "device_name": "/dev/sda1",
                "encrypted": false,
                "iops": 100,
                "kms_key_id": "",
                "tags": {
                  "Created": "2024-03-09T18:33:58Z",
                  "Creator": "kirill.bas"
                },
                "tags_all": {
                  "Created": "2024-03-09T18:33:58Z",
                  "Creator": "kirill.bas"
                },
                "throughput": 0,
                "volume_id": "vol-0f10cda1e1bf512f9",
                "volume_size": 8,
                "volume_type": "gp2"
              }
            ],
            "secondary_private_ips": [],
            "security_groups": [
              "allow_all_traffic"
            ],
            "source_dest_check": true,
            "spot_instance_request_id": "",
            "subnet_id": "subnet-9f8882e7",
            "tags": {
              "Created": "2024-03-09T18:33:58Z",
              "Creator": "kirill.bas",
              "Name": "16-job-sequential-read"
            },
            "tags_all": {
              "Created": "2024-03-09T18:33:58Z",
              "Creator": "kirill.bas",
              "Name": "16-job-sequential-read"
            },
            "tenancy": "default",
            "timeouts": null,
            "user_data": "17862433f1bbf3019aa206ddbc44790c42f804c6",
            "user_data_base64": null,
            "user_data_replace_on_change": false,
            "volume_tags": null,
            "vpc_security_group_ids": [
              "sg-0aa945914098acd8e"
            ]
          },
          "sensitive_attributes": [],
          "private": "eyJlMmJmYjczMC1lY2FhLTExZTYtOGY4OC0zNDM2M2JjN2M0YzAiOnsiY3JlYXRlIjo2MDAwMDAwMDAwMDAsImRlbGV0ZSI6MTIwMDAwMDAwMDAwMCwicmVhZCI6OTAwMDAwMDAwMDAwLCJ1cGRhdGUiOjYwMDAwMDAwMDAwMH0sInNjaGVtYV92ZXJzaW9uIjoiMSJ9",
          "dependencies": [
            "aws_iam_instance_profile.fuse_benchmark_iam_profile",
            "aws_iam_role.fuse_benchmark_iam_role",
            "aws_s3_bucket.s3fs_buckets",
            "aws_s3_bucket.s3fs_results",
            "aws_security_group.fuse_benchmark_allow_all",
            "data.aws_region.current"
          ]
        },
        {
          "index_key": 11,
          "schema_version": 1,
          "attributes": {
            "ami": "ami-08a7297c0f05d943d",
            "arn": "arn:aws:ec2:eu-north-1:754745079939:instance/i-0952a8b581f8be688",
            "associate_public_ip_address": true,
            "availability_zone": "eu-north-1b",
            "capacity_reservation_specification": [
              {
                "capacity_reservation_preference": "open",
                "capacity_reservation_target": []
              }
            ],
            "cpu_core_count": 16,
            "cpu_options": [
              {
                "amd_sev_snp": "",
                "core_count": 16,
                "threads_per_core": 1
              }
            ],
            "cpu_threads_per_core": 1,
            "credit_specification": [],
            "disable_api_stop": false,
            "disable_api_termination": false,
            "ebs_block_device": [],
            "ebs_optimized": false,
            "enclave_options": [
              {
                "enabled": false
              }
            ],
            "ephemeral_block_device": [],
            "get_password_data": false,
            "hibernation": false,
            "host_id": "",
            "host_resource_group_arn": null,
            "iam_instance_profile": "fuse_benchmark_20240309-063250",
            "id": "i-0952a8b581f8be688",
            "instance_initiated_shutdown_behavior": "stop",
            "instance_lifecycle": "",
            "instance_market_options": [],
            "instance_state": "running",
            "instance_type": "c6g.4xlarge",
            "ipv6_address_count": 0,
            "ipv6_addresses": [],
            "key_name": "",
            "launch_template": [],
            "maintenance_options": [
              {
                "auto_recovery": "default"
              }
            ],
            "metadata_options": [
              {
                "http_endpoint": "enabled",
                "http_protocol_ipv6": "disabled",
                "http_put_response_hop_limit": 1,
                "http_tokens": "optional",
                "instance_metadata_tags": "disabled"
              }
            ],
            "monitoring": false,
            "network_interface": [],
            "outpost_arn": "",
            "password_data": "",
            "placement_group": "",
            "placement_partition_number": 0,
            "primary_network_interface_id": "eni-051cea272448090b7",
            "private_dns": "ip-172-31-34-75.eu-north-1.compute.internal",
            "private_dns_name_options": [
              {
                "enable_resource_name_dns_a_record": false,
                "enable_resource_name_dns_aaaa_record": false,
                "hostname_type": "ip-name"
              }
            ],
            "private_ip": "172.31.34.75",
            "public_dns": "ec2-16-171-206-1.eu-north-1.compute.amazonaws.com",
            "public_ip": "16.171.206.1",
            "root_block_device": [
              {
                "delete_on_termination": true,
                "device_name": "/dev/sda1",
                "encrypted": false,
                "iops": 100,
                "kms_key_id": "",
                "tags": {
                  "Created": "2024-03-09T18:33:11Z",
                  "Creator": "kirill.bas"
                },
                "tags_all": {
                  "Created": "2024-03-09T18:33:11Z",
                  "Creator": "kirill.bas"
                },
                "throughput": 0,
                "volume_id": "vol-0debf74a3368780c0",
                "volume_size": 8,
                "volume_type": "gp2"
              }
            ],
            "secondary_private_ips": [],
            "security_groups": [
              "allow_all_traffic"
            ],
            "source_dest_check": true,
            "spot_instance_request_id": "",
            "subnet_id": "subnet-9f8882e7",
            "tags": {
              "Created": "2024-03-09T18:33:11Z",
              "Creator": "kirill.bas",
              "Name": "16-job-sequential-write"
            },
            "tags_all": {
              "Created": "2024-03-09T18:33:11Z",
              "Creator": "kirill.bas",
              "Name": "16-job-sequential-write"
            },
            "tenancy": "default",
            "timeouts": null,
            "user_data": "5aa6f65798aea39bc2381f55ca263479a308154a",
            "user_data_base64": null,
            "user_data_replace_on_change": false,
            "volume_tags": null,
            "vpc_security_group_ids": [
              "sg-0aa945914098acd8e"
            ]
          },
          "sensitive_attributes": [],
          "private": "eyJlMmJmYjczMC1lY2FhLTExZTYtOGY4OC0zNDM2M2JjN2M0YzAiOnsiY3JlYXRlIjo2MDAwMDAwMDAwMDAsImRlbGV0ZSI6MTIwMDAwMDAwMDAwMCwicmVhZCI6OTAwMDAwMDAwMDAwLCJ1cGRhdGUiOjYwMDAwMDAwMDAwMH0sInNjaGVtYV92ZXJzaW9uIjoiMSJ9",
          "dependencies": [
            "aws_iam_instance_profile.fuse_benchmark_iam_profile",
            "aws_iam_role.fuse_benchmark_iam_role",
            "aws_s3_bucket.s3fs_buckets",
            "aws_s3_bucket.s3fs_results",
            "aws_security_group.fuse_benchmark_allow_all",
            "data.aws_region.current"
          ]
        }
      ]
    },
    {
      "mode": "managed",
      "type": "aws_instance",
      "name": "s3fs_42kb",
      "provider": "provider[\"registry.terraform.io/hashicorp/aws\"]",
      "instances": [
        {
          "index_key": 0,
          "schema_version": 1,
          "attributes": {
            "ami": "ami-08a7297c0f05d943d",
            "arn": "arn:aws:ec2:eu-north-1:754745079939:instance/i-01ea4493273459155",
            "associate_public_ip_address": true,
            "availability_zone": "eu-north-1b",
            "capacity_reservation_specification": [
              {
                "capacity_reservation_preference": "open",
                "capacity_reservation_target": []
              }
            ],
            "cpu_core_count": 16,
            "cpu_options": [
              {
                "amd_sev_snp": "",
                "core_count": 16,
                "threads_per_core": 1
              }
            ],
            "cpu_threads_per_core": 1,
            "credit_specification": [],
            "disable_api_stop": false,
            "disable_api_termination": false,
            "ebs_block_device": [],
            "ebs_optimized": false,
            "enclave_options": [
              {
                "enabled": false
              }
            ],
            "ephemeral_block_device": [],
            "get_password_data": false,
            "hibernation": false,
            "host_id": "",
            "host_resource_group_arn": null,
            "iam_instance_profile": "fuse_benchmark_20240309-063250",
            "id": "i-01ea4493273459155",
            "instance_initiated_shutdown_behavior": "stop",
            "instance_lifecycle": "",
            "instance_market_options": [],
            "instance_state": "running",
            "instance_type": "c6g.4xlarge",
            "ipv6_address_count": 0,
            "ipv6_addresses": [],
            "key_name": "",
            "launch_template": [],
            "maintenance_options": [
              {
                "auto_recovery": "default"
              }
            ],
            "metadata_options": [
              {
                "http_endpoint": "enabled",
                "http_protocol_ipv6": "disabled",
                "http_put_response_hop_limit": 1,
                "http_tokens": "optional",
                "instance_metadata_tags": "disabled"
              }
            ],
            "monitoring": false,
            "network_interface": [],
            "outpost_arn": "",
            "password_data": "",
            "placement_group": "",
            "placement_partition_number": 0,
            "primary_network_interface_id": "eni-09882ba84a01b1f88",
            "private_dns": "ip-172-31-43-23.eu-north-1.compute.internal",
            "private_dns_name_options": [
              {
                "enable_resource_name_dns_a_record": false,
                "enable_resource_name_dns_aaaa_record": false,
                "hostname_type": "ip-name"
              }
            ],
            "private_ip": "172.31.43.23",
            "public_dns": "ec2-16-171-44-41.eu-north-1.compute.amazonaws.com",
            "public_ip": "16.171.44.41",
            "root_block_device": [
              {
                "delete_on_termination": true,
                "device_name": "/dev/sda1",
                "encrypted": false,
                "iops": 100,
                "kms_key_id": "",
                "tags": {
                  "Created": "2024-03-09T18:33:59Z",
                  "Creator": "kirill.bas"
                },
                "tags_all": {
                  "Created": "2024-03-09T18:33:59Z",
                  "Creator": "kirill.bas"
                },
                "throughput": 0,
                "volume_id": "vol-07341b4f98aa0e267",
                "volume_size": 8,
                "volume_type": "gp2"
              }
            ],
            "secondary_private_ips": [],
            "security_groups": [
              "allow_all_traffic"
            ],
            "source_dest_check": true,
            "spot_instance_request_id": "",
            "subnet_id": "subnet-9f8882e7",
            "tags": {
              "Created": "2024-03-09T18:33:59Z",
              "Creator": "kirill.bas",
              "Name": "1-job-30-write"
            },
            "tags_all": {
              "Created": "2024-03-09T18:33:59Z",
              "Creator": "kirill.bas",
              "Name": "1-job-30-write"
            },
            "tenancy": "default",
            "timeouts": null,
            "user_data": "e049d530c23f607194da631f51b4e39ce4bd125b",
            "user_data_base64": null,
            "user_data_replace_on_change": false,
            "volume_tags": null,
            "vpc_security_group_ids": [
              "sg-0aa945914098acd8e"
            ]
          },
          "sensitive_attributes": [],
          "private": "eyJlMmJmYjczMC1lY2FhLTExZTYtOGY4OC0zNDM2M2JjN2M0YzAiOnsiY3JlYXRlIjo2MDAwMDAwMDAwMDAsImRlbGV0ZSI6MTIwMDAwMDAwMDAwMCwicmVhZCI6OTAwMDAwMDAwMDAwLCJ1cGRhdGUiOjYwMDAwMDAwMDAwMH0sInNjaGVtYV92ZXJzaW9uIjoiMSJ9",
          "dependencies": [
            "aws_iam_instance_profile.fuse_benchmark_iam_profile",
            "aws_iam_role.fuse_benchmark_iam_role",
            "aws_s3_bucket.s3fs_buckets",
            "aws_s3_bucket.s3fs_results",
            "aws_security_group.fuse_benchmark_allow_all",
            "data.aws_region.current"
          ]
        },
        {
          "index_key": 1,
          "schema_version": 1,
          "attributes": {
            "ami": "ami-08a7297c0f05d943d",
            "arn": "arn:aws:ec2:eu-north-1:754745079939:instance/i-0e922027cd03d4498",
            "associate_public_ip_address": true,
            "availability_zone": "eu-north-1b",
            "capacity_reservation_specification": [
              {
                "capacity_reservation_preference": "open",
                "capacity_reservation_target": []
              }
            ],
            "cpu_core_count": 16,
            "cpu_options": [
              {
                "amd_sev_snp": "",
                "core_count": 16,
                "threads_per_core": 1
              }
            ],
            "cpu_threads_per_core": 1,
            "credit_specification": [],
            "disable_api_stop": false,
            "disable_api_termination": false,
            "ebs_block_device": [],
            "ebs_optimized": false,
            "enclave_options": [
              {
                "enabled": false
              }
            ],
            "ephemeral_block_device": [],
            "get_password_data": false,
            "hibernation": false,
            "host_id": "",
            "host_resource_group_arn": null,
            "iam_instance_profile": "fuse_benchmark_20240309-063250",
            "id": "i-0e922027cd03d4498",
            "instance_initiated_shutdown_behavior": "stop",
            "instance_lifecycle": "",
            "instance_market_options": [],
            "instance_state": "running",
            "instance_type": "c6g.4xlarge",
            "ipv6_address_count": 0,
            "ipv6_addresses": [],
            "key_name": "",
            "launch_template": [],
            "maintenance_options": [
              {
                "auto_recovery": "default"
              }
            ],
            "metadata_options": [
              {
                "http_endpoint": "enabled",
                "http_protocol_ipv6": "disabled",
                "http_put_response_hop_limit": 1,
                "http_tokens": "optional",
                "instance_metadata_tags": "disabled"
              }
            ],
            "monitoring": false,
            "network_interface": [],
            "outpost_arn": "",
            "password_data": "",
            "placement_group": "",
            "placement_partition_number": 0,
            "primary_network_interface_id": "eni-025b1e42691f8d0b8",
            "private_dns": "ip-172-31-35-53.eu-north-1.compute.internal",
            "private_dns_name_options": [
              {
                "enable_resource_name_dns_a_record": false,
                "enable_resource_name_dns_aaaa_record": false,
                "hostname_type": "ip-name"
              }
            ],
            "private_ip": "172.31.35.53",
            "public_dns": "ec2-13-60-52-232.eu-north-1.compute.amazonaws.com",
            "public_ip": "13.60.52.232",
            "root_block_device": [
              {
                "delete_on_termination": true,
                "device_name": "/dev/sda1",
                "encrypted": false,
                "iops": 100,
                "kms_key_id": "",
                "tags": {
                  "Created": "2024-03-09T18:33:39Z",
                  "Creator": "kirill.bas"
                },
                "tags_all": {
                  "Created": "2024-03-09T18:33:39Z",
                  "Creator": "kirill.bas"
                },
                "throughput": 0,
                "volume_id": "vol-0ca4a6db16d415406",
                "volume_size": 8,
                "volume_type": "gp2"
              }
            ],
            "secondary_private_ips": [],
            "security_groups": [
              "allow_all_traffic"
            ],
            "source_dest_check": true,
            "spot_instance_request_id": "",
            "subnet_id": "subnet-9f8882e7",
            "tags": {
              "Created": "2024-03-09T18:33:39Z",
              "Creator": "kirill.bas",
              "Name": "1-job-70-read"
            },
            "tags_all": {
              "Created": "2024-03-09T18:33:39Z",
              "Creator": "kirill.bas",
              "Name": "1-job-70-read"
            },
            "tenancy": "default",
            "timeouts": null,
            "user_data": "606de8b9f4cb41815a7e026caf395e0bc1a9c77d",
            "user_data_base64": null,
            "user_data_replace_on_change": false,
            "volume_tags": null,
            "vpc_security_group_ids": [
              "sg-0aa945914098acd8e"
            ]
          },
          "sensitive_attributes": [],
          "private": "eyJlMmJmYjczMC1lY2FhLTExZTYtOGY4OC0zNDM2M2JjN2M0YzAiOnsiY3JlYXRlIjo2MDAwMDAwMDAwMDAsImRlbGV0ZSI6MTIwMDAwMDAwMDAwMCwicmVhZCI6OTAwMDAwMDAwMDAwLCJ1cGRhdGUiOjYwMDAwMDAwMDAwMH0sInNjaGVtYV92ZXJzaW9uIjoiMSJ9",
          "dependencies": [
            "aws_iam_instance_profile.fuse_benchmark_iam_profile",
            "aws_iam_role.fuse_benchmark_iam_role",
            "aws_s3_bucket.s3fs_buckets",
            "aws_s3_bucket.s3fs_results",
            "aws_security_group.fuse_benchmark_allow_all",
            "data.aws_region.current"
          ]
        },
        {
          "index_key": 2,
          "schema_version": 1,
          "attributes": {
            "ami": "ami-08a7297c0f05d943d",
            "arn": "arn:aws:ec2:eu-north-1:754745079939:instance/i-05e7ab70d5dda6a7a",
            "associate_public_ip_address": true,
            "availability_zone": "eu-north-1b",
            "capacity_reservation_specification": [
              {
                "capacity_reservation_preference": "open",
                "capacity_reservation_target": []
              }
            ],
            "cpu_core_count": 16,
            "cpu_options": [
              {
                "amd_sev_snp": "",
                "core_count": 16,
                "threads_per_core": 1
              }
            ],
            "cpu_threads_per_core": 1,
            "credit_specification": [],
            "disable_api_stop": false,
            "disable_api_termination": false,
            "ebs_block_device": [],
            "ebs_optimized": false,
            "enclave_options": [
              {
                "enabled": false
              }
            ],
            "ephemeral_block_device": [],
            "get_password_data": false,
            "hibernation": false,
            "host_id": "",
            "host_resource_group_arn": null,
            "iam_instance_profile": "fuse_benchmark_20240309-063250",
            "id": "i-05e7ab70d5dda6a7a",
            "instance_initiated_shutdown_behavior": "stop",
            "instance_lifecycle": "",
            "instance_market_options": [],
            "instance_state": "running",
            "instance_type": "c6g.4xlarge",
            "ipv6_address_count": 0,
            "ipv6_addresses": [],
            "key_name": "",
            "launch_template": [],
            "maintenance_options": [
              {
                "auto_recovery": "default"
              }
            ],
            "metadata_options": [
              {
                "http_endpoint": "enabled",
                "http_protocol_ipv6": "disabled",
                "http_put_response_hop_limit": 1,
                "http_tokens": "optional",
                "instance_metadata_tags": "disabled"
              }
            ],
            "monitoring": false,
            "network_interface": [],
            "outpost_arn": "",
            "password_data": "",
            "placement_group": "",
            "placement_partition_number": 0,
            "primary_network_interface_id": "eni-046e95af270b4e8fb",
            "private_dns": "ip-172-31-34-63.eu-north-1.compute.internal",
            "private_dns_name_options": [
              {
                "enable_resource_name_dns_a_record": false,
                "enable_resource_name_dns_aaaa_record": false,
                "hostname_type": "ip-name"
              }
            ],
            "private_ip": "172.31.34.63",
            "public_dns": "ec2-13-48-194-199.eu-north-1.compute.amazonaws.com",
            "public_ip": "13.48.194.199",
            "root_block_device": [
              {
                "delete_on_termination": true,
                "device_name": "/dev/sda1",
                "encrypted": false,
                "iops": 100,
                "kms_key_id": "",
                "tags": {
                  "Created": "2024-03-09T18:33:42Z",
                  "Creator": "kirill.bas"
                },
                "tags_all": {
                  "Created": "2024-03-09T18:33:42Z",
                  "Creator": "kirill.bas"
                },
                "throughput": 0,
                "volume_id": "vol-0906b0373b19bc058",
                "volume_size": 8,
                "volume_type": "gp2"
              }
            ],
            "secondary_private_ips": [],
            "security_groups": [
              "allow_all_traffic"
            ],
            "source_dest_check": true,
            "spot_instance_request_id": "",
            "subnet_id": "subnet-9f8882e7",
            "tags": {
              "Created": "2024-03-09T18:33:42Z",
              "Creator": "kirill.bas",
              "Name": "1-job-random-read"
            },
            "tags_all": {
              "Created": "2024-03-09T18:33:42Z",
              "Creator": "kirill.bas",
              "Name": "1-job-random-read"
            },
            "tenancy": "default",
            "timeouts": null,
            "user_data": "fb089d2c474d2af69f991ee57c03510cde38380e",
            "user_data_base64": null,
            "user_data_replace_on_change": false,
            "volume_tags": null,
            "vpc_security_group_ids": [
              "sg-0aa945914098acd8e"
            ]
          },
          "sensitive_attributes": [],
          "private": "eyJlMmJmYjczMC1lY2FhLTExZTYtOGY4OC0zNDM2M2JjN2M0YzAiOnsiY3JlYXRlIjo2MDAwMDAwMDAwMDAsImRlbGV0ZSI6MTIwMDAwMDAwMDAwMCwicmVhZCI6OTAwMDAwMDAwMDAwLCJ1cGRhdGUiOjYwMDAwMDAwMDAwMH0sInNjaGVtYV92ZXJzaW9uIjoiMSJ9",
          "dependencies": [
            "aws_iam_instance_profile.fuse_benchmark_iam_profile",
            "aws_iam_role.fuse_benchmark_iam_role",
            "aws_s3_bucket.s3fs_buckets",
            "aws_s3_bucket.s3fs_results",
            "aws_security_group.fuse_benchmark_allow_all",
            "data.aws_region.current"
          ]
        },
        {
          "index_key": 3,
          "schema_version": 1,
          "attributes": {
            "ami": "ami-08a7297c0f05d943d",
            "arn": "arn:aws:ec2:eu-north-1:754745079939:instance/i-01da99ba85d27ea45",
            "associate_public_ip_address": true,
            "availability_zone": "eu-north-1b",
            "capacity_reservation_specification": [
              {
                "capacity_reservation_preference": "open",
                "capacity_reservation_target": []
              }
            ],
            "cpu_core_count": 16,
            "cpu_options": [
              {
                "amd_sev_snp": "",
                "core_count": 16,
                "threads_per_core": 1
              }
            ],
            "cpu_threads_per_core": 1,
            "credit_specification": [],
            "disable_api_stop": false,
            "disable_api_termination": false,
            "ebs_block_device": [],
            "ebs_optimized": false,
            "enclave_options": [
              {
                "enabled": false
              }
            ],
            "ephemeral_block_device": [],
            "get_password_data": false,
            "hibernation": false,
            "host_id": "",
            "host_resource_group_arn": null,
            "iam_instance_profile": "fuse_benchmark_20240309-063250",
            "id": "i-01da99ba85d27ea45",
            "instance_initiated_shutdown_behavior": "stop",
            "instance_lifecycle": "",
            "instance_market_options": [],
            "instance_state": "running",
            "instance_type": "c6g.4xlarge",
            "ipv6_address_count": 0,
            "ipv6_addresses": [],
            "key_name": "",
            "launch_template": [],
            "maintenance_options": [
              {
                "auto_recovery": "default"
              }
            ],
            "metadata_options": [
              {
                "http_endpoint": "enabled",
                "http_protocol_ipv6": "disabled",
                "http_put_response_hop_limit": 1,
                "http_tokens": "optional",
                "instance_metadata_tags": "disabled"
              }
            ],
            "monitoring": false,
            "network_interface": [],
            "outpost_arn": "",
            "password_data": "",
            "placement_group": "",
            "placement_partition_number": 0,
            "primary_network_interface_id": "eni-037bd020383956586",
            "private_dns": "ip-172-31-34-179.eu-north-1.compute.internal",
            "private_dns_name_options": [
              {
                "enable_resource_name_dns_a_record": false,
                "enable_resource_name_dns_aaaa_record": false,
                "hostname_type": "ip-name"
              }
            ],
            "private_ip": "172.31.34.179",
            "public_dns": "ec2-51-20-185-211.eu-north-1.compute.amazonaws.com",
            "public_ip": "51.20.185.211",
            "root_block_device": [
              {
                "delete_on_termination": true,
                "device_name": "/dev/sda1",
                "encrypted": false,
                "iops": 100,
                "kms_key_id": "",
                "tags": {
                  "Created": "2024-03-09T18:33:39Z",
                  "Creator": "kirill.bas"
                },
                "tags_all": {
                  "Created": "2024-03-09T18:33:39Z",
                  "Creator": "kirill.bas"
                },
                "throughput": 0,
                "volume_id": "vol-091929ec1defa953e",
                "volume_size": 8,
                "volume_type": "gp2"
              }
            ],
            "secondary_private_ips": [],
            "security_groups": [
              "allow_all_traffic"
            ],
            "source_dest_check": true,
            "spot_instance_request_id": "",
            "subnet_id": "subnet-9f8882e7",
            "tags": {
              "Created": "2024-03-09T18:33:39Z",
              "Creator": "kirill.bas",
              "Name": "1-job-random-write"
            },
            "tags_all": {
              "Created": "2024-03-09T18:33:39Z",
              "Creator": "kirill.bas",
              "Name": "1-job-random-write"
            },
            "tenancy": "default",
            "timeouts": null,
            "user_data": "fa4cbbde38106dd960a3ca93c480845edd6e2c78",
            "user_data_base64": null,
            "user_data_replace_on_change": false,
            "volume_tags": null,
            "vpc_security_group_ids": [
              "sg-0aa945914098acd8e"
            ]
          },
          "sensitive_attributes": [],
          "private": "eyJlMmJmYjczMC1lY2FhLTExZTYtOGY4OC0zNDM2M2JjN2M0YzAiOnsiY3JlYXRlIjo2MDAwMDAwMDAwMDAsImRlbGV0ZSI6MTIwMDAwMDAwMDAwMCwicmVhZCI6OTAwMDAwMDAwMDAwLCJ1cGRhdGUiOjYwMDAwMDAwMDAwMH0sInNjaGVtYV92ZXJzaW9uIjoiMSJ9",
          "dependencies": [
            "aws_iam_instance_profile.fuse_benchmark_iam_profile",
            "aws_iam_role.fuse_benchmark_iam_role",
            "aws_s3_bucket.s3fs_buckets",
            "aws_s3_bucket.s3fs_results",
            "aws_security_group.fuse_benchmark_allow_all",
            "data.aws_region.current"
          ]
        },
        {
          "index_key": 4,
          "schema_version": 1,
          "attributes": {
            "ami": "ami-08a7297c0f05d943d",
            "arn": "arn:aws:ec2:eu-north-1:754745079939:instance/i-0a1498077a91ee6c9",
            "associate_public_ip_address": true,
            "availability_zone": "eu-north-1b",
            "capacity_reservation_specification": [
              {
                "capacity_reservation_preference": "open",
                "capacity_reservation_target": []
              }
            ],
            "cpu_core_count": 16,
            "cpu_options": [
              {
                "amd_sev_snp": "",
                "core_count": 16,
                "threads_per_core": 1
              }
            ],
            "cpu_threads_per_core": 1,
            "credit_specification": [],
            "disable_api_stop": false,
            "disable_api_termination": false,
            "ebs_block_device": [],
            "ebs_optimized": false,
            "enclave_options": [
              {
                "enabled": false
              }
            ],
            "ephemeral_block_device": [],
            "get_password_data": false,
            "hibernation": false,
            "host_id": "",
            "host_resource_group_arn": null,
            "iam_instance_profile": "fuse_benchmark_20240309-063250",
            "id": "i-0a1498077a91ee6c9",
            "instance_initiated_shutdown_behavior": "stop",
            "instance_lifecycle": "",
            "instance_market_options": [],
            "instance_state": "running",
            "instance_type": "c6g.4xlarge",
            "ipv6_address_count": 0,
            "ipv6_addresses": [],
            "key_name": "",
            "launch_template": [],
            "maintenance_options": [
              {
                "auto_recovery": "default"
              }
            ],
            "metadata_options": [
              {
                "http_endpoint": "enabled",
                "http_protocol_ipv6": "disabled",
                "http_put_response_hop_limit": 1,
                "http_tokens": "optional",
                "instance_metadata_tags": "disabled"
              }
            ],
            "monitoring": false,
            "network_interface": [],
            "outpost_arn": "",
            "password_data": "",
            "placement_group": "",
            "placement_partition_number": 0,
            "primary_network_interface_id": "eni-0fdaf3159dfaef2e8",
            "private_dns": "ip-172-31-36-124.eu-north-1.compute.internal",
            "private_dns_name_options": [
              {
                "enable_resource_name_dns_a_record": false,
                "enable_resource_name_dns_aaaa_record": false,
                "hostname_type": "ip-name"
              }
            ],
            "private_ip": "172.31.36.124",
            "public_dns": "ec2-16-171-134-116.eu-north-1.compute.amazonaws.com",
            "public_ip": "16.171.134.116",
            "root_block_device": [
              {
                "delete_on_termination": true,
                "device_name": "/dev/sda1",
                "encrypted": false,
                "iops": 100,
                "kms_key_id": "",
                "tags": {
                  "Created": "2024-03-09T18:33:53Z",
                  "Creator": "kirill.bas"
                },
                "tags_all": {
                  "Created": "2024-03-09T18:33:53Z",
                  "Creator": "kirill.bas"
                },
                "throughput": 0,
                "volume_id": "vol-0ca85afd1e49ebd19",
                "volume_size": 8,
                "volume_type": "gp2"
              }
            ],
            "secondary_private_ips": [],
            "security_groups": [
              "allow_all_traffic"
            ],
            "source_dest_check": true,
            "spot_instance_request_id": "",
            "subnet_id": "subnet-9f8882e7",
            "tags": {
              "Created": "2024-03-09T18:33:53Z",
              "Creator": "kirill.bas",
              "Name": "1-job-sequential-read"
            },
            "tags_all": {
              "Created": "2024-03-09T18:33:53Z",
              "Creator": "kirill.bas",
              "Name": "1-job-sequential-read"
            },
            "tenancy": "default",
            "timeouts": null,
            "user_data": "a139e08956b3508d619785feaf3a8f5b10505bf1",
            "user_data_base64": null,
            "user_data_replace_on_change": false,
            "volume_tags": null,
            "vpc_security_group_ids": [
              "sg-0aa945914098acd8e"
            ]
          },
          "sensitive_attributes": [],
          "private": "eyJlMmJmYjczMC1lY2FhLTExZTYtOGY4OC0zNDM2M2JjN2M0YzAiOnsiY3JlYXRlIjo2MDAwMDAwMDAwMDAsImRlbGV0ZSI6MTIwMDAwMDAwMDAwMCwicmVhZCI6OTAwMDAwMDAwMDAwLCJ1cGRhdGUiOjYwMDAwMDAwMDAwMH0sInNjaGVtYV92ZXJzaW9uIjoiMSJ9",
          "dependencies": [
            "aws_iam_instance_profile.fuse_benchmark_iam_profile",
            "aws_iam_role.fuse_benchmark_iam_role",
            "aws_s3_bucket.s3fs_buckets",
            "aws_s3_bucket.s3fs_results",
            "aws_security_group.fuse_benchmark_allow_all",
            "data.aws_region.current"
          ]
        },
        {
          "index_key": 5,
          "schema_version": 1,
          "attributes": {
            "ami": "ami-08a7297c0f05d943d",
            "arn": "arn:aws:ec2:eu-north-1:754745079939:instance/i-02ab9b7b26f4361b5",
            "associate_public_ip_address": true,
            "availability_zone": "eu-north-1b",
            "capacity_reservation_specification": [
              {
                "capacity_reservation_preference": "open",
                "capacity_reservation_target": []
              }
            ],
            "cpu_core_count": 16,
            "cpu_options": [
              {
                "amd_sev_snp": "",
                "core_count": 16,
                "threads_per_core": 1
              }
            ],
            "cpu_threads_per_core": 1,
            "credit_specification": [],
            "disable_api_stop": false,
            "disable_api_termination": false,
            "ebs_block_device": [],
            "ebs_optimized": false,
            "enclave_options": [
              {
                "enabled": false
              }
            ],
            "ephemeral_block_device": [],
            "get_password_data": false,
            "hibernation": false,
            "host_id": "",
            "host_resource_group_arn": null,
            "iam_instance_profile": "fuse_benchmark_20240309-063250",
            "id": "i-02ab9b7b26f4361b5",
            "instance_initiated_shutdown_behavior": "stop",
            "instance_lifecycle": "",
            "instance_market_options": [],
            "instance_state": "running",
            "instance_type": "c6g.4xlarge",
            "ipv6_address_count": 0,
            "ipv6_addresses": [],
            "key_name": "",
            "launch_template": [],
            "maintenance_options": [
              {
                "auto_recovery": "default"
              }
            ],
            "metadata_options": [
              {
                "http_endpoint": "enabled",
                "http_protocol_ipv6": "disabled",
                "http_put_response_hop_limit": 1,
                "http_tokens": "optional",
                "instance_metadata_tags": "disabled"
              }
            ],
            "monitoring": false,
            "network_interface": [],
            "outpost_arn": "",
            "password_data": "",
            "placement_group": "",
            "placement_partition_number": 0,
            "primary_network_interface_id": "eni-0a73957071741dc01",
            "private_dns": "ip-172-31-33-128.eu-north-1.compute.internal",
            "private_dns_name_options": [
              {
                "enable_resource_name_dns_a_record": false,
                "enable_resource_name_dns_aaaa_record": false,
                "hostname_type": "ip-name"
              }
            ],
            "private_ip": "172.31.33.128",
            "public_dns": "ec2-13-60-45-24.eu-north-1.compute.amazonaws.com",
            "public_ip": "13.60.45.24",
            "root_block_device": [
              {
                "delete_on_termination": true,
                "device_name": "/dev/sda1",
                "encrypted": false,
                "iops": 100,
                "kms_key_id": "",
                "tags": {
                  "Created": "2024-03-09T18:34:09Z",
                  "Creator": "kirill.bas"
                },
                "tags_all": {
                  "Created": "2024-03-09T18:34:09Z",
                  "Creator": "kirill.bas"
                },
                "throughput": 0,
                "volume_id": "vol-09a2730e865b0481c",
                "volume_size": 8,
                "volume_type": "gp2"
              }
            ],
            "secondary_private_ips": [],
            "security_groups": [
              "allow_all_traffic"
            ],
            "source_dest_check": true,
            "spot_instance_request_id": "",
            "subnet_id": "subnet-9f8882e7",
            "tags": {
              "Created": "2024-03-09T18:34:09Z",
              "Creator": "kirill.bas",
              "Name": "1-job-sequential-write"
            },
            "tags_all": {
              "Created": "2024-03-09T18:34:09Z",
              "Creator": "kirill.bas",
              "Name": "1-job-sequential-write"
            },
            "tenancy": "default",
            "timeouts": null,
            "user_data": "1b02f7042f0d2f8483139009ce88918404a28efa",
            "user_data_base64": null,
            "user_data_replace_on_change": false,
            "volume_tags": null,
            "vpc_security_group_ids": [
              "sg-0aa945914098acd8e"
            ]
          },
          "sensitive_attributes": [],
          "private": "eyJlMmJmYjczMC1lY2FhLTExZTYtOGY4OC0zNDM2M2JjN2M0YzAiOnsiY3JlYXRlIjo2MDAwMDAwMDAwMDAsImRlbGV0ZSI6MTIwMDAwMDAwMDAwMCwicmVhZCI6OTAwMDAwMDAwMDAwLCJ1cGRhdGUiOjYwMDAwMDAwMDAwMH0sInNjaGVtYV92ZXJzaW9uIjoiMSJ9",
          "dependencies": [
            "aws_iam_instance_profile.fuse_benchmark_iam_profile",
            "aws_iam_role.fuse_benchmark_iam_role",
            "aws_s3_bucket.s3fs_buckets",
            "aws_s3_bucket.s3fs_results",
            "aws_security_group.fuse_benchmark_allow_all",
            "data.aws_region.current"
          ]
        },
        {
          "index_key": 6,
          "schema_version": 1,
          "attributes": {
            "ami": "ami-08a7297c0f05d943d",
            "arn": "arn:aws:ec2:eu-north-1:754745079939:instance/i-0c56eb0c67deb1431",
            "associate_public_ip_address": true,
            "availability_zone": "eu-north-1b",
            "capacity_reservation_specification": [
              {
                "capacity_reservation_preference": "open",
                "capacity_reservation_target": []
              }
            ],
            "cpu_core_count": 16,
            "cpu_options": [
              {
                "amd_sev_snp": "",
                "core_count": 16,
                "threads_per_core": 1
              }
            ],
            "cpu_threads_per_core": 1,
            "credit_specification": [],
            "disable_api_stop": false,
            "disable_api_termination": false,
            "ebs_block_device": [],
            "ebs_optimized": false,
            "enclave_options": [
              {
                "enabled": false
              }
            ],
            "ephemeral_block_device": [],
            "get_password_data": false,
            "hibernation": false,
            "host_id": "",
            "host_resource_group_arn": null,
            "iam_instance_profile": "fuse_benchmark_20240309-063250",
            "id": "i-0c56eb0c67deb1431",
            "instance_initiated_shutdown_behavior": "stop",
            "instance_lifecycle": "",
            "instance_market_options": [],
            "instance_state": "running",
            "instance_type": "c6g.4xlarge",
            "ipv6_address_count": 0,
            "ipv6_addresses": [],
            "key_name": "",
            "launch_template": [],
            "maintenance_options": [
              {
                "auto_recovery": "default"
              }
            ],
            "metadata_options": [
              {
                "http_endpoint": "enabled",
                "http_protocol_ipv6": "disabled",
                "http_put_response_hop_limit": 1,
                "http_tokens": "optional",
                "instance_metadata_tags": "disabled"
              }
            ],
            "monitoring": false,
            "network_interface": [],
            "outpost_arn": "",
            "password_data": "",
            "placement_group": "",
            "placement_partition_number": 0,
            "primary_network_interface_id": "eni-01ad4b749ef85e7bc",
            "private_dns": "ip-172-31-40-243.eu-north-1.compute.internal",
            "private_dns_name_options": [
              {
                "enable_resource_name_dns_a_record": false,
                "enable_resource_name_dns_aaaa_record": false,
                "hostname_type": "ip-name"
              }
            ],
            "private_ip": "172.31.40.243",
            "public_dns": "ec2-13-60-47-6.eu-north-1.compute.amazonaws.com",
            "public_ip": "13.60.47.6",
            "root_block_device": [
              {
                "delete_on_termination": true,
                "device_name": "/dev/sda1",
                "encrypted": false,
                "iops": 100,
                "kms_key_id": "",
                "tags": {
                  "Created": "2024-03-09T18:33:55Z",
                  "Creator": "kirill.bas"
                },
                "tags_all": {
                  "Created": "2024-03-09T18:33:55Z",
                  "Creator": "kirill.bas"
                },
                "throughput": 0,
                "volume_id": "vol-0ea1e1daa77080833",
                "volume_size": 8,
                "volume_type": "gp2"
              }
            ],
            "secondary_private_ips": [],
            "security_groups": [
              "allow_all_traffic"
            ],
            "source_dest_check": true,
            "spot_instance_request_id": "",
            "subnet_id": "subnet-9f8882e7",
            "tags": {
              "Created": "2024-03-09T18:33:55Z",
              "Creator": "kirill.bas",
              "Name": "16-job-30-write"
            },
            "tags_all": {
              "Created": "2024-03-09T18:33:55Z",
              "Creator": "kirill.bas",
              "Name": "16-job-30-write"
            },
            "tenancy": "default",
            "timeouts": null,
            "user_data": "dbbd784c2411af0f010e6ca0ec718ae529a95ea6",
            "user_data_base64": null,
            "user_data_replace_on_change": false,
            "volume_tags": null,
            "vpc_security_group_ids": [
              "sg-0aa945914098acd8e"
            ]
          },
          "sensitive_attributes": [],
          "private": "eyJlMmJmYjczMC1lY2FhLTExZTYtOGY4OC0zNDM2M2JjN2M0YzAiOnsiY3JlYXRlIjo2MDAwMDAwMDAwMDAsImRlbGV0ZSI6MTIwMDAwMDAwMDAwMCwicmVhZCI6OTAwMDAwMDAwMDAwLCJ1cGRhdGUiOjYwMDAwMDAwMDAwMH0sInNjaGVtYV92ZXJzaW9uIjoiMSJ9",
          "dependencies": [
            "aws_iam_instance_profile.fuse_benchmark_iam_profile",
            "aws_iam_role.fuse_benchmark_iam_role",
            "aws_s3_bucket.s3fs_buckets",
            "aws_s3_bucket.s3fs_results",
            "aws_security_group.fuse_benchmark_allow_all",
            "data.aws_region.current"
          ]
        },
        {
          "index_key": 7,
          "schema_version": 1,
          "attributes": {
            "ami": "ami-08a7297c0f05d943d",
            "arn": "arn:aws:ec2:eu-north-1:754745079939:instance/i-04e18316cf81c5973",
            "associate_public_ip_address": true,
            "availability_zone": "eu-north-1b",
            "capacity_reservation_specification": [
              {
                "capacity_reservation_preference": "open",
                "capacity_reservation_target": []
              }
            ],
            "cpu_core_count": 16,
            "cpu_options": [
              {
                "amd_sev_snp": "",
                "core_count": 16,
                "threads_per_core": 1
              }
            ],
            "cpu_threads_per_core": 1,
            "credit_specification": [],
            "disable_api_stop": false,
            "disable_api_termination": false,
            "ebs_block_device": [],
            "ebs_optimized": false,
            "enclave_options": [
              {
                "enabled": false
              }
            ],
            "ephemeral_block_device": [],
            "get_password_data": false,
            "hibernation": false,
            "host_id": "",
            "host_resource_group_arn": null,
            "iam_instance_profile": "fuse_benchmark_20240309-063250",
            "id": "i-04e18316cf81c5973",
            "instance_initiated_shutdown_behavior": "stop",
            "instance_lifecycle": "",
            "instance_market_options": [],
            "instance_state": "running",
            "instance_type": "c6g.4xlarge",
            "ipv6_address_count": 0,
            "ipv6_addresses": [],
            "key_name": "",
            "launch_template": [],
            "maintenance_options": [
              {
                "auto_recovery": "default"
              }
            ],
            "metadata_options": [
              {
                "http_endpoint": "enabled",
                "http_protocol_ipv6": "disabled",
                "http_put_response_hop_limit": 1,
                "http_tokens": "optional",
                "instance_metadata_tags": "disabled"
              }
            ],
            "monitoring": false,
            "network_interface": [],
            "outpost_arn": "",
            "password_data": "",
            "placement_group": "",
            "placement_partition_number": 0,
            "primary_network_interface_id": "eni-036436a15c6577a3e",
            "private_dns": "ip-172-31-46-12.eu-north-1.compute.internal",
            "private_dns_name_options": [
              {
                "enable_resource_name_dns_a_record": false,
                "enable_resource_name_dns_aaaa_record": false,
                "hostname_type": "ip-name"
              }
            ],
            "private_ip": "172.31.46.12",
            "public_dns": "ec2-16-171-198-240.eu-north-1.compute.amazonaws.com",
            "public_ip": "16.171.198.240",
            "root_block_device": [
              {
                "delete_on_termination": true,
                "device_name": "/dev/sda1",
                "encrypted": false,
                "iops": 100,
                "kms_key_id": "",
                "tags": {
                  "Created": "2024-03-09T18:33:25Z",
                  "Creator": "kirill.bas"
                },
                "tags_all": {
                  "Created": "2024-03-09T18:33:25Z",
                  "Creator": "kirill.bas"
                },
                "throughput": 0,
                "volume_id": "vol-017319d9b8933f4f3",
                "volume_size": 8,
                "volume_type": "gp2"
              }
            ],
            "secondary_private_ips": [],
            "security_groups": [
              "allow_all_traffic"
            ],
            "source_dest_check": true,
            "spot_instance_request_id": "",
            "subnet_id": "subnet-9f8882e7",
            "tags": {
              "Created": "2024-03-09T18:33:25Z",
              "Creator": "kirill.bas",
              "Name": "16-job-70-read"
            },
            "tags_all": {
              "Created": "2024-03-09T18:33:25Z",
              "Creator": "kirill.bas",
              "Name": "16-job-70-read"
            },
            "tenancy": "default",
            "timeouts": null,
            "user_data": "bbbf1471e895ddbe9e6dd0c1d57d1388bc4f5179",
            "user_data_base64": null,
            "user_data_replace_on_change": false,
            "volume_tags": null,
            "vpc_security_group_ids": [
              "sg-0aa945914098acd8e"
            ]
          },
          "sensitive_attributes": [],
          "private": "eyJlMmJmYjczMC1lY2FhLTExZTYtOGY4OC0zNDM2M2JjN2M0YzAiOnsiY3JlYXRlIjo2MDAwMDAwMDAwMDAsImRlbGV0ZSI6MTIwMDAwMDAwMDAwMCwicmVhZCI6OTAwMDAwMDAwMDAwLCJ1cGRhdGUiOjYwMDAwMDAwMDAwMH0sInNjaGVtYV92ZXJzaW9uIjoiMSJ9",
          "dependencies": [
            "aws_iam_instance_profile.fuse_benchmark_iam_profile",
            "aws_iam_role.fuse_benchmark_iam_role",
            "aws_s3_bucket.s3fs_buckets",
            "aws_s3_bucket.s3fs_results",
            "aws_security_group.fuse_benchmark_allow_all",
            "data.aws_region.current"
          ]
        },
        {
          "index_key": 8,
          "schema_version": 1,
          "attributes": {
            "ami": "ami-08a7297c0f05d943d",
            "arn": "arn:aws:ec2:eu-north-1:754745079939:instance/i-047ba439e7556b8c1",
            "associate_public_ip_address": true,
            "availability_zone": "eu-north-1b",
            "capacity_reservation_specification": [
              {
                "capacity_reservation_preference": "open",
                "capacity_reservation_target": []
              }
            ],
            "cpu_core_count": 16,
            "cpu_options": [
              {
                "amd_sev_snp": "",
                "core_count": 16,
                "threads_per_core": 1
              }
            ],
            "cpu_threads_per_core": 1,
            "credit_specification": [],
            "disable_api_stop": false,
            "disable_api_termination": false,
            "ebs_block_device": [],
            "ebs_optimized": false,
            "enclave_options": [
              {
                "enabled": false
              }
            ],
            "ephemeral_block_device": [],
            "get_password_data": false,
            "hibernation": false,
            "host_id": "",
            "host_resource_group_arn": null,
            "iam_instance_profile": "fuse_benchmark_20240309-063250",
            "id": "i-047ba439e7556b8c1",
            "instance_initiated_shutdown_behavior": "stop",
            "instance_lifecycle": "",
            "instance_market_options": [],
            "instance_state": "running",
            "instance_type": "c6g.4xlarge",
            "ipv6_address_count": 0,
            "ipv6_addresses": [],
            "key_name": "",
            "launch_template": [],
            "maintenance_options": [
              {
                "auto_recovery": "default"
              }
            ],
            "metadata_options": [
              {
                "http_endpoint": "enabled",
                "http_protocol_ipv6": "disabled",
                "http_put_response_hop_limit": 1,
                "http_tokens": "optional",
                "instance_metadata_tags": "disabled"
              }
            ],
            "monitoring": false,
            "network_interface": [],
            "outpost_arn": "",
            "password_data": "",
            "placement_group": "",
            "placement_partition_number": 0,
            "primary_network_interface_id": "eni-06f3010a976fc9ff8",
            "private_dns": "ip-172-31-36-10.eu-north-1.compute.internal",
            "private_dns_name_options": [
              {
                "enable_resource_name_dns_a_record": false,
                "enable_resource_name_dns_aaaa_record": false,
                "hostname_type": "ip-name"
              }
            ],
            "private_ip": "172.31.36.10",
            "public_dns": "ec2-16-170-248-134.eu-north-1.compute.amazonaws.com",
            "public_ip": "16.170.248.134",
            "root_block_device": [
              {
                "delete_on_termination": true,
                "device_name": "/dev/sda1",
                "encrypted": false,
                "iops": 100,
                "kms_key_id": "",
                "tags": {
                  "Created": "2024-03-09T18:33:41Z",
                  "Creator": "kirill.bas"
                },
                "tags_all": {
                  "Created": "2024-03-09T18:33:41Z",
                  "Creator": "kirill.bas"
                },
                "throughput": 0,
                "volume_id": "vol-03eb63452d3000014",
                "volume_size": 8,
                "volume_type": "gp2"
              }
            ],
            "secondary_private_ips": [],
            "security_groups": [
              "allow_all_traffic"
            ],
            "source_dest_check": true,
            "spot_instance_request_id": "",
            "subnet_id": "subnet-9f8882e7",
            "tags": {
              "Created": "2024-03-09T18:33:41Z",
              "Creator": "kirill.bas",
              "Name": "16-job-random-read"
            },
            "tags_all": {
              "Created": "2024-03-09T18:33:41Z",
              "Creator": "kirill.bas",
              "Name": "16-job-random-read"
            },
            "tenancy": "default",
            "timeouts": null,
            "user_data": "379a4bb6f76101774cbc3cfd55a894fdda350f37",
            "user_data_base64": null,
            "user_data_replace_on_change": false,
            "volume_tags": null,
            "vpc_security_group_ids": [
              "sg-0aa945914098acd8e"
            ]
          },
          "sensitive_attributes": [],
          "private": "eyJlMmJmYjczMC1lY2FhLTExZTYtOGY4OC0zNDM2M2JjN2M0YzAiOnsiY3JlYXRlIjo2MDAwMDAwMDAwMDAsImRlbGV0ZSI6MTIwMDAwMDAwMDAwMCwicmVhZCI6OTAwMDAwMDAwMDAwLCJ1cGRhdGUiOjYwMDAwMDAwMDAwMH0sInNjaGVtYV92ZXJzaW9uIjoiMSJ9",
          "dependencies": [
            "aws_iam_instance_profile.fuse_benchmark_iam_profile",
            "aws_iam_role.fuse_benchmark_iam_role",
            "aws_s3_bucket.s3fs_buckets",
            "aws_s3_bucket.s3fs_results",
            "aws_security_group.fuse_benchmark_allow_all",
            "data.aws_region.current"
          ]
        },
        {
          "index_key": 9,
          "schema_version": 1,
          "attributes": {
            "ami": "ami-08a7297c0f05d943d",
            "arn": "arn:aws:ec2:eu-north-1:754745079939:instance/i-0675a77954fd3ef7a",
            "associate_public_ip_address": true,
            "availability_zone": "eu-north-1b",
            "capacity_reservation_specification": [
              {
                "capacity_reservation_preference": "open",
                "capacity_reservation_target": []
              }
            ],
            "cpu_core_count": 16,
            "cpu_options": [
              {
                "amd_sev_snp": "",
                "core_count": 16,
                "threads_per_core": 1
              }
            ],
            "cpu_threads_per_core": 1,
            "credit_specification": [],
            "disable_api_stop": false,
            "disable_api_termination": false,
            "ebs_block_device": [],
            "ebs_optimized": false,
            "enclave_options": [
              {
                "enabled": false
              }
            ],
            "ephemeral_block_device": [],
            "get_password_data": false,
            "hibernation": false,
            "host_id": "",
            "host_resource_group_arn": null,
            "iam_instance_profile": "fuse_benchmark_20240309-063250",
            "id": "i-0675a77954fd3ef7a",
            "instance_initiated_shutdown_behavior": "stop",
            "instance_lifecycle": "",
            "instance_market_options": [],
            "instance_state": "running",
            "instance_type": "c6g.4xlarge",
            "ipv6_address_count": 0,
            "ipv6_addresses": [],
            "key_name": "",
            "launch_template": [],
            "maintenance_options": [
              {
                "auto_recovery": "default"
              }
            ],
            "metadata_options": [
              {
                "http_endpoint": "enabled",
                "http_protocol_ipv6": "disabled",
                "http_put_response_hop_limit": 1,
                "http_tokens": "optional",
                "instance_metadata_tags": "disabled"
              }
            ],
            "monitoring": false,
            "network_interface": [],
            "outpost_arn": "",
            "password_data": "",
            "placement_group": "",
            "placement_partition_number": 0,
            "primary_network_interface_id": "eni-0bd3b8c88ee08c6b9",
            "private_dns": "ip-172-31-34-118.eu-north-1.compute.internal",
            "private_dns_name_options": [
              {
                "enable_resource_name_dns_a_record": false,
                "enable_resource_name_dns_aaaa_record": false,
                "hostname_type": "ip-name"
              }
            ],
            "private_ip": "172.31.34.118",
            "public_dns": "ec2-13-53-174-243.eu-north-1.compute.amazonaws.com",
            "public_ip": "13.53.174.243",
            "root_block_device": [
              {
                "delete_on_termination": true,
                "device_name": "/dev/sda1",
                "encrypted": false,
                "iops": 100,
                "kms_key_id": "",
                "tags": {
                  "Created": "2024-03-09T18:34:38Z",
                  "Creator": "kirill.bas"
                },
                "tags_all": {
                  "Created": "2024-03-09T18:34:38Z",
                  "Creator": "kirill.bas"
                },
                "throughput": 0,
                "volume_id": "vol-08f062dfc93029d7b",
                "volume_size": 8,
                "volume_type": "gp2"
              }
            ],
            "secondary_private_ips": [],
            "security_groups": [
              "allow_all_traffic"
            ],
            "source_dest_check": true,
            "spot_instance_request_id": "",
            "subnet_id": "subnet-9f8882e7",
            "tags": {
              "Created": "2024-03-09T18:34:38Z",
              "Creator": "kirill.bas",
              "Name": "16-job-random-write"
            },
            "tags_all": {
              "Created": "2024-03-09T18:34:38Z",
              "Creator": "kirill.bas",
              "Name": "16-job-random-write"
            },
            "tenancy": "default",
            "timeouts": null,
            "user_data": "7dd04db839a2e850bdac0426d7cce66e368f6911",
            "user_data_base64": null,
            "user_data_replace_on_change": false,
            "volume_tags": null,
            "vpc_security_group_ids": [
              "sg-0aa945914098acd8e"
            ]
          },
          "sensitive_attributes": [],
          "private": "eyJlMmJmYjczMC1lY2FhLTExZTYtOGY4OC0zNDM2M2JjN2M0YzAiOnsiY3JlYXRlIjo2MDAwMDAwMDAwMDAsImRlbGV0ZSI6MTIwMDAwMDAwMDAwMCwicmVhZCI6OTAwMDAwMDAwMDAwLCJ1cGRhdGUiOjYwMDAwMDAwMDAwMH0sInNjaGVtYV92ZXJzaW9uIjoiMSJ9",
          "dependencies": [
            "aws_iam_instance_profile.fuse_benchmark_iam_profile",
            "aws_iam_role.fuse_benchmark_iam_role",
            "aws_s3_bucket.s3fs_buckets",
            "aws_s3_bucket.s3fs_results",
            "aws_security_group.fuse_benchmark_allow_all",
            "data.aws_region.current"
          ]
        },
        {
          "index_key": 10,
          "schema_version": 1,
          "attributes": {
            "ami": "ami-08a7297c0f05d943d",
            "arn": "arn:aws:ec2:eu-north-1:754745079939:instance/i-0e937db84e3608928",
            "associate_public_ip_address": true,
            "availability_zone": "eu-north-1b",
            "capacity_reservation_specification": [
              {
                "capacity_reservation_preference": "open",
                "capacity_reservation_target": []
              }
            ],
            "cpu_core_count": 16,
            "cpu_options": [
              {
                "amd_sev_snp": "",
                "core_count": 16,
                "threads_per_core": 1
              }
            ],
            "cpu_threads_per_core": 1,
            "credit_specification": [],
            "disable_api_stop": false,
            "disable_api_termination": false,
            "ebs_block_device": [],
            "ebs_optimized": false,
            "enclave_options": [
              {
                "enabled": false
              }
            ],
            "ephemeral_block_device": [],
            "get_password_data": false,
            "hibernation": false,
            "host_id": "",
            "host_resource_group_arn": null,
            "iam_instance_profile": "fuse_benchmark_20240309-063250",
            "id": "i-0e937db84e3608928",
            "instance_initiated_shutdown_behavior": "stop",
            "instance_lifecycle": "",
            "instance_market_options": [],
            "instance_state": "running",
            "instance_type": "c6g.4xlarge",
            "ipv6_address_count": 0,
            "ipv6_addresses": [],
            "key_name": "",
            "launch_template": [],
            "maintenance_options": [
              {
                "auto_recovery": "default"
              }
            ],
            "metadata_options": [
              {
                "http_endpoint": "enabled",
                "http_protocol_ipv6": "disabled",
                "http_put_response_hop_limit": 1,
                "http_tokens": "optional",
                "instance_metadata_tags": "disabled"
              }
            ],
            "monitoring": false,
            "network_interface": [],
            "outpost_arn": "",
            "password_data": "",
            "placement_group": "",
            "placement_partition_number": 0,
            "primary_network_interface_id": "eni-09de7373da2d51d53",
            "private_dns": "ip-172-31-33-139.eu-north-1.compute.internal",
            "private_dns_name_options": [
              {
                "enable_resource_name_dns_a_record": false,
                "enable_resource_name_dns_aaaa_record": false,
                "hostname_type": "ip-name"
              }
            ],
            "private_ip": "172.31.33.139",
            "public_dns": "ec2-16-170-226-114.eu-north-1.compute.amazonaws.com",
            "public_ip": "16.170.226.114",
            "root_block_device": [
              {
                "delete_on_termination": true,
                "device_name": "/dev/sda1",
                "encrypted": false,
                "iops": 100,
                "kms_key_id": "",
                "tags": {
                  "Created": "2024-03-09T18:34:29Z",
                  "Creator": "kirill.bas"
                },
                "tags_all": {
                  "Created": "2024-03-09T18:34:29Z",
                  "Creator": "kirill.bas"
                },
                "throughput": 0,
                "volume_id": "vol-01cff2923a54971ad",
                "volume_size": 8,
                "volume_type": "gp2"
              }
            ],
            "secondary_private_ips": [],
            "security_groups": [
              "allow_all_traffic"
            ],
            "source_dest_check": true,
            "spot_instance_request_id": "",
            "subnet_id": "subnet-9f8882e7",
            "tags": {
              "Created": "2024-03-09T18:34:29Z",
              "Creator": "kirill.bas",
              "Name": "16-job-sequential-read"
            },
            "tags_all": {
              "Created": "2024-03-09T18:34:29Z",
              "Creator": "kirill.bas",
              "Name": "16-job-sequential-read"
            },
            "tenancy": "default",
            "timeouts": null,
            "user_data": "81544c1fe0884f784d1c4cbae7d9a5a081baa511",
            "user_data_base64": null,
            "user_data_replace_on_change": false,
            "volume_tags": null,
            "vpc_security_group_ids": [
              "sg-0aa945914098acd8e"
            ]
          },
          "sensitive_attributes": [],
          "private": "eyJlMmJmYjczMC1lY2FhLTExZTYtOGY4OC0zNDM2M2JjN2M0YzAiOnsiY3JlYXRlIjo2MDAwMDAwMDAwMDAsImRlbGV0ZSI6MTIwMDAwMDAwMDAwMCwicmVhZCI6OTAwMDAwMDAwMDAwLCJ1cGRhdGUiOjYwMDAwMDAwMDAwMH0sInNjaGVtYV92ZXJzaW9uIjoiMSJ9",
          "dependencies": [
            "aws_iam_instance_profile.fuse_benchmark_iam_profile",
            "aws_iam_role.fuse_benchmark_iam_role",
            "aws_s3_bucket.s3fs_buckets",
            "aws_s3_bucket.s3fs_results",
            "aws_security_group.fuse_benchmark_allow_all",
            "data.aws_region.current"
          ]
        },
        {
          "index_key": 11,
          "schema_version": 1,
          "attributes": {
            "ami": "ami-08a7297c0f05d943d",
            "arn": "arn:aws:ec2:eu-north-1:754745079939:instance/i-09d7e35aa7455f40c",
            "associate_public_ip_address": true,
            "availability_zone": "eu-north-1b",
            "capacity_reservation_specification": [
              {
                "capacity_reservation_preference": "open",
                "capacity_reservation_target": []
              }
            ],
            "cpu_core_count": 16,
            "cpu_options": [
              {
                "amd_sev_snp": "",
                "core_count": 16,
                "threads_per_core": 1
              }
            ],
            "cpu_threads_per_core": 1,
            "credit_specification": [],
            "disable_api_stop": false,
            "disable_api_termination": false,
            "ebs_block_device": [],
            "ebs_optimized": false,
            "enclave_options": [
              {
                "enabled": false
              }
            ],
            "ephemeral_block_device": [],
            "get_password_data": false,
            "hibernation": false,
            "host_id": "",
            "host_resource_group_arn": null,
            "iam_instance_profile": "fuse_benchmark_20240309-063250",
            "id": "i-09d7e35aa7455f40c",
            "instance_initiated_shutdown_behavior": "stop",
            "instance_lifecycle": "",
            "instance_market_options": [],
            "instance_state": "running",
            "instance_type": "c6g.4xlarge",
            "ipv6_address_count": 0,
            "ipv6_addresses": [],
            "key_name": "",
            "launch_template": [],
            "maintenance_options": [
              {
                "auto_recovery": "default"
              }
            ],
            "metadata_options": [
              {
                "http_endpoint": "enabled",
                "http_protocol_ipv6": "disabled",
                "http_put_response_hop_limit": 1,
                "http_tokens": "optional",
                "instance_metadata_tags": "disabled"
              }
            ],
            "monitoring": false,
            "network_interface": [],
            "outpost_arn": "",
            "password_data": "",
            "placement_group": "",
            "placement_partition_number": 0,
            "primary_network_interface_id": "eni-06e0f04069e5c5765",
            "private_dns": "ip-172-31-47-0.eu-north-1.compute.internal",
            "private_dns_name_options": [
              {
                "enable_resource_name_dns_a_record": false,
                "enable_resource_name_dns_aaaa_record": false,
                "hostname_type": "ip-name"
              }
            ],
            "private_ip": "172.31.47.0",
            "public_dns": "ec2-16-171-140-47.eu-north-1.compute.amazonaws.com",
            "public_ip": "16.171.140.47",
            "root_block_device": [
              {
                "delete_on_termination": true,
                "device_name": "/dev/sda1",
                "encrypted": false,
                "iops": 100,
                "kms_key_id": "",
                "tags": {
                  "Created": "2024-03-09T18:33:56Z",
                  "Creator": "kirill.bas"
                },
                "tags_all": {
                  "Created": "2024-03-09T18:33:56Z",
                  "Creator": "kirill.bas"
                },
                "throughput": 0,
                "volume_id": "vol-02090bda550a07092",
                "volume_size": 8,
                "volume_type": "gp2"
              }
            ],
            "secondary_private_ips": [],
            "security_groups": [
              "allow_all_traffic"
            ],
            "source_dest_check": true,
            "spot_instance_request_id": "",
            "subnet_id": "subnet-9f8882e7",
            "tags": {
              "Created": "2024-03-09T18:33:56Z",
              "Creator": "kirill.bas",
              "Name": "16-job-sequential-write"
            },
            "tags_all": {
              "Created": "2024-03-09T18:33:56Z",
              "Creator": "kirill.bas",
              "Name": "16-job-sequential-write"
            },
            "tenancy": "default",
            "timeouts": null,
            "user_data": "9ea3393c46bb5715958aab508276e49ebe40cc87",
            "user_data_base64": null,
            "user_data_replace_on_change": false,
            "volume_tags": null,
            "vpc_security_group_ids": [
              "sg-0aa945914098acd8e"
            ]
          },
          "sensitive_attributes": [],
          "private": "eyJlMmJmYjczMC1lY2FhLTExZTYtOGY4OC0zNDM2M2JjN2M0YzAiOnsiY3JlYXRlIjo2MDAwMDAwMDAwMDAsImRlbGV0ZSI6MTIwMDAwMDAwMDAwMCwicmVhZCI6OTAwMDAwMDAwMDAwLCJ1cGRhdGUiOjYwMDAwMDAwMDAwMH0sInNjaGVtYV92ZXJzaW9uIjoiMSJ9",
          "dependencies": [
            "aws_iam_instance_profile.fuse_benchmark_iam_profile",
            "aws_iam_role.fuse_benchmark_iam_role",
            "aws_s3_bucket.s3fs_buckets",
            "aws_s3_bucket.s3fs_results",
            "aws_security_group.fuse_benchmark_allow_all",
            "data.aws_region.current"
          ]
        }
      ]
    },
    {
      "mode": "managed",
      "type": "aws_instance",
      "name": "s3fs_4g",
      "provider": "provider[\"registry.terraform.io/hashicorp/aws\"]",
      "instances": [
        {
          "index_key": 0,
          "schema_version": 1,
          "attributes": {
            "ami": "ami-08a7297c0f05d943d",
            "arn": "arn:aws:ec2:eu-north-1:754745079939:instance/i-0322c7f8b52e00114",
            "associate_public_ip_address": true,
            "availability_zone": "eu-north-1b",
            "capacity_reservation_specification": [
              {
                "capacity_reservation_preference": "open",
                "capacity_reservation_target": []
              }
            ],
            "cpu_core_count": 16,
            "cpu_options": [
              {
                "amd_sev_snp": "",
                "core_count": 16,
                "threads_per_core": 1
              }
            ],
            "cpu_threads_per_core": 1,
            "credit_specification": [],
            "disable_api_stop": false,
            "disable_api_termination": false,
            "ebs_block_device": [],
            "ebs_optimized": false,
            "enclave_options": [
              {
                "enabled": false
              }
            ],
            "ephemeral_block_device": [],
            "get_password_data": false,
            "hibernation": false,
            "host_id": "",
            "host_resource_group_arn": null,
            "iam_instance_profile": "fuse_benchmark_20240309-063250",
            "id": "i-0322c7f8b52e00114",
            "instance_initiated_shutdown_behavior": "stop",
            "instance_lifecycle": "",
            "instance_market_options": [],
            "instance_state": "running",
            "instance_type": "c6g.4xlarge",
            "ipv6_address_count": 0,
            "ipv6_addresses": [],
            "key_name": "",
            "launch_template": [],
            "maintenance_options": [
              {
                "auto_recovery": "default"
              }
            ],
            "metadata_options": [
              {
                "http_endpoint": "enabled",
                "http_protocol_ipv6": "disabled",
                "http_put_response_hop_limit": 1,
                "http_tokens": "optional",
                "instance_metadata_tags": "disabled"
              }
            ],
            "monitoring": false,
            "network_interface": [],
            "outpost_arn": "",
            "password_data": "",
            "placement_group": "",
            "placement_partition_number": 0,
            "primary_network_interface_id": "eni-06f377920d6eb6636",
            "private_dns": "ip-172-31-38-80.eu-north-1.compute.internal",
            "private_dns_name_options": [
              {
                "enable_resource_name_dns_a_record": false,
                "enable_resource_name_dns_aaaa_record": false,
                "hostname_type": "ip-name"
              }
            ],
            "private_ip": "172.31.38.80",
            "public_dns": "ec2-16-171-172-5.eu-north-1.compute.amazonaws.com",
            "public_ip": "16.171.172.5",
            "root_block_device": [
              {
                "delete_on_termination": true,
                "device_name": "/dev/sda1",
                "encrypted": false,
                "iops": 100,
                "kms_key_id": "",
                "tags": {
                  "Created": "2024-03-09T18:33:44Z",
                  "Creator": "kirill.bas"
                },
                "tags_all": {
                  "Created": "2024-03-09T18:33:44Z",
                  "Creator": "kirill.bas"
                },
                "throughput": 0,
                "volume_id": "vol-070f86bd355c21afb",
                "volume_size": 8,
                "volume_type": "gp2"
              }
            ],
            "secondary_private_ips": [],
            "security_groups": [
              "allow_all_traffic"
            ],
            "source_dest_check": true,
            "spot_instance_request_id": "",
            "subnet_id": "subnet-9f8882e7",
            "tags": {
              "Created": "2024-03-09T18:33:44Z",
              "Creator": "kirill.bas",
              "Name": "1-job-30-write"
            },
            "tags_all": {
              "Created": "2024-03-09T18:33:44Z",
              "Creator": "kirill.bas",
              "Name": "1-job-30-write"
            },
            "tenancy": "default",
            "timeouts": null,
            "user_data": "5ec4458c6b55ee9745480e6c2dbc3c13981f20b4",
            "user_data_base64": null,
            "user_data_replace_on_change": false,
            "volume_tags": null,
            "vpc_security_group_ids": [
              "sg-0aa945914098acd8e"
            ]
          },
          "sensitive_attributes": [],
          "private": "eyJlMmJmYjczMC1lY2FhLTExZTYtOGY4OC0zNDM2M2JjN2M0YzAiOnsiY3JlYXRlIjo2MDAwMDAwMDAwMDAsImRlbGV0ZSI6MTIwMDAwMDAwMDAwMCwicmVhZCI6OTAwMDAwMDAwMDAwLCJ1cGRhdGUiOjYwMDAwMDAwMDAwMH0sInNjaGVtYV92ZXJzaW9uIjoiMSJ9",
          "dependencies": [
            "aws_iam_instance_profile.fuse_benchmark_iam_profile",
            "aws_iam_role.fuse_benchmark_iam_role",
            "aws_s3_bucket.s3fs_buckets",
            "aws_s3_bucket.s3fs_results",
            "aws_security_group.fuse_benchmark_allow_all",
            "data.aws_region.current"
          ]
        },
        {
          "index_key": 1,
          "schema_version": 1,
          "attributes": {
            "ami": "ami-08a7297c0f05d943d",
            "arn": "arn:aws:ec2:eu-north-1:754745079939:instance/i-0ab68ef90a1cc5e6e",
            "associate_public_ip_address": true,
            "availability_zone": "eu-north-1b",
            "capacity_reservation_specification": [
              {
                "capacity_reservation_preference": "open",
                "capacity_reservation_target": []
              }
            ],
            "cpu_core_count": 16,
            "cpu_options": [
              {
                "amd_sev_snp": "",
                "core_count": 16,
                "threads_per_core": 1
              }
            ],
            "cpu_threads_per_core": 1,
            "credit_specification": [],
            "disable_api_stop": false,
            "disable_api_termination": false,
            "ebs_block_device": [],
            "ebs_optimized": false,
            "enclave_options": [
              {
                "enabled": false
              }
            ],
            "ephemeral_block_device": [],
            "get_password_data": false,
            "hibernation": false,
            "host_id": "",
            "host_resource_group_arn": null,
            "iam_instance_profile": "fuse_benchmark_20240309-063250",
            "id": "i-0ab68ef90a1cc5e6e",
            "instance_initiated_shutdown_behavior": "stop",
            "instance_lifecycle": "",
            "instance_market_options": [],
            "instance_state": "running",
            "instance_type": "c6g.4xlarge",
            "ipv6_address_count": 0,
            "ipv6_addresses": [],
            "key_name": "",
            "launch_template": [],
            "maintenance_options": [
              {
                "auto_recovery": "default"
              }
            ],
            "metadata_options": [
              {
                "http_endpoint": "enabled",
                "http_protocol_ipv6": "disabled",
                "http_put_response_hop_limit": 1,
                "http_tokens": "optional",
                "instance_metadata_tags": "disabled"
              }
            ],
            "monitoring": false,
            "network_interface": [],
            "outpost_arn": "",
            "password_data": "",
            "placement_group": "",
            "placement_partition_number": 0,
            "primary_network_interface_id": "eni-052d2d160ef3bfafa",
            "private_dns": "ip-172-31-39-169.eu-north-1.compute.internal",
            "private_dns_name_options": [
              {
                "enable_resource_name_dns_a_record": false,
                "enable_resource_name_dns_aaaa_record": false,
                "hostname_type": "ip-name"
              }
            ],
            "private_ip": "172.31.39.169",
            "public_dns": "ec2-16-171-181-115.eu-north-1.compute.amazonaws.com",
            "public_ip": "16.171.181.115",
            "root_block_device": [
              {
                "delete_on_termination": true,
                "device_name": "/dev/sda1",
                "encrypted": false,
                "iops": 100,
                "kms_key_id": "",
                "tags": {
                  "Created": "2024-03-09T18:34:37Z",
                  "Creator": "kirill.bas"
                },
                "tags_all": {
                  "Created": "2024-03-09T18:34:37Z",
                  "Creator": "kirill.bas"
                },
                "throughput": 0,
                "volume_id": "vol-0e87db230f6604e1a",
                "volume_size": 8,
                "volume_type": "gp2"
              }
            ],
            "secondary_private_ips": [],
            "security_groups": [
              "allow_all_traffic"
            ],
            "source_dest_check": true,
            "spot_instance_request_id": "",
            "subnet_id": "subnet-9f8882e7",
            "tags": {
              "Created": "2024-03-09T18:34:37Z",
              "Creator": "kirill.bas",
              "Name": "1-job-70-read"
            },
            "tags_all": {
              "Created": "2024-03-09T18:34:37Z",
              "Creator": "kirill.bas",
              "Name": "1-job-70-read"
            },
            "tenancy": "default",
            "timeouts": null,
            "user_data": "f2d2cc939522f34c1ac5958c8cdf92f6eac44bad",
            "user_data_base64": null,
            "user_data_replace_on_change": false,
            "volume_tags": null,
            "vpc_security_group_ids": [
              "sg-0aa945914098acd8e"
            ]
          },
          "sensitive_attributes": [],
          "private": "eyJlMmJmYjczMC1lY2FhLTExZTYtOGY4OC0zNDM2M2JjN2M0YzAiOnsiY3JlYXRlIjo2MDAwMDAwMDAwMDAsImRlbGV0ZSI6MTIwMDAwMDAwMDAwMCwicmVhZCI6OTAwMDAwMDAwMDAwLCJ1cGRhdGUiOjYwMDAwMDAwMDAwMH0sInNjaGVtYV92ZXJzaW9uIjoiMSJ9",
          "dependencies": [
            "aws_iam_instance_profile.fuse_benchmark_iam_profile",
            "aws_iam_role.fuse_benchmark_iam_role",
            "aws_s3_bucket.s3fs_buckets",
            "aws_s3_bucket.s3fs_results",
            "aws_security_group.fuse_benchmark_allow_all",
            "data.aws_region.current"
          ]
        },
        {
          "index_key": 2,
          "schema_version": 1,
          "attributes": {
            "ami": "ami-08a7297c0f05d943d",
            "arn": "arn:aws:ec2:eu-north-1:754745079939:instance/i-0d4a94ea2c1c26b98",
            "associate_public_ip_address": true,
            "availability_zone": "eu-north-1b",
            "capacity_reservation_specification": [
              {
                "capacity_reservation_preference": "open",
                "capacity_reservation_target": []
              }
            ],
            "cpu_core_count": 16,
            "cpu_options": [
              {
                "amd_sev_snp": "",
                "core_count": 16,
                "threads_per_core": 1
              }
            ],
            "cpu_threads_per_core": 1,
            "credit_specification": [],
            "disable_api_stop": false,
            "disable_api_termination": false,
            "ebs_block_device": [],
            "ebs_optimized": false,
            "enclave_options": [
              {
                "enabled": false
              }
            ],
            "ephemeral_block_device": [],
            "get_password_data": false,
            "hibernation": false,
            "host_id": "",
            "host_resource_group_arn": null,
            "iam_instance_profile": "fuse_benchmark_20240309-063250",
            "id": "i-0d4a94ea2c1c26b98",
            "instance_initiated_shutdown_behavior": "stop",
            "instance_lifecycle": "",
            "instance_market_options": [],
            "instance_state": "running",
            "instance_type": "c6g.4xlarge",
            "ipv6_address_count": 0,
            "ipv6_addresses": [],
            "key_name": "",
            "launch_template": [],
            "maintenance_options": [
              {
                "auto_recovery": "default"
              }
            ],
            "metadata_options": [
              {
                "http_endpoint": "enabled",
                "http_protocol_ipv6": "disabled",
                "http_put_response_hop_limit": 1,
                "http_tokens": "optional",
                "instance_metadata_tags": "disabled"
              }
            ],
            "monitoring": false,
            "network_interface": [],
            "outpost_arn": "",
            "password_data": "",
            "placement_group": "",
            "placement_partition_number": 0,
            "primary_network_interface_id": "eni-092c4705bb7f1afaa",
            "private_dns": "ip-172-31-39-128.eu-north-1.compute.internal",
            "private_dns_name_options": [
              {
                "enable_resource_name_dns_a_record": false,
                "enable_resource_name_dns_aaaa_record": false,
                "hostname_type": "ip-name"
              }
            ],
            "private_ip": "172.31.39.128",
            "public_dns": "ec2-13-60-25-60.eu-north-1.compute.amazonaws.com",
            "public_ip": "13.60.25.60",
            "root_block_device": [
              {
                "delete_on_termination": true,
                "device_name": "/dev/sda1",
                "encrypted": false,
                "iops": 100,
                "kms_key_id": "",
                "tags": {
                  "Created": "2024-03-09T18:33:40Z",
                  "Creator": "kirill.bas"
                },
                "tags_all": {
                  "Created": "2024-03-09T18:33:40Z",
                  "Creator": "kirill.bas"
                },
                "throughput": 0,
                "volume_id": "vol-0783487b93e44b78e",
                "volume_size": 8,
                "volume_type": "gp2"
              }
            ],
            "secondary_private_ips": [],
            "security_groups": [
              "allow_all_traffic"
            ],
            "source_dest_check": true,
            "spot_instance_request_id": "",
            "subnet_id": "subnet-9f8882e7",
            "tags": {
              "Created": "2024-03-09T18:33:40Z",
              "Creator": "kirill.bas",
              "Name": "1-job-random-read"
            },
            "tags_all": {
              "Created": "2024-03-09T18:33:40Z",
              "Creator": "kirill.bas",
              "Name": "1-job-random-read"
            },
            "tenancy": "default",
            "timeouts": null,
            "user_data": "cd1af06ae50a6033cd75a09fda87a57046db9f1c",
            "user_data_base64": null,
            "user_data_replace_on_change": false,
            "volume_tags": null,
            "vpc_security_group_ids": [
              "sg-0aa945914098acd8e"
            ]
          },
          "sensitive_attributes": [],
          "private": "eyJlMmJmYjczMC1lY2FhLTExZTYtOGY4OC0zNDM2M2JjN2M0YzAiOnsiY3JlYXRlIjo2MDAwMDAwMDAwMDAsImRlbGV0ZSI6MTIwMDAwMDAwMDAwMCwicmVhZCI6OTAwMDAwMDAwMDAwLCJ1cGRhdGUiOjYwMDAwMDAwMDAwMH0sInNjaGVtYV92ZXJzaW9uIjoiMSJ9",
          "dependencies": [
            "aws_iam_instance_profile.fuse_benchmark_iam_profile",
            "aws_iam_role.fuse_benchmark_iam_role",
            "aws_s3_bucket.s3fs_buckets",
            "aws_s3_bucket.s3fs_results",
            "aws_security_group.fuse_benchmark_allow_all",
            "data.aws_region.current"
          ]
        },
        {
          "index_key": 3,
          "schema_version": 1,
          "attributes": {
            "ami": "ami-08a7297c0f05d943d",
            "arn": "arn:aws:ec2:eu-north-1:754745079939:instance/i-0c6d6a5ef636809b7",
            "associate_public_ip_address": true,
            "availability_zone": "eu-north-1b",
            "capacity_reservation_specification": [
              {
                "capacity_reservation_preference": "open",
                "capacity_reservation_target": []
              }
            ],
            "cpu_core_count": 16,
            "cpu_options": [
              {
                "amd_sev_snp": "",
                "core_count": 16,
                "threads_per_core": 1
              }
            ],
            "cpu_threads_per_core": 1,
            "credit_specification": [],
            "disable_api_stop": false,
            "disable_api_termination": false,
            "ebs_block_device": [],
            "ebs_optimized": false,
            "enclave_options": [
              {
                "enabled": false
              }
            ],
            "ephemeral_block_device": [],
            "get_password_data": false,
            "hibernation": false,
            "host_id": "",
            "host_resource_group_arn": null,
            "iam_instance_profile": "fuse_benchmark_20240309-063250",
            "id": "i-0c6d6a5ef636809b7",
            "instance_initiated_shutdown_behavior": "stop",
            "instance_lifecycle": "",
            "instance_market_options": [],
            "instance_state": "running",
            "instance_type": "c6g.4xlarge",
            "ipv6_address_count": 0,
            "ipv6_addresses": [],
            "key_name": "",
            "launch_template": [],
            "maintenance_options": [
              {
                "auto_recovery": "default"
              }
            ],
            "metadata_options": [
              {
                "http_endpoint": "enabled",
                "http_protocol_ipv6": "disabled",
                "http_put_response_hop_limit": 1,
                "http_tokens": "optional",
                "instance_metadata_tags": "disabled"
              }
            ],
            "monitoring": false,
            "network_interface": [],
            "outpost_arn": "",
            "password_data": "",
            "placement_group": "",
            "placement_partition_number": 0,
            "primary_network_interface_id": "eni-048bc98753a053d7c",
            "private_dns": "ip-172-31-38-246.eu-north-1.compute.internal",
            "private_dns_name_options": [
              {
                "enable_resource_name_dns_a_record": false,
                "enable_resource_name_dns_aaaa_record": false,
                "hostname_type": "ip-name"
              }
            ],
            "private_ip": "172.31.38.246",
            "public_dns": "ec2-13-60-18-112.eu-north-1.compute.amazonaws.com",
            "public_ip": "13.60.18.112",
            "root_block_device": [
              {
                "delete_on_termination": true,
                "device_name": "/dev/sda1",
                "encrypted": false,
                "iops": 100,
                "kms_key_id": "",
                "tags": {
                  "Created": "2024-03-09T18:34:11Z",
                  "Creator": "kirill.bas"
                },
                "tags_all": {
                  "Created": "2024-03-09T18:34:11Z",
                  "Creator": "kirill.bas"
                },
                "throughput": 0,
                "volume_id": "vol-07d723dcae5ddc6bb",
                "volume_size": 8,
                "volume_type": "gp2"
              }
            ],
            "secondary_private_ips": [],
            "security_groups": [
              "allow_all_traffic"
            ],
            "source_dest_check": true,
            "spot_instance_request_id": "",
            "subnet_id": "subnet-9f8882e7",
            "tags": {
              "Created": "2024-03-09T18:34:11Z",
              "Creator": "kirill.bas",
              "Name": "1-job-random-write"
            },
            "tags_all": {
              "Created": "2024-03-09T18:34:11Z",
              "Creator": "kirill.bas",
              "Name": "1-job-random-write"
            },
            "tenancy": "default",
            "timeouts": null,
            "user_data": "f8afa60b49a67ee2ef8fbb4d38a4c521fb26b763",
            "user_data_base64": null,
            "user_data_replace_on_change": false,
            "volume_tags": null,
            "vpc_security_group_ids": [
              "sg-0aa945914098acd8e"
            ]
          },
          "sensitive_attributes": [],
          "private": "eyJlMmJmYjczMC1lY2FhLTExZTYtOGY4OC0zNDM2M2JjN2M0YzAiOnsiY3JlYXRlIjo2MDAwMDAwMDAwMDAsImRlbGV0ZSI6MTIwMDAwMDAwMDAwMCwicmVhZCI6OTAwMDAwMDAwMDAwLCJ1cGRhdGUiOjYwMDAwMDAwMDAwMH0sInNjaGVtYV92ZXJzaW9uIjoiMSJ9",
          "dependencies": [
            "aws_iam_instance_profile.fuse_benchmark_iam_profile",
            "aws_iam_role.fuse_benchmark_iam_role",
            "aws_s3_bucket.s3fs_buckets",
            "aws_s3_bucket.s3fs_results",
            "aws_security_group.fuse_benchmark_allow_all",
            "data.aws_region.current"
          ]
        },
        {
          "index_key": 4,
          "schema_version": 1,
          "attributes": {
            "ami": "ami-08a7297c0f05d943d",
            "arn": "arn:aws:ec2:eu-north-1:754745079939:instance/i-05a4f5c029d91e8a8",
            "associate_public_ip_address": true,
            "availability_zone": "eu-north-1b",
            "capacity_reservation_specification": [
              {
                "capacity_reservation_preference": "open",
                "capacity_reservation_target": []
              }
            ],
            "cpu_core_count": 16,
            "cpu_options": [
              {
                "amd_sev_snp": "",
                "core_count": 16,
                "threads_per_core": 1
              }
            ],
            "cpu_threads_per_core": 1,
            "credit_specification": [],
            "disable_api_stop": false,
            "disable_api_termination": false,
            "ebs_block_device": [],
            "ebs_optimized": false,
            "enclave_options": [
              {
                "enabled": false
              }
            ],
            "ephemeral_block_device": [],
            "get_password_data": false,
            "hibernation": false,
            "host_id": "",
            "host_resource_group_arn": null,
            "iam_instance_profile": "fuse_benchmark_20240309-063250",
            "id": "i-05a4f5c029d91e8a8",
            "instance_initiated_shutdown_behavior": "stop",
            "instance_lifecycle": "",
            "instance_market_options": [],
            "instance_state": "running",
            "instance_type": "c6g.4xlarge",
            "ipv6_address_count": 0,
            "ipv6_addresses": [],
            "key_name": "",
            "launch_template": [],
            "maintenance_options": [
              {
                "auto_recovery": "default"
              }
            ],
            "metadata_options": [
              {
                "http_endpoint": "enabled",
                "http_protocol_ipv6": "disabled",
                "http_put_response_hop_limit": 1,
                "http_tokens": "optional",
                "instance_metadata_tags": "disabled"
              }
            ],
            "monitoring": false,
            "network_interface": [],
            "outpost_arn": "",
            "password_data": "",
            "placement_group": "",
            "placement_partition_number": 0,
            "primary_network_interface_id": "eni-005ba34fca7f894c6",
            "private_dns": "ip-172-31-38-145.eu-north-1.compute.internal",
            "private_dns_name_options": [
              {
                "enable_resource_name_dns_a_record": false,
                "enable_resource_name_dns_aaaa_record": false,
                "hostname_type": "ip-name"
              }
            ],
            "private_ip": "172.31.38.145",
            "public_dns": "ec2-16-171-149-96.eu-north-1.compute.amazonaws.com",
            "public_ip": "16.171.149.96",
            "root_block_device": [
              {
                "delete_on_termination": true,
                "device_name": "/dev/sda1",
                "encrypted": false,
                "iops": 100,
                "kms_key_id": "",
                "tags": {
                  "Created": "2024-03-09T18:33:09Z",
                  "Creator": "kirill.bas"
                },
                "tags_all": {
                  "Created": "2024-03-09T18:33:09Z",
                  "Creator": "kirill.bas"
                },
                "throughput": 0,
                "volume_id": "vol-0aeba3001c0a94197",
                "volume_size": 8,
                "volume_type": "gp2"
              }
            ],
            "secondary_private_ips": [],
            "security_groups": [
              "allow_all_traffic"
            ],
            "source_dest_check": true,
            "spot_instance_request_id": "",
            "subnet_id": "subnet-9f8882e7",
            "tags": {
              "Created": "2024-03-09T18:33:09Z",
              "Creator": "kirill.bas",
              "Name": "1-job-sequential-read"
            },
            "tags_all": {
              "Created": "2024-03-09T18:33:09Z",
              "Creator": "kirill.bas",
              "Name": "1-job-sequential-read"
            },
            "tenancy": "default",
            "timeouts": null,
            "user_data": "5a7a45f24511bf0119aff9588a7aaa5b0f15ed6b",
            "user_data_base64": null,
            "user_data_replace_on_change": false,
            "volume_tags": null,
            "vpc_security_group_ids": [
              "sg-0aa945914098acd8e"
            ]
          },
          "sensitive_attributes": [],
          "private": "eyJlMmJmYjczMC1lY2FhLTExZTYtOGY4OC0zNDM2M2JjN2M0YzAiOnsiY3JlYXRlIjo2MDAwMDAwMDAwMDAsImRlbGV0ZSI6MTIwMDAwMDAwMDAwMCwicmVhZCI6OTAwMDAwMDAwMDAwLCJ1cGRhdGUiOjYwMDAwMDAwMDAwMH0sInNjaGVtYV92ZXJzaW9uIjoiMSJ9",
          "dependencies": [
            "aws_iam_instance_profile.fuse_benchmark_iam_profile",
            "aws_iam_role.fuse_benchmark_iam_role",
            "aws_s3_bucket.s3fs_buckets",
            "aws_s3_bucket.s3fs_results",
            "aws_security_group.fuse_benchmark_allow_all",
            "data.aws_region.current"
          ]
        },
        {
          "index_key": 6,
          "schema_version": 1,
          "attributes": {
            "ami": "ami-08a7297c0f05d943d",
            "arn": "arn:aws:ec2:eu-north-1:754745079939:instance/i-0dc4549015418e7d6",
            "associate_public_ip_address": true,
            "availability_zone": "eu-north-1b",
            "capacity_reservation_specification": [
              {
                "capacity_reservation_preference": "open",
                "capacity_reservation_target": []
              }
            ],
            "cpu_core_count": 16,
            "cpu_options": [
              {
                "amd_sev_snp": "",
                "core_count": 16,
                "threads_per_core": 1
              }
            ],
            "cpu_threads_per_core": 1,
            "credit_specification": [],
            "disable_api_stop": false,
            "disable_api_termination": false,
            "ebs_block_device": [],
            "ebs_optimized": false,
            "enclave_options": [
              {
                "enabled": false
              }
            ],
            "ephemeral_block_device": [],
            "get_password_data": false,
            "hibernation": false,
            "host_id": "",
            "host_resource_group_arn": null,
            "iam_instance_profile": "fuse_benchmark_20240309-063250",
            "id": "i-0dc4549015418e7d6",
            "instance_initiated_shutdown_behavior": "stop",
            "instance_lifecycle": "",
            "instance_market_options": [],
            "instance_state": "running",
            "instance_type": "c6g.4xlarge",
            "ipv6_address_count": 0,
            "ipv6_addresses": [],
            "key_name": "",
            "launch_template": [],
            "maintenance_options": [
              {
                "auto_recovery": "default"
              }
            ],
            "metadata_options": [
              {
                "http_endpoint": "enabled",
                "http_protocol_ipv6": "disabled",
                "http_put_response_hop_limit": 1,
                "http_tokens": "optional",
                "instance_metadata_tags": "disabled"
              }
            ],
            "monitoring": false,
            "network_interface": [],
            "outpost_arn": "",
            "password_data": "",
            "placement_group": "",
            "placement_partition_number": 0,
            "primary_network_interface_id": "eni-0a0435e9e1d5ba83d",
            "private_dns": "ip-172-31-36-242.eu-north-1.compute.internal",
            "private_dns_name_options": [
              {
                "enable_resource_name_dns_a_record": false,
                "enable_resource_name_dns_aaaa_record": false,
                "hostname_type": "ip-name"
              }
            ],
            "private_ip": "172.31.36.242",
            "public_dns": "ec2-13-60-36-5.eu-north-1.compute.amazonaws.com",
            "public_ip": "13.60.36.5",
            "root_block_device": [
              {
                "delete_on_termination": true,
                "device_name": "/dev/sda1",
                "encrypted": false,
                "iops": 100,
                "kms_key_id": "",
                "tags": {
                  "Created": "2024-03-09T18:33:54Z",
                  "Creator": "kirill.bas"
                },
                "tags_all": {
                  "Created": "2024-03-09T18:33:54Z",
                  "Creator": "kirill.bas"
                },
                "throughput": 0,
                "volume_id": "vol-0b754968e696e6eb6",
                "volume_size": 8,
                "volume_type": "gp2"
              }
            ],
            "secondary_private_ips": [],
            "security_groups": [
              "allow_all_traffic"
            ],
            "source_dest_check": true,
            "spot_instance_request_id": "",
            "subnet_id": "subnet-9f8882e7",
            "tags": {
              "Created": "2024-03-09T18:33:54Z",
              "Creator": "kirill.bas",
              "Name": "16-job-30-write"
            },
            "tags_all": {
              "Created": "2024-03-09T18:33:54Z",
              "Creator": "kirill.bas",
              "Name": "16-job-30-write"
            },
            "tenancy": "default",
            "timeouts": null,
            "user_data": "e98939d775de7aa9c697f61ead2625f710c1b3dd",
            "user_data_base64": null,
            "user_data_replace_on_change": false,
            "volume_tags": null,
            "vpc_security_group_ids": [
              "sg-0aa945914098acd8e"
            ]
          },
          "sensitive_attributes": [],
          "private": "eyJlMmJmYjczMC1lY2FhLTExZTYtOGY4OC0zNDM2M2JjN2M0YzAiOnsiY3JlYXRlIjo2MDAwMDAwMDAwMDAsImRlbGV0ZSI6MTIwMDAwMDAwMDAwMCwicmVhZCI6OTAwMDAwMDAwMDAwLCJ1cGRhdGUiOjYwMDAwMDAwMDAwMH0sInNjaGVtYV92ZXJzaW9uIjoiMSJ9",
          "dependencies": [
            "aws_iam_instance_profile.fuse_benchmark_iam_profile",
            "aws_iam_role.fuse_benchmark_iam_role",
            "aws_s3_bucket.s3fs_buckets",
            "aws_s3_bucket.s3fs_results",
            "aws_security_group.fuse_benchmark_allow_all",
            "data.aws_region.current"
          ]
        },
        {
          "index_key": 7,
          "schema_version": 1,
          "attributes": {
            "ami": "ami-08a7297c0f05d943d",
            "arn": "arn:aws:ec2:eu-north-1:754745079939:instance/i-0df1af0fa09a03165",
            "associate_public_ip_address": true,
            "availability_zone": "eu-north-1b",
            "capacity_reservation_specification": [
              {
                "capacity_reservation_preference": "open",
                "capacity_reservation_target": []
              }
            ],
            "cpu_core_count": 16,
            "cpu_options": [
              {
                "amd_sev_snp": "",
                "core_count": 16,
                "threads_per_core": 1
              }
            ],
            "cpu_threads_per_core": 1,
            "credit_specification": [],
            "disable_api_stop": false,
            "disable_api_termination": false,
            "ebs_block_device": [],
            "ebs_optimized": false,
            "enclave_options": [
              {
                "enabled": false
              }
            ],
            "ephemeral_block_device": [],
            "get_password_data": false,
            "hibernation": false,
            "host_id": "",
            "host_resource_group_arn": null,
            "iam_instance_profile": "fuse_benchmark_20240309-063250",
            "id": "i-0df1af0fa09a03165",
            "instance_initiated_shutdown_behavior": "stop",
            "instance_lifecycle": "",
            "instance_market_options": [],
            "instance_state": "running",
            "instance_type": "c6g.4xlarge",
            "ipv6_address_count": 0,
            "ipv6_addresses": [],
            "key_name": "",
            "launch_template": [],
            "maintenance_options": [
              {
                "auto_recovery": "default"
              }
            ],
            "metadata_options": [
              {
                "http_endpoint": "enabled",
                "http_protocol_ipv6": "disabled",
                "http_put_response_hop_limit": 1,
                "http_tokens": "optional",
                "instance_metadata_tags": "disabled"
              }
            ],
            "monitoring": false,
            "network_interface": [],
            "outpost_arn": "",
            "password_data": "",
            "placement_group": "",
            "placement_partition_number": 0,
            "primary_network_interface_id": "eni-0e826ab93a49c84fb",
            "private_dns": "ip-172-31-47-35.eu-north-1.compute.internal",
            "private_dns_name_options": [
              {
                "enable_resource_name_dns_a_record": false,
                "enable_resource_name_dns_aaaa_record": false,
                "hostname_type": "ip-name"
              }
            ],
            "private_ip": "172.31.47.35",
            "public_dns": "ec2-13-60-46-208.eu-north-1.compute.amazonaws.com",
            "public_ip": "13.60.46.208",
            "root_block_device": [
              {
                "delete_on_termination": true,
                "device_name": "/dev/sda1",
                "encrypted": false,
                "iops": 100,
                "kms_key_id": "",
                "tags": {
                  "Created": "2024-03-09T18:33:24Z",
                  "Creator": "kirill.bas"
                },
                "tags_all": {
                  "Created": "2024-03-09T18:33:24Z",
                  "Creator": "kirill.bas"
                },
                "throughput": 0,
                "volume_id": "vol-06fd07251bcdfb52d",
                "volume_size": 8,
                "volume_type": "gp2"
              }
            ],
            "secondary_private_ips": [],
            "security_groups": [
              "allow_all_traffic"
            ],
            "source_dest_check": true,
            "spot_instance_request_id": "",
            "subnet_id": "subnet-9f8882e7",
            "tags": {
              "Created": "2024-03-09T18:33:24Z",
              "Creator": "kirill.bas",
              "Name": "16-job-70-read"
            },
            "tags_all": {
              "Created": "2024-03-09T18:33:24Z",
              "Creator": "kirill.bas",
              "Name": "16-job-70-read"
            },
            "tenancy": "default",
            "timeouts": null,
            "user_data": "c0b148e3efa837419c01e701e3e19ed282a2c053",
            "user_data_base64": null,
            "user_data_replace_on_change": false,
            "volume_tags": null,
            "vpc_security_group_ids": [
              "sg-0aa945914098acd8e"
            ]
          },
          "sensitive_attributes": [],
          "private": "eyJlMmJmYjczMC1lY2FhLTExZTYtOGY4OC0zNDM2M2JjN2M0YzAiOnsiY3JlYXRlIjo2MDAwMDAwMDAwMDAsImRlbGV0ZSI6MTIwMDAwMDAwMDAwMCwicmVhZCI6OTAwMDAwMDAwMDAwLCJ1cGRhdGUiOjYwMDAwMDAwMDAwMH0sInNjaGVtYV92ZXJzaW9uIjoiMSJ9",
          "dependencies": [
            "aws_iam_instance_profile.fuse_benchmark_iam_profile",
            "aws_iam_role.fuse_benchmark_iam_role",
            "aws_s3_bucket.s3fs_buckets",
            "aws_s3_bucket.s3fs_results",
            "aws_security_group.fuse_benchmark_allow_all",
            "data.aws_region.current"
          ]
        },
        {
          "index_key": 8,
          "schema_version": 1,
          "attributes": {
            "ami": "ami-08a7297c0f05d943d",
            "arn": "arn:aws:ec2:eu-north-1:754745079939:instance/i-0ccc4db1ea05f0cfd",
            "associate_public_ip_address": true,
            "availability_zone": "eu-north-1b",
            "capacity_reservation_specification": [
              {
                "capacity_reservation_preference": "open",
                "capacity_reservation_target": []
              }
            ],
            "cpu_core_count": 16,
            "cpu_options": [
              {
                "amd_sev_snp": "",
                "core_count": 16,
                "threads_per_core": 1
              }
            ],
            "cpu_threads_per_core": 1,
            "credit_specification": [],
            "disable_api_stop": false,
            "disable_api_termination": false,
            "ebs_block_device": [],
            "ebs_optimized": false,
            "enclave_options": [
              {
                "enabled": false
              }
            ],
            "ephemeral_block_device": [],
            "get_password_data": false,
            "hibernation": false,
            "host_id": "",
            "host_resource_group_arn": null,
            "iam_instance_profile": "fuse_benchmark_20240309-063250",
            "id": "i-0ccc4db1ea05f0cfd",
            "instance_initiated_shutdown_behavior": "stop",
            "instance_lifecycle": "",
            "instance_market_options": [],
            "instance_state": "running",
            "instance_type": "c6g.4xlarge",
            "ipv6_address_count": 0,
            "ipv6_addresses": [],
            "key_name": "",
            "launch_template": [],
            "maintenance_options": [
              {
                "auto_recovery": "default"
              }
            ],
            "metadata_options": [
              {
                "http_endpoint": "enabled",
                "http_protocol_ipv6": "disabled",
                "http_put_response_hop_limit": 1,
                "http_tokens": "optional",
                "instance_metadata_tags": "disabled"
              }
            ],
            "monitoring": false,
            "network_interface": [],
            "outpost_arn": "",
            "password_data": "",
            "placement_group": "",
            "placement_partition_number": 0,
            "primary_network_interface_id": "eni-07e7616adb5973b98",
            "private_dns": "ip-172-31-46-10.eu-north-1.compute.internal",
            "private_dns_name_options": [
              {
                "enable_resource_name_dns_a_record": false,
                "enable_resource_name_dns_aaaa_record": false,
                "hostname_type": "ip-name"
              }
            ],
            "private_ip": "172.31.46.10",
            "public_dns": "ec2-13-60-47-134.eu-north-1.compute.amazonaws.com",
            "public_ip": "13.60.47.134",
            "root_block_device": [
              {
                "delete_on_termination": true,
                "device_name": "/dev/sda1",
                "encrypted": false,
                "iops": 100,
                "kms_key_id": "",
                "tags": {
                  "Created": "2024-03-09T18:34:08Z",
                  "Creator": "kirill.bas"
                },
                "tags_all": {
                  "Created": "2024-03-09T18:34:08Z",
                  "Creator": "kirill.bas"
                },
                "throughput": 0,
                "volume_id": "vol-0c30836e1ef003909",
                "volume_size": 8,
                "volume_type": "gp2"
              }
            ],
            "secondary_private_ips": [],
            "security_groups": [
              "allow_all_traffic"
            ],
            "source_dest_check": true,
            "spot_instance_request_id": "",
            "subnet_id": "subnet-9f8882e7",
            "tags": {
              "Created": "2024-03-09T18:34:08Z",
              "Creator": "kirill.bas",
              "Name": "16-job-random-read"
            },
            "tags_all": {
              "Created": "2024-03-09T18:34:08Z",
              "Creator": "kirill.bas",
              "Name": "16-job-random-read"
            },
            "tenancy": "default",
            "timeouts": null,
            "user_data": "fe866dd37a3428df62d030cc1be0494ab4c4bca3",
            "user_data_base64": null,
            "user_data_replace_on_change": false,
            "volume_tags": null,
            "vpc_security_group_ids": [
              "sg-0aa945914098acd8e"
            ]
          },
          "sensitive_attributes": [],
          "private": "eyJlMmJmYjczMC1lY2FhLTExZTYtOGY4OC0zNDM2M2JjN2M0YzAiOnsiY3JlYXRlIjo2MDAwMDAwMDAwMDAsImRlbGV0ZSI6MTIwMDAwMDAwMDAwMCwicmVhZCI6OTAwMDAwMDAwMDAwLCJ1cGRhdGUiOjYwMDAwMDAwMDAwMH0sInNjaGVtYV92ZXJzaW9uIjoiMSJ9",
          "dependencies": [
            "aws_iam_instance_profile.fuse_benchmark_iam_profile",
            "aws_iam_role.fuse_benchmark_iam_role",
            "aws_s3_bucket.s3fs_buckets",
            "aws_s3_bucket.s3fs_results",
            "aws_security_group.fuse_benchmark_allow_all",
            "data.aws_region.current"
          ]
        },
        {
          "index_key": 9,
          "schema_version": 1,
          "attributes": {
            "ami": "ami-08a7297c0f05d943d",
            "arn": "arn:aws:ec2:eu-north-1:754745079939:instance/i-037637e7805e17e11",
            "associate_public_ip_address": true,
            "availability_zone": "eu-north-1b",
            "capacity_reservation_specification": [
              {
                "capacity_reservation_preference": "open",
                "capacity_reservation_target": []
              }
            ],
            "cpu_core_count": 16,
            "cpu_options": [
              {
                "amd_sev_snp": "",
                "core_count": 16,
                "threads_per_core": 1
              }
            ],
            "cpu_threads_per_core": 1,
            "credit_specification": [],
            "disable_api_stop": false,
            "disable_api_termination": false,
            "ebs_block_device": [],
            "ebs_optimized": false,
            "enclave_options": [
              {
                "enabled": false
              }
            ],
            "ephemeral_block_device": [],
            "get_password_data": false,
            "hibernation": false,
            "host_id": "",
            "host_resource_group_arn": null,
            "iam_instance_profile": "fuse_benchmark_20240309-063250",
            "id": "i-037637e7805e17e11",
            "instance_initiated_shutdown_behavior": "stop",
            "instance_lifecycle": "",
            "instance_market_options": [],
            "instance_state": "running",
            "instance_type": "c6g.4xlarge",
            "ipv6_address_count": 0,
            "ipv6_addresses": [],
            "key_name": "",
            "launch_template": [],
            "maintenance_options": [
              {
                "auto_recovery": "default"
              }
            ],
            "metadata_options": [
              {
                "http_endpoint": "enabled",
                "http_protocol_ipv6": "disabled",
                "http_put_response_hop_limit": 1,
                "http_tokens": "optional",
                "instance_metadata_tags": "disabled"
              }
            ],
            "monitoring": false,
            "network_interface": [],
            "outpost_arn": "",
            "password_data": "",
            "placement_group": "",
            "placement_partition_number": 0,
            "primary_network_interface_id": "eni-01e0bc725bb79b6bf",
            "private_dns": "ip-172-31-41-181.eu-north-1.compute.internal",
            "private_dns_name_options": [
              {
                "enable_resource_name_dns_a_record": false,
                "enable_resource_name_dns_aaaa_record": false,
                "hostname_type": "ip-name"
              }
            ],
            "private_ip": "172.31.41.181",
            "public_dns": "ec2-16-171-175-108.eu-north-1.compute.amazonaws.com",
            "public_ip": "16.171.175.108",
            "root_block_device": [
              {
                "delete_on_termination": true,
                "device_name": "/dev/sda1",
                "encrypted": false,
                "iops": 100,
                "kms_key_id": "",
                "tags": {
                  "Created": "2024-03-09T18:34:42Z",
                  "Creator": "kirill.bas"
                },
                "tags_all": {
                  "Created": "2024-03-09T18:34:42Z",
                  "Creator": "kirill.bas"
                },
                "throughput": 0,
                "volume_id": "vol-04d6f7d86f573e9b2",
                "volume_size": 8,
                "volume_type": "gp2"
              }
            ],
            "secondary_private_ips": [],
            "security_groups": [
              "allow_all_traffic"
            ],
            "source_dest_check": true,
            "spot_instance_request_id": "",
            "subnet_id": "subnet-9f8882e7",
            "tags": {
              "Created": "2024-03-09T18:34:42Z",
              "Creator": "kirill.bas",
              "Name": "16-job-random-write"
            },
            "tags_all": {
              "Created": "2024-03-09T18:34:42Z",
              "Creator": "kirill.bas",
              "Name": "16-job-random-write"
            },
            "tenancy": "default",
            "timeouts": null,
            "user_data": "f47c201bc826524a75b6233e1ceb2fae9195e6d6",
            "user_data_base64": null,
            "user_data_replace_on_change": false,
            "volume_tags": null,
            "vpc_security_group_ids": [
              "sg-0aa945914098acd8e"
            ]
          },
          "sensitive_attributes": [],
          "private": "eyJlMmJmYjczMC1lY2FhLTExZTYtOGY4OC0zNDM2M2JjN2M0YzAiOnsiY3JlYXRlIjo2MDAwMDAwMDAwMDAsImRlbGV0ZSI6MTIwMDAwMDAwMDAwMCwicmVhZCI6OTAwMDAwMDAwMDAwLCJ1cGRhdGUiOjYwMDAwMDAwMDAwMH0sInNjaGVtYV92ZXJzaW9uIjoiMSJ9",
          "dependencies": [
            "aws_iam_instance_profile.fuse_benchmark_iam_profile",
            "aws_iam_role.fuse_benchmark_iam_role",
            "aws_s3_bucket.s3fs_buckets",
            "aws_s3_bucket.s3fs_results",
            "aws_security_group.fuse_benchmark_allow_all",
            "data.aws_region.current"
          ]
        },
        {
          "index_key": 10,
          "schema_version": 1,
          "attributes": {
            "ami": "ami-08a7297c0f05d943d",
            "arn": "arn:aws:ec2:eu-north-1:754745079939:instance/i-00afed987856bfeff",
            "associate_public_ip_address": true,
            "availability_zone": "eu-north-1b",
            "capacity_reservation_specification": [
              {
                "capacity_reservation_preference": "open",
                "capacity_reservation_target": []
              }
            ],
            "cpu_core_count": 16,
            "cpu_options": [
              {
                "amd_sev_snp": "",
                "core_count": 16,
                "threads_per_core": 1
              }
            ],
            "cpu_threads_per_core": 1,
            "credit_specification": [],
            "disable_api_stop": false,
            "disable_api_termination": false,
            "ebs_block_device": [],
            "ebs_optimized": false,
            "enclave_options": [
              {
                "enabled": false
              }
            ],
            "ephemeral_block_device": [],
            "get_password_data": false,
            "hibernation": false,
            "host_id": "",
            "host_resource_group_arn": null,
            "iam_instance_profile": "fuse_benchmark_20240309-063250",
            "id": "i-00afed987856bfeff",
            "instance_initiated_shutdown_behavior": "stop",
            "instance_lifecycle": "",
            "instance_market_options": [],
            "instance_state": "running",
            "instance_type": "c6g.4xlarge",
            "ipv6_address_count": 0,
            "ipv6_addresses": [],
            "key_name": "",
            "launch_template": [],
            "maintenance_options": [
              {
                "auto_recovery": "default"
              }
            ],
            "metadata_options": [
              {
                "http_endpoint": "enabled",
                "http_protocol_ipv6": "disabled",
                "http_put_response_hop_limit": 1,
                "http_tokens": "optional",
                "instance_metadata_tags": "disabled"
              }
            ],
            "monitoring": false,
            "network_interface": [],
            "outpost_arn": "",
            "password_data": "",
            "placement_group": "",
            "placement_partition_number": 0,
            "primary_network_interface_id": "eni-0b791f1e328eff034",
            "private_dns": "ip-172-31-40-22.eu-north-1.compute.internal",
            "private_dns_name_options": [
              {
                "enable_resource_name_dns_a_record": false,
                "enable_resource_name_dns_aaaa_record": false,
                "hostname_type": "ip-name"
              }
            ],
            "private_ip": "172.31.40.22",
            "public_dns": "ec2-13-51-207-90.eu-north-1.compute.amazonaws.com",
            "public_ip": "13.51.207.90",
            "root_block_device": [
              {
                "delete_on_termination": true,
                "device_name": "/dev/sda1",
                "encrypted": false,
                "iops": 100,
                "kms_key_id": "",
                "tags": {
                  "Created": "2024-03-09T18:33:23Z",
                  "Creator": "kirill.bas"
                },
                "tags_all": {
                  "Created": "2024-03-09T18:33:23Z",
                  "Creator": "kirill.bas"
                },
                "throughput": 0,
                "volume_id": "vol-0a8d9087739c17710",
                "volume_size": 8,
                "volume_type": "gp2"
              }
            ],
            "secondary_private_ips": [],
            "security_groups": [
              "allow_all_traffic"
            ],
            "source_dest_check": true,
            "spot_instance_request_id": "",
            "subnet_id": "subnet-9f8882e7",
            "tags": {
              "Created": "2024-03-09T18:33:23Z",
              "Creator": "kirill.bas",
              "Name": "16-job-sequential-read"
            },
            "tags_all": {
              "Created": "2024-03-09T18:33:23Z",
              "Creator": "kirill.bas",
              "Name": "16-job-sequential-read"
            },
            "tenancy": "default",
            "timeouts": null,
            "user_data": "dc1fc62e83981b1b9fac1081803a477335e96f91",
            "user_data_base64": null,
            "user_data_replace_on_change": false,
            "volume_tags": null,
            "vpc_security_group_ids": [
              "sg-0aa945914098acd8e"
            ]
          },
          "sensitive_attributes": [],
          "private": "eyJlMmJmYjczMC1lY2FhLTExZTYtOGY4OC0zNDM2M2JjN2M0YzAiOnsiY3JlYXRlIjo2MDAwMDAwMDAwMDAsImRlbGV0ZSI6MTIwMDAwMDAwMDAwMCwicmVhZCI6OTAwMDAwMDAwMDAwLCJ1cGRhdGUiOjYwMDAwMDAwMDAwMH0sInNjaGVtYV92ZXJzaW9uIjoiMSJ9",
          "dependencies": [
            "aws_iam_instance_profile.fuse_benchmark_iam_profile",
            "aws_iam_role.fuse_benchmark_iam_role",
            "aws_s3_bucket.s3fs_buckets",
            "aws_s3_bucket.s3fs_results",
            "aws_security_group.fuse_benchmark_allow_all",
            "data.aws_region.current"
          ]
        },
        {
          "index_key": 11,
          "schema_version": 1,
          "attributes": {
            "ami": "ami-08a7297c0f05d943d",
            "arn": "arn:aws:ec2:eu-north-1:754745079939:instance/i-09483572d4483d6b7",
            "associate_public_ip_address": true,
            "availability_zone": "eu-north-1b",
            "capacity_reservation_specification": [
              {
                "capacity_reservation_preference": "open",
                "capacity_reservation_target": []
              }
            ],
            "cpu_core_count": 16,
            "cpu_options": [
              {
                "amd_sev_snp": "",
                "core_count": 16,
                "threads_per_core": 1
              }
            ],
            "cpu_threads_per_core": 1,
            "credit_specification": [],
            "disable_api_stop": false,
            "disable_api_termination": false,
            "ebs_block_device": [],
            "ebs_optimized": false,
            "enclave_options": [
              {
                "enabled": false
              }
            ],
            "ephemeral_block_device": [],
            "get_password_data": false,
            "hibernation": false,
            "host_id": "",
            "host_resource_group_arn": null,
            "iam_instance_profile": "fuse_benchmark_20240309-063250",
            "id": "i-09483572d4483d6b7",
            "instance_initiated_shutdown_behavior": "stop",
            "instance_lifecycle": "",
            "instance_market_options": [],
            "instance_state": "running",
            "instance_type": "c6g.4xlarge",
            "ipv6_address_count": 0,
            "ipv6_addresses": [],
            "key_name": "",
            "launch_template": [],
            "maintenance_options": [
              {
                "auto_recovery": "default"
              }
            ],
            "metadata_options": [
              {
                "http_endpoint": "enabled",
                "http_protocol_ipv6": "disabled",
                "http_put_response_hop_limit": 1,
                "http_tokens": "optional",
                "instance_metadata_tags": "disabled"
              }
            ],
            "monitoring": false,
            "network_interface": [],
            "outpost_arn": "",
            "password_data": "",
            "placement_group": "",
            "placement_partition_number": 0,
            "primary_network_interface_id": "eni-0ebc9f2e4e413ad1b",
            "private_dns": "ip-172-31-32-126.eu-north-1.compute.internal",
            "private_dns_name_options": [
              {
                "enable_resource_name_dns_a_record": false,
                "enable_resource_name_dns_aaaa_record": false,
                "hostname_type": "ip-name"
              }
            ],
            "private_ip": "172.31.32.126",
            "public_dns": "ec2-16-170-228-131.eu-north-1.compute.amazonaws.com",
            "public_ip": "16.170.228.131",
            "root_block_device": [
              {
                "delete_on_termination": true,
                "device_name": "/dev/sda1",
                "encrypted": false,
                "iops": 100,
                "kms_key_id": "",
                "tags": {
                  "Created": "2024-03-09T18:33:25Z",
                  "Creator": "kirill.bas"
                },
                "tags_all": {
                  "Created": "2024-03-09T18:33:25Z",
                  "Creator": "kirill.bas"
                },
                "throughput": 0,
                "volume_id": "vol-0b732ae508df627a2",
                "volume_size": 8,
                "volume_type": "gp2"
              }
            ],
            "secondary_private_ips": [],
            "security_groups": [
              "allow_all_traffic"
            ],
            "source_dest_check": true,
            "spot_instance_request_id": "",
            "subnet_id": "subnet-9f8882e7",
            "tags": {
              "Created": "2024-03-09T18:33:25Z",
              "Creator": "kirill.bas",
              "Name": "16-job-sequential-write"
            },
            "tags_all": {
              "Created": "2024-03-09T18:33:25Z",
              "Creator": "kirill.bas",
              "Name": "16-job-sequential-write"
            },
            "tenancy": "default",
            "timeouts": null,
            "user_data": "4b3d4a8b902ca738e1ce51d504d82c8e7ee8225d",
            "user_data_base64": null,
            "user_data_replace_on_change": false,
            "volume_tags": null,
            "vpc_security_group_ids": [
              "sg-0aa945914098acd8e"
            ]
          },
          "sensitive_attributes": [],
          "private": "eyJlMmJmYjczMC1lY2FhLTExZTYtOGY4OC0zNDM2M2JjN2M0YzAiOnsiY3JlYXRlIjo2MDAwMDAwMDAwMDAsImRlbGV0ZSI6MTIwMDAwMDAwMDAwMCwicmVhZCI6OTAwMDAwMDAwMDAwLCJ1cGRhdGUiOjYwMDAwMDAwMDAwMH0sInNjaGVtYV92ZXJzaW9uIjoiMSJ9",
          "dependencies": [
            "aws_iam_instance_profile.fuse_benchmark_iam_profile",
            "aws_iam_role.fuse_benchmark_iam_role",
            "aws_s3_bucket.s3fs_buckets",
            "aws_s3_bucket.s3fs_results",
            "aws_security_group.fuse_benchmark_allow_all",
            "data.aws_region.current"
          ]
        }
      ]
    },
    {
      "mode": "managed",
      "type": "aws_instance",
      "name": "s3fs_63m",
      "provider": "provider[\"registry.terraform.io/hashicorp/aws\"]",
      "instances": [
        {
          "index_key": 0,
          "schema_version": 1,
          "attributes": {
            "ami": "ami-08a7297c0f05d943d",
            "arn": "arn:aws:ec2:eu-north-1:754745079939:instance/i-017101e9df0780011",
            "associate_public_ip_address": true,
            "availability_zone": "eu-north-1b",
            "capacity_reservation_specification": [
              {
                "capacity_reservation_preference": "open",
                "capacity_reservation_target": []
              }
            ],
            "cpu_core_count": 16,
            "cpu_options": [
              {
                "amd_sev_snp": "",
                "core_count": 16,
                "threads_per_core": 1
              }
            ],
            "cpu_threads_per_core": 1,
            "credit_specification": [],
            "disable_api_stop": false,
            "disable_api_termination": false,
            "ebs_block_device": [],
            "ebs_optimized": false,
            "enclave_options": [
              {
                "enabled": false
              }
            ],
            "ephemeral_block_device": [],
            "get_password_data": false,
            "hibernation": false,
            "host_id": "",
            "host_resource_group_arn": null,
            "iam_instance_profile": "fuse_benchmark_20240309-063250",
            "id": "i-017101e9df0780011",
            "instance_initiated_shutdown_behavior": "stop",
            "instance_lifecycle": "",
            "instance_market_options": [],
            "instance_state": "running",
            "instance_type": "c6g.4xlarge",
            "ipv6_address_count": 0,
            "ipv6_addresses": [],
            "key_name": "",
            "launch_template": [],
            "maintenance_options": [
              {
                "auto_recovery": "default"
              }
            ],
            "metadata_options": [
              {
                "http_endpoint": "enabled",
                "http_protocol_ipv6": "disabled",
                "http_put_response_hop_limit": 1,
                "http_tokens": "optional",
                "instance_metadata_tags": "disabled"
              }
            ],
            "monitoring": false,
            "network_interface": [],
            "outpost_arn": "",
            "password_data": "",
            "placement_group": "",
            "placement_partition_number": 0,
            "primary_network_interface_id": "eni-063018bc791ee29e1",
            "private_dns": "ip-172-31-32-100.eu-north-1.compute.internal",
            "private_dns_name_options": [
              {
                "enable_resource_name_dns_a_record": false,
                "enable_resource_name_dns_aaaa_record": false,
                "hostname_type": "ip-name"
              }
            ],
            "private_ip": "172.31.32.100",
            "public_dns": "ec2-16-171-162-104.eu-north-1.compute.amazonaws.com",
            "public_ip": "16.171.162.104",
            "root_block_device": [
              {
                "delete_on_termination": true,
                "device_name": "/dev/sda1",
                "encrypted": false,
                "iops": 100,
                "kms_key_id": "",
                "tags": {
                  "Created": "2024-03-09T18:33:11Z",
                  "Creator": "kirill.bas"
                },
                "tags_all": {
                  "Created": "2024-03-09T18:33:11Z",
                  "Creator": "kirill.bas"
                },
                "throughput": 0,
                "volume_id": "vol-0ecd9653a1a0390d7",
                "volume_size": 8,
                "volume_type": "gp2"
              }
            ],
            "secondary_private_ips": [],
            "security_groups": [
              "allow_all_traffic"
            ],
            "source_dest_check": true,
            "spot_instance_request_id": "",
            "subnet_id": "subnet-9f8882e7",
            "tags": {
              "Created": "2024-03-09T18:33:11Z",
              "Creator": "kirill.bas",
              "Name": "1-job-30-write"
            },
            "tags_all": {
              "Created": "2024-03-09T18:33:11Z",
              "Creator": "kirill.bas",
              "Name": "1-job-30-write"
            },
            "tenancy": "default",
            "timeouts": null,
            "user_data": "03d755d6f0af2f12371b0a5a55221bb7fe7acd40",
            "user_data_base64": null,
            "user_data_replace_on_change": false,
            "volume_tags": null,
            "vpc_security_group_ids": [
              "sg-0aa945914098acd8e"
            ]
          },
          "sensitive_attributes": [],
          "private": "eyJlMmJmYjczMC1lY2FhLTExZTYtOGY4OC0zNDM2M2JjN2M0YzAiOnsiY3JlYXRlIjo2MDAwMDAwMDAwMDAsImRlbGV0ZSI6MTIwMDAwMDAwMDAwMCwicmVhZCI6OTAwMDAwMDAwMDAwLCJ1cGRhdGUiOjYwMDAwMDAwMDAwMH0sInNjaGVtYV92ZXJzaW9uIjoiMSJ9",
          "dependencies": [
            "aws_iam_instance_profile.fuse_benchmark_iam_profile",
            "aws_iam_role.fuse_benchmark_iam_role",
            "aws_s3_bucket.s3fs_buckets",
            "aws_s3_bucket.s3fs_results",
            "aws_security_group.fuse_benchmark_allow_all",
            "data.aws_region.current"
          ]
        },
        {
          "index_key": 1,
          "schema_version": 1,
          "attributes": {
            "ami": "ami-08a7297c0f05d943d",
            "arn": "arn:aws:ec2:eu-north-1:754745079939:instance/i-0c2f5e9c26367df19",
            "associate_public_ip_address": true,
            "availability_zone": "eu-north-1b",
            "capacity_reservation_specification": [
              {
                "capacity_reservation_preference": "open",
                "capacity_reservation_target": []
              }
            ],
            "cpu_core_count": 16,
            "cpu_options": [
              {
                "amd_sev_snp": "",
                "core_count": 16,
                "threads_per_core": 1
              }
            ],
            "cpu_threads_per_core": 1,
            "credit_specification": [],
            "disable_api_stop": false,
            "disable_api_termination": false,
            "ebs_block_device": [],
            "ebs_optimized": false,
            "enclave_options": [
              {
                "enabled": false
              }
            ],
            "ephemeral_block_device": [],
            "get_password_data": false,
            "hibernation": false,
            "host_id": "",
            "host_resource_group_arn": null,
            "iam_instance_profile": "fuse_benchmark_20240309-063250",
            "id": "i-0c2f5e9c26367df19",
            "instance_initiated_shutdown_behavior": "stop",
            "instance_lifecycle": "",
            "instance_market_options": [],
            "instance_state": "running",
            "instance_type": "c6g.4xlarge",
            "ipv6_address_count": 0,
            "ipv6_addresses": [],
            "key_name": "",
            "launch_template": [],
            "maintenance_options": [
              {
                "auto_recovery": "default"
              }
            ],
            "metadata_options": [
              {
                "http_endpoint": "enabled",
                "http_protocol_ipv6": "disabled",
                "http_put_response_hop_limit": 1,
                "http_tokens": "optional",
                "instance_metadata_tags": "disabled"
              }
            ],
            "monitoring": false,
            "network_interface": [],
            "outpost_arn": "",
            "password_data": "",
            "placement_group": "",
            "placement_partition_number": 0,
            "primary_network_interface_id": "eni-00959e7b4824c0b35",
            "private_dns": "ip-172-31-40-218.eu-north-1.compute.internal",
            "private_dns_name_options": [
              {
                "enable_resource_name_dns_a_record": false,
                "enable_resource_name_dns_aaaa_record": false,
                "hostname_type": "ip-name"
              }
            ],
            "private_ip": "172.31.40.218",
            "public_dns": "ec2-51-20-2-188.eu-north-1.compute.amazonaws.com",
            "public_ip": "51.20.2.188",
            "root_block_device": [
              {
                "delete_on_termination": true,
                "device_name": "/dev/sda1",
                "encrypted": false,
                "iops": 100,
                "kms_key_id": "",
                "tags": {
                  "Created": "2024-03-09T18:33:26Z",
                  "Creator": "kirill.bas"
                },
                "tags_all": {
                  "Created": "2024-03-09T18:33:26Z",
                  "Creator": "kirill.bas"
                },
                "throughput": 0,
                "volume_id": "vol-00bc7e294cddb2f3f",
                "volume_size": 8,
                "volume_type": "gp2"
              }
            ],
            "secondary_private_ips": [],
            "security_groups": [
              "allow_all_traffic"
            ],
            "source_dest_check": true,
            "spot_instance_request_id": "",
            "subnet_id": "subnet-9f8882e7",
            "tags": {
              "Created": "2024-03-09T18:33:26Z",
              "Creator": "kirill.bas",
              "Name": "1-job-70-read"
            },
            "tags_all": {
              "Created": "2024-03-09T18:33:26Z",
              "Creator": "kirill.bas",
              "Name": "1-job-70-read"
            },
            "tenancy": "default",
            "timeouts": null,
            "user_data": "dca26d20c85276d9a04d8366f96e790ba3ebc45e",
            "user_data_base64": null,
            "user_data_replace_on_change": false,
            "volume_tags": null,
            "vpc_security_group_ids": [
              "sg-0aa945914098acd8e"
            ]
          },
          "sensitive_attributes": [],
          "private": "eyJlMmJmYjczMC1lY2FhLTExZTYtOGY4OC0zNDM2M2JjN2M0YzAiOnsiY3JlYXRlIjo2MDAwMDAwMDAwMDAsImRlbGV0ZSI6MTIwMDAwMDAwMDAwMCwicmVhZCI6OTAwMDAwMDAwMDAwLCJ1cGRhdGUiOjYwMDAwMDAwMDAwMH0sInNjaGVtYV92ZXJzaW9uIjoiMSJ9",
          "dependencies": [
            "aws_iam_instance_profile.fuse_benchmark_iam_profile",
            "aws_iam_role.fuse_benchmark_iam_role",
            "aws_s3_bucket.s3fs_buckets",
            "aws_s3_bucket.s3fs_results",
            "aws_security_group.fuse_benchmark_allow_all",
            "data.aws_region.current"
          ]
        },
        {
          "index_key": 2,
          "schema_version": 1,
          "attributes": {
            "ami": "ami-08a7297c0f05d943d",
            "arn": "arn:aws:ec2:eu-north-1:754745079939:instance/i-0847d3700cdd36ef1",
            "associate_public_ip_address": true,
            "availability_zone": "eu-north-1b",
            "capacity_reservation_specification": [
              {
                "capacity_reservation_preference": "open",
                "capacity_reservation_target": []
              }
            ],
            "cpu_core_count": 16,
            "cpu_options": [
              {
                "amd_sev_snp": "",
                "core_count": 16,
                "threads_per_core": 1
              }
            ],
            "cpu_threads_per_core": 1,
            "credit_specification": [],
            "disable_api_stop": false,
            "disable_api_termination": false,
            "ebs_block_device": [],
            "ebs_optimized": false,
            "enclave_options": [
              {
                "enabled": false
              }
            ],
            "ephemeral_block_device": [],
            "get_password_data": false,
            "hibernation": false,
            "host_id": "",
            "host_resource_group_arn": null,
            "iam_instance_profile": "fuse_benchmark_20240309-063250",
            "id": "i-0847d3700cdd36ef1",
            "instance_initiated_shutdown_behavior": "stop",
            "instance_lifecycle": "",
            "instance_market_options": [],
            "instance_state": "running",
            "instance_type": "c6g.4xlarge",
            "ipv6_address_count": 0,
            "ipv6_addresses": [],
            "key_name": "",
            "launch_template": [],
            "maintenance_options": [
              {
                "auto_recovery": "default"
              }
            ],
            "metadata_options": [
              {
                "http_endpoint": "enabled",
                "http_protocol_ipv6": "disabled",
                "http_put_response_hop_limit": 1,
                "http_tokens": "optional",
                "instance_metadata_tags": "disabled"
              }
            ],
            "monitoring": false,
            "network_interface": [],
            "outpost_arn": "",
            "password_data": "",
            "placement_group": "",
            "placement_partition_number": 0,
            "primary_network_interface_id": "eni-0c51baa8241f64cb0",
            "private_dns": "ip-172-31-38-213.eu-north-1.compute.internal",
            "private_dns_name_options": [
              {
                "enable_resource_name_dns_a_record": false,
                "enable_resource_name_dns_aaaa_record": false,
                "hostname_type": "ip-name"
              }
            ],
            "private_ip": "172.31.38.213",
            "public_dns": "ec2-13-60-30-242.eu-north-1.compute.amazonaws.com",
            "public_ip": "13.60.30.242",
            "root_block_device": [
              {
                "delete_on_termination": true,
                "device_name": "/dev/sda1",
                "encrypted": false,
                "iops": 100,
                "kms_key_id": "",
                "tags": {
                  "Created": "2024-03-09T18:33:29Z",
                  "Creator": "kirill.bas"
                },
                "tags_all": {
                  "Created": "2024-03-09T18:33:29Z",
                  "Creator": "kirill.bas"
                },
                "throughput": 0,
                "volume_id": "vol-0c327dad60b2e9106",
                "volume_size": 8,
                "volume_type": "gp2"
              }
            ],
            "secondary_private_ips": [],
            "security_groups": [
              "allow_all_traffic"
            ],
            "source_dest_check": true,
            "spot_instance_request_id": "",
            "subnet_id": "subnet-9f8882e7",
            "tags": {
              "Created": "2024-03-09T18:33:29Z",
              "Creator": "kirill.bas",
              "Name": "1-job-random-read"
            },
            "tags_all": {
              "Created": "2024-03-09T18:33:29Z",
              "Creator": "kirill.bas",
              "Name": "1-job-random-read"
            },
            "tenancy": "default",
            "timeouts": null,
            "user_data": "7c9f10fca61ba1ef8996ee8cc496656fa3f44856",
            "user_data_base64": null,
            "user_data_replace_on_change": false,
            "volume_tags": null,
            "vpc_security_group_ids": [
              "sg-0aa945914098acd8e"
            ]
          },
          "sensitive_attributes": [],
          "private": "eyJlMmJmYjczMC1lY2FhLTExZTYtOGY4OC0zNDM2M2JjN2M0YzAiOnsiY3JlYXRlIjo2MDAwMDAwMDAwMDAsImRlbGV0ZSI6MTIwMDAwMDAwMDAwMCwicmVhZCI6OTAwMDAwMDAwMDAwLCJ1cGRhdGUiOjYwMDAwMDAwMDAwMH0sInNjaGVtYV92ZXJzaW9uIjoiMSJ9",
          "dependencies": [
            "aws_iam_instance_profile.fuse_benchmark_iam_profile",
            "aws_iam_role.fuse_benchmark_iam_role",
            "aws_s3_bucket.s3fs_buckets",
            "aws_s3_bucket.s3fs_results",
            "aws_security_group.fuse_benchmark_allow_all",
            "data.aws_region.current"
          ]
        },
        {
          "index_key": 3,
          "schema_version": 1,
          "attributes": {
            "ami": "ami-08a7297c0f05d943d",
            "arn": "arn:aws:ec2:eu-north-1:754745079939:instance/i-0cdd0f48c78ec78c6",
            "associate_public_ip_address": true,
            "availability_zone": "eu-north-1b",
            "capacity_reservation_specification": [
              {
                "capacity_reservation_preference": "open",
                "capacity_reservation_target": []
              }
            ],
            "cpu_core_count": 16,
            "cpu_options": [
              {
                "amd_sev_snp": "",
                "core_count": 16,
                "threads_per_core": 1
              }
            ],
            "cpu_threads_per_core": 1,
            "credit_specification": [],
            "disable_api_stop": false,
            "disable_api_termination": false,
            "ebs_block_device": [],
            "ebs_optimized": false,
            "enclave_options": [
              {
                "enabled": false
              }
            ],
            "ephemeral_block_device": [],
            "get_password_data": false,
            "hibernation": false,
            "host_id": "",
            "host_resource_group_arn": null,
            "iam_instance_profile": "fuse_benchmark_20240309-063250",
            "id": "i-0cdd0f48c78ec78c6",
            "instance_initiated_shutdown_behavior": "stop",
            "instance_lifecycle": "",
            "instance_market_options": [],
            "instance_state": "running",
            "instance_type": "c6g.4xlarge",
            "ipv6_address_count": 0,
            "ipv6_addresses": [],
            "key_name": "",
            "launch_template": [],
            "maintenance_options": [
              {
                "auto_recovery": "default"
              }
            ],
            "metadata_options": [
              {
                "http_endpoint": "enabled",
                "http_protocol_ipv6": "disabled",
                "http_put_response_hop_limit": 1,
                "http_tokens": "optional",
                "instance_metadata_tags": "disabled"
              }
            ],
            "monitoring": false,
            "network_interface": [],
            "outpost_arn": "",
            "password_data": "",
            "placement_group": "",
            "placement_partition_number": 0,
            "primary_network_interface_id": "eni-0c44adff1f8266cc0",
            "private_dns": "ip-172-31-46-74.eu-north-1.compute.internal",
            "private_dns_name_options": [
              {
                "enable_resource_name_dns_a_record": false,
                "enable_resource_name_dns_aaaa_record": false,
                "hostname_type": "ip-name"
              }
            ],
            "private_ip": "172.31.46.74",
            "public_dns": "ec2-13-60-53-15.eu-north-1.compute.amazonaws.com",
            "public_ip": "13.60.53.15",
            "root_block_device": [
              {
                "delete_on_termination": true,
                "device_name": "/dev/sda1",
                "encrypted": false,
                "iops": 100,
                "kms_key_id": "",
                "tags": {
                  "Created": "2024-03-09T18:34:24Z",
                  "Creator": "kirill.bas"
                },
                "tags_all": {
                  "Created": "2024-03-09T18:34:24Z",
                  "Creator": "kirill.bas"
                },
                "throughput": 0,
                "volume_id": "vol-01a7219bf58145b6a",
                "volume_size": 8,
                "volume_type": "gp2"
              }
            ],
            "secondary_private_ips": [],
            "security_groups": [
              "allow_all_traffic"
            ],
            "source_dest_check": true,
            "spot_instance_request_id": "",
            "subnet_id": "subnet-9f8882e7",
            "tags": {
              "Created": "2024-03-09T18:34:24Z",
              "Creator": "kirill.bas",
              "Name": "1-job-random-write"
            },
            "tags_all": {
              "Created": "2024-03-09T18:34:24Z",
              "Creator": "kirill.bas",
              "Name": "1-job-random-write"
            },
            "tenancy": "default",
            "timeouts": null,
            "user_data": "9fe9130f49322d2e65e1751b8d1d8191890ff165",
            "user_data_base64": null,
            "user_data_replace_on_change": false,
            "volume_tags": null,
            "vpc_security_group_ids": [
              "sg-0aa945914098acd8e"
            ]
          },
          "sensitive_attributes": [],
          "private": "eyJlMmJmYjczMC1lY2FhLTExZTYtOGY4OC0zNDM2M2JjN2M0YzAiOnsiY3JlYXRlIjo2MDAwMDAwMDAwMDAsImRlbGV0ZSI6MTIwMDAwMDAwMDAwMCwicmVhZCI6OTAwMDAwMDAwMDAwLCJ1cGRhdGUiOjYwMDAwMDAwMDAwMH0sInNjaGVtYV92ZXJzaW9uIjoiMSJ9",
          "dependencies": [
            "aws_iam_instance_profile.fuse_benchmark_iam_profile",
            "aws_iam_role.fuse_benchmark_iam_role",
            "aws_s3_bucket.s3fs_buckets",
            "aws_s3_bucket.s3fs_results",
            "aws_security_group.fuse_benchmark_allow_all",
            "data.aws_region.current"
          ]
        },
        {
          "index_key": 4,
          "schema_version": 1,
          "attributes": {
            "ami": "ami-08a7297c0f05d943d",
            "arn": "arn:aws:ec2:eu-north-1:754745079939:instance/i-06fc6bd76b1b2236d",
            "associate_public_ip_address": true,
            "availability_zone": "eu-north-1b",
            "capacity_reservation_specification": [
              {
                "capacity_reservation_preference": "open",
                "capacity_reservation_target": []
              }
            ],
            "cpu_core_count": 16,
            "cpu_options": [
              {
                "amd_sev_snp": "",
                "core_count": 16,
                "threads_per_core": 1
              }
            ],
            "cpu_threads_per_core": 1,
            "credit_specification": [],
            "disable_api_stop": false,
            "disable_api_termination": false,
            "ebs_block_device": [],
            "ebs_optimized": false,
            "enclave_options": [
              {
                "enabled": false
              }
            ],
            "ephemeral_block_device": [],
            "get_password_data": false,
            "hibernation": false,
            "host_id": "",
            "host_resource_group_arn": null,
            "iam_instance_profile": "fuse_benchmark_20240309-063250",
            "id": "i-06fc6bd76b1b2236d",
            "instance_initiated_shutdown_behavior": "stop",
            "instance_lifecycle": "",
            "instance_market_options": [],
            "instance_state": "running",
            "instance_type": "c6g.4xlarge",
            "ipv6_address_count": 0,
            "ipv6_addresses": [],
            "key_name": "",
            "launch_template": [],
            "maintenance_options": [
              {
                "auto_recovery": "default"
              }
            ],
            "metadata_options": [
              {
                "http_endpoint": "enabled",
                "http_protocol_ipv6": "disabled",
                "http_put_response_hop_limit": 1,
                "http_tokens": "optional",
                "instance_metadata_tags": "disabled"
              }
            ],
            "monitoring": false,
            "network_interface": [],
            "outpost_arn": "",
            "password_data": "",
            "placement_group": "",
            "placement_partition_number": 0,
            "primary_network_interface_id": "eni-0114b3fe281cb45c3",
            "private_dns": "ip-172-31-36-234.eu-north-1.compute.internal",
            "private_dns_name_options": [
              {
                "enable_resource_name_dns_a_record": false,
                "enable_resource_name_dns_aaaa_record": false,
                "hostname_type": "ip-name"
              }
            ],
            "private_ip": "172.31.36.234",
            "public_dns": "ec2-16-171-175-62.eu-north-1.compute.amazonaws.com",
            "public_ip": "16.171.175.62",
            "root_block_device": [
              {
                "delete_on_termination": true,
                "device_name": "/dev/sda1",
                "encrypted": false,
                "iops": 100,
                "kms_key_id": "",
                "tags": {
                  "Created": "2024-03-09T18:33:38Z",
                  "Creator": "kirill.bas"
                },
                "tags_all": {
                  "Created": "2024-03-09T18:33:38Z",
                  "Creator": "kirill.bas"
                },
                "throughput": 0,
                "volume_id": "vol-02ad3340d42628591",
                "volume_size": 8,
                "volume_type": "gp2"
              }
            ],
            "secondary_private_ips": [],
            "security_groups": [
              "allow_all_traffic"
            ],
            "source_dest_check": true,
            "spot_instance_request_id": "",
            "subnet_id": "subnet-9f8882e7",
            "tags": {
              "Created": "2024-03-09T18:33:38Z",
              "Creator": "kirill.bas",
              "Name": "1-job-sequential-read"
            },
            "tags_all": {
              "Created": "2024-03-09T18:33:38Z",
              "Creator": "kirill.bas",
              "Name": "1-job-sequential-read"
            },
            "tenancy": "default",
            "timeouts": null,
            "user_data": "024c7d54e838ee6769e45e2065edf51c66615578",
            "user_data_base64": null,
            "user_data_replace_on_change": false,
            "volume_tags": null,
            "vpc_security_group_ids": [
              "sg-0aa945914098acd8e"
            ]
          },
          "sensitive_attributes": [],
          "private": "eyJlMmJmYjczMC1lY2FhLTExZTYtOGY4OC0zNDM2M2JjN2M0YzAiOnsiY3JlYXRlIjo2MDAwMDAwMDAwMDAsImRlbGV0ZSI6MTIwMDAwMDAwMDAwMCwicmVhZCI6OTAwMDAwMDAwMDAwLCJ1cGRhdGUiOjYwMDAwMDAwMDAwMH0sInNjaGVtYV92ZXJzaW9uIjoiMSJ9",
          "dependencies": [
            "aws_iam_instance_profile.fuse_benchmark_iam_profile",
            "aws_iam_role.fuse_benchmark_iam_role",
            "aws_s3_bucket.s3fs_buckets",
            "aws_s3_bucket.s3fs_results",
            "aws_security_group.fuse_benchmark_allow_all",
            "data.aws_region.current"
          ]
        },
        {
          "index_key": 5,
          "schema_version": 1,
          "attributes": {
            "ami": "ami-08a7297c0f05d943d",
            "arn": "arn:aws:ec2:eu-north-1:754745079939:instance/i-013980cb8189f9cf7",
            "associate_public_ip_address": true,
            "availability_zone": "eu-north-1b",
            "capacity_reservation_specification": [
              {
                "capacity_reservation_preference": "open",
                "capacity_reservation_target": []
              }
            ],
            "cpu_core_count": 16,
            "cpu_options": [
              {
                "amd_sev_snp": "",
                "core_count": 16,
                "threads_per_core": 1
              }
            ],
            "cpu_threads_per_core": 1,
            "credit_specification": [],
            "disable_api_stop": false,
            "disable_api_termination": false,
            "ebs_block_device": [],
            "ebs_optimized": false,
            "enclave_options": [
              {
                "enabled": false
              }
            ],
            "ephemeral_block_device": [],
            "get_password_data": false,
            "hibernation": false,
            "host_id": "",
            "host_resource_group_arn": null,
            "iam_instance_profile": "fuse_benchmark_20240309-063250",
            "id": "i-013980cb8189f9cf7",
            "instance_initiated_shutdown_behavior": "stop",
            "instance_lifecycle": "",
            "instance_market_options": [],
            "instance_state": "running",
            "instance_type": "c6g.4xlarge",
            "ipv6_address_count": 0,
            "ipv6_addresses": [],
            "key_name": "",
            "launch_template": [],
            "maintenance_options": [
              {
                "auto_recovery": "default"
              }
            ],
            "metadata_options": [
              {
                "http_endpoint": "enabled",
                "http_protocol_ipv6": "disabled",
                "http_put_response_hop_limit": 1,
                "http_tokens": "optional",
                "instance_metadata_tags": "disabled"
              }
            ],
            "monitoring": false,
            "network_interface": [],
            "outpost_arn": "",
            "password_data": "",
            "placement_group": "",
            "placement_partition_number": 0,
            "primary_network_interface_id": "eni-07c5dbeed1eb69f6e",
            "private_dns": "ip-172-31-44-68.eu-north-1.compute.internal",
            "private_dns_name_options": [
              {
                "enable_resource_name_dns_a_record": false,
                "enable_resource_name_dns_aaaa_record": false,
                "hostname_type": "ip-name"
              }
            ],
            "private_ip": "172.31.44.68",
            "public_dns": "ec2-13-60-19-173.eu-north-1.compute.amazonaws.com",
            "public_ip": "13.60.19.173",
            "root_block_device": [
              {
                "delete_on_termination": true,
                "device_name": "/dev/sda1",
                "encrypted": false,
                "iops": 100,
                "kms_key_id": "",
                "tags": {
                  "Created": "2024-03-09T18:34:43Z",
                  "Creator": "kirill.bas"
                },
                "tags_all": {
                  "Created": "2024-03-09T18:34:43Z",
                  "Creator": "kirill.bas"
                },
                "throughput": 0,
                "volume_id": "vol-072b0d0d234a34462",
                "volume_size": 8,
                "volume_type": "gp2"
              }
            ],
            "secondary_private_ips": [],
            "security_groups": [
              "allow_all_traffic"
            ],
            "source_dest_check": true,
            "spot_instance_request_id": "",
            "subnet_id": "subnet-9f8882e7",
            "tags": {
              "Created": "2024-03-09T18:34:43Z",
              "Creator": "kirill.bas",
              "Name": "1-job-sequential-write"
            },
            "tags_all": {
              "Created": "2024-03-09T18:34:43Z",
              "Creator": "kirill.bas",
              "Name": "1-job-sequential-write"
            },
            "tenancy": "default",
            "timeouts": null,
            "user_data": "99f8b3122996e63d98c707bc08da91ef3ddafd96",
            "user_data_base64": null,
            "user_data_replace_on_change": false,
            "volume_tags": null,
            "vpc_security_group_ids": [
              "sg-0aa945914098acd8e"
            ]
          },
          "sensitive_attributes": [],
          "private": "eyJlMmJmYjczMC1lY2FhLTExZTYtOGY4OC0zNDM2M2JjN2M0YzAiOnsiY3JlYXRlIjo2MDAwMDAwMDAwMDAsImRlbGV0ZSI6MTIwMDAwMDAwMDAwMCwicmVhZCI6OTAwMDAwMDAwMDAwLCJ1cGRhdGUiOjYwMDAwMDAwMDAwMH0sInNjaGVtYV92ZXJzaW9uIjoiMSJ9",
          "dependencies": [
            "aws_iam_instance_profile.fuse_benchmark_iam_profile",
            "aws_iam_role.fuse_benchmark_iam_role",
            "aws_s3_bucket.s3fs_buckets",
            "aws_s3_bucket.s3fs_results",
            "aws_security_group.fuse_benchmark_allow_all",
            "data.aws_region.current"
          ]
        },
        {
          "index_key": 6,
          "schema_version": 1,
          "attributes": {
            "ami": "ami-08a7297c0f05d943d",
            "arn": "arn:aws:ec2:eu-north-1:754745079939:instance/i-03514ac9d40860d8b",
            "associate_public_ip_address": true,
            "availability_zone": "eu-north-1b",
            "capacity_reservation_specification": [
              {
                "capacity_reservation_preference": "open",
                "capacity_reservation_target": []
              }
            ],
            "cpu_core_count": 16,
            "cpu_options": [
              {
                "amd_sev_snp": "",
                "core_count": 16,
                "threads_per_core": 1
              }
            ],
            "cpu_threads_per_core": 1,
            "credit_specification": [],
            "disable_api_stop": false,
            "disable_api_termination": false,
            "ebs_block_device": [],
            "ebs_optimized": false,
            "enclave_options": [
              {
                "enabled": false
              }
            ],
            "ephemeral_block_device": [],
            "get_password_data": false,
            "hibernation": false,
            "host_id": "",
            "host_resource_group_arn": null,
            "iam_instance_profile": "fuse_benchmark_20240309-063250",
            "id": "i-03514ac9d40860d8b",
            "instance_initiated_shutdown_behavior": "stop",
            "instance_lifecycle": "",
            "instance_market_options": [],
            "instance_state": "running",
            "instance_type": "c6g.4xlarge",
            "ipv6_address_count": 0,
            "ipv6_addresses": [],
            "key_name": "",
            "launch_template": [],
            "maintenance_options": [
              {
                "auto_recovery": "default"
              }
            ],
            "metadata_options": [
              {
                "http_endpoint": "enabled",
                "http_protocol_ipv6": "disabled",
                "http_put_response_hop_limit": 1,
                "http_tokens": "optional",
                "instance_metadata_tags": "disabled"
              }
            ],
            "monitoring": false,
            "network_interface": [],
            "outpost_arn": "",
            "password_data": "",
            "placement_group": "",
            "placement_partition_number": 0,
            "primary_network_interface_id": "eni-0ffd2bd63fb47ca4c",
            "private_dns": "ip-172-31-36-49.eu-north-1.compute.internal",
            "private_dns_name_options": [
              {
                "enable_resource_name_dns_a_record": false,
                "enable_resource_name_dns_aaaa_record": false,
                "hostname_type": "ip-name"
              }
            ],
            "private_ip": "172.31.36.49",
            "public_dns": "ec2-16-171-143-186.eu-north-1.compute.amazonaws.com",
            "public_ip": "16.171.143.186",
            "root_block_device": [
              {
                "delete_on_termination": true,
                "device_name": "/dev/sda1",
                "encrypted": false,
                "iops": 100,
                "kms_key_id": "",
                "tags": {
                  "Created": "2024-03-09T18:34:44Z",
                  "Creator": "kirill.bas"
                },
                "tags_all": {
                  "Created": "2024-03-09T18:34:44Z",
                  "Creator": "kirill.bas"
                },
                "throughput": 0,
                "volume_id": "vol-09e961ad551c878a8",
                "volume_size": 8,
                "volume_type": "gp2"
              }
            ],
            "secondary_private_ips": [],
            "security_groups": [
              "allow_all_traffic"
            ],
            "source_dest_check": true,
            "spot_instance_request_id": "",
            "subnet_id": "subnet-9f8882e7",
            "tags": {
              "Created": "2024-03-09T18:34:44Z",
              "Creator": "kirill.bas",
              "Name": "16-job-30-write"
            },
            "tags_all": {
              "Created": "2024-03-09T18:34:44Z",
              "Creator": "kirill.bas",
              "Name": "16-job-30-write"
            },
            "tenancy": "default",
            "timeouts": null,
            "user_data": "6629cecc27dbb7ef2b2aacf00dc30c9fdd7102c1",
            "user_data_base64": null,
            "user_data_replace_on_change": false,
            "volume_tags": null,
            "vpc_security_group_ids": [
              "sg-0aa945914098acd8e"
            ]
          },
          "sensitive_attributes": [],
          "private": "eyJlMmJmYjczMC1lY2FhLTExZTYtOGY4OC0zNDM2M2JjN2M0YzAiOnsiY3JlYXRlIjo2MDAwMDAwMDAwMDAsImRlbGV0ZSI6MTIwMDAwMDAwMDAwMCwicmVhZCI6OTAwMDAwMDAwMDAwLCJ1cGRhdGUiOjYwMDAwMDAwMDAwMH0sInNjaGVtYV92ZXJzaW9uIjoiMSJ9",
          "dependencies": [
            "aws_iam_instance_profile.fuse_benchmark_iam_profile",
            "aws_iam_role.fuse_benchmark_iam_role",
            "aws_s3_bucket.s3fs_buckets",
            "aws_s3_bucket.s3fs_results",
            "aws_security_group.fuse_benchmark_allow_all",
            "data.aws_region.current"
          ]
        },
        {
          "index_key": 7,
          "schema_version": 1,
          "attributes": {
            "ami": "ami-08a7297c0f05d943d",
            "arn": "arn:aws:ec2:eu-north-1:754745079939:instance/i-003a0516e71cb0eec",
            "associate_public_ip_address": true,
            "availability_zone": "eu-north-1b",
            "capacity_reservation_specification": [
              {
                "capacity_reservation_preference": "open",
                "capacity_reservation_target": []
              }
            ],
            "cpu_core_count": 16,
            "cpu_options": [
              {
                "amd_sev_snp": "",
                "core_count": 16,
                "threads_per_core": 1
              }
            ],
            "cpu_threads_per_core": 1,
            "credit_specification": [],
            "disable_api_stop": false,
            "disable_api_termination": false,
            "ebs_block_device": [],
            "ebs_optimized": false,
            "enclave_options": [
              {
                "enabled": false
              }
            ],
            "ephemeral_block_device": [],
            "get_password_data": false,
            "hibernation": false,
            "host_id": "",
            "host_resource_group_arn": null,
            "iam_instance_profile": "fuse_benchmark_20240309-063250",
            "id": "i-003a0516e71cb0eec",
            "instance_initiated_shutdown_behavior": "stop",
            "instance_lifecycle": "",
            "instance_market_options": [],
            "instance_state": "running",
            "instance_type": "c6g.4xlarge",
            "ipv6_address_count": 0,
            "ipv6_addresses": [],
            "key_name": "",
            "launch_template": [],
            "maintenance_options": [
              {
                "auto_recovery": "default"
              }
            ],
            "metadata_options": [
              {
                "http_endpoint": "enabled",
                "http_protocol_ipv6": "disabled",
                "http_put_response_hop_limit": 1,
                "http_tokens": "optional",
                "instance_metadata_tags": "disabled"
              }
            ],
            "monitoring": false,
            "network_interface": [],
            "outpost_arn": "",
            "password_data": "",
            "placement_group": "",
            "placement_partition_number": 0,
            "primary_network_interface_id": "eni-04ad92d25b38af221",
            "private_dns": "ip-172-31-36-206.eu-north-1.compute.internal",
            "private_dns_name_options": [
              {
                "enable_resource_name_dns_a_record": false,
                "enable_resource_name_dns_aaaa_record": false,
                "hostname_type": "ip-name"
              }
            ],
            "private_ip": "172.31.36.206",
            "public_dns": "ec2-13-51-109-59.eu-north-1.compute.amazonaws.com",
            "public_ip": "13.51.109.59",
            "root_block_device": [
              {
                "delete_on_termination": true,
                "device_name": "/dev/sda1",
                "encrypted": false,
                "iops": 100,
                "kms_key_id": "",
                "tags": {
                  "Created": "2024-03-09T18:34:41Z",
                  "Creator": "kirill.bas"
                },
                "tags_all": {
                  "Created": "2024-03-09T18:34:41Z",
                  "Creator": "kirill.bas"
                },
                "throughput": 0,
                "volume_id": "vol-0c47b839c1244fab9",
                "volume_size": 8,
                "volume_type": "gp2"
              }
            ],
            "secondary_private_ips": [],
            "security_groups": [
              "allow_all_traffic"
            ],
            "source_dest_check": true,
            "spot_instance_request_id": "",
            "subnet_id": "subnet-9f8882e7",
            "tags": {
              "Created": "2024-03-09T18:34:41Z",
              "Creator": "kirill.bas",
              "Name": "16-job-70-read"
            },
            "tags_all": {
              "Created": "2024-03-09T18:34:41Z",
              "Creator": "kirill.bas",
              "Name": "16-job-70-read"
            },
            "tenancy": "default",
            "timeouts": null,
            "user_data": "963a4d6e21874de997930dab9c6c2a9c35950895",
            "user_data_base64": null,
            "user_data_replace_on_change": false,
            "volume_tags": null,
            "vpc_security_group_ids": [
              "sg-0aa945914098acd8e"
            ]
          },
          "sensitive_attributes": [],
          "private": "eyJlMmJmYjczMC1lY2FhLTExZTYtOGY4OC0zNDM2M2JjN2M0YzAiOnsiY3JlYXRlIjo2MDAwMDAwMDAwMDAsImRlbGV0ZSI6MTIwMDAwMDAwMDAwMCwicmVhZCI6OTAwMDAwMDAwMDAwLCJ1cGRhdGUiOjYwMDAwMDAwMDAwMH0sInNjaGVtYV92ZXJzaW9uIjoiMSJ9",
          "dependencies": [
            "aws_iam_instance_profile.fuse_benchmark_iam_profile",
            "aws_iam_role.fuse_benchmark_iam_role",
            "aws_s3_bucket.s3fs_buckets",
            "aws_s3_bucket.s3fs_results",
            "aws_security_group.fuse_benchmark_allow_all",
            "data.aws_region.current"
          ]
        },
        {
          "index_key": 8,
          "schema_version": 1,
          "attributes": {
            "ami": "ami-08a7297c0f05d943d",
            "arn": "arn:aws:ec2:eu-north-1:754745079939:instance/i-00d66b04004068a26",
            "associate_public_ip_address": true,
            "availability_zone": "eu-north-1b",
            "capacity_reservation_specification": [
              {
                "capacity_reservation_preference": "open",
                "capacity_reservation_target": []
              }
            ],
            "cpu_core_count": 16,
            "cpu_options": [
              {
                "amd_sev_snp": "",
                "core_count": 16,
                "threads_per_core": 1
              }
            ],
            "cpu_threads_per_core": 1,
            "credit_specification": [],
            "disable_api_stop": false,
            "disable_api_termination": false,
            "ebs_block_device": [],
            "ebs_optimized": false,
            "enclave_options": [
              {
                "enabled": false
              }
            ],
            "ephemeral_block_device": [],
            "get_password_data": false,
            "hibernation": false,
            "host_id": "",
            "host_resource_group_arn": null,
            "iam_instance_profile": "fuse_benchmark_20240309-063250",
            "id": "i-00d66b04004068a26",
            "instance_initiated_shutdown_behavior": "stop",
            "instance_lifecycle": "",
            "instance_market_options": [],
            "instance_state": "running",
            "instance_type": "c6g.4xlarge",
            "ipv6_address_count": 0,
            "ipv6_addresses": [],
            "key_name": "",
            "launch_template": [],
            "maintenance_options": [
              {
                "auto_recovery": "default"
              }
            ],
            "metadata_options": [
              {
                "http_endpoint": "enabled",
                "http_protocol_ipv6": "disabled",
                "http_put_response_hop_limit": 1,
                "http_tokens": "optional",
                "instance_metadata_tags": "disabled"
              }
            ],
            "monitoring": false,
            "network_interface": [],
            "outpost_arn": "",
            "password_data": "",
            "placement_group": "",
            "placement_partition_number": 0,
            "primary_network_interface_id": "eni-0d89933b74e4f658b",
            "private_dns": "ip-172-31-37-141.eu-north-1.compute.internal",
            "private_dns_name_options": [
              {
                "enable_resource_name_dns_a_record": false,
                "enable_resource_name_dns_aaaa_record": false,
                "hostname_type": "ip-name"
              }
            ],
            "private_ip": "172.31.37.141",
            "public_dns": "ec2-51-20-32-171.eu-north-1.compute.amazonaws.com",
            "public_ip": "51.20.32.171",
            "root_block_device": [
              {
                "delete_on_termination": true,
                "device_name": "/dev/sda1",
                "encrypted": false,
                "iops": 100,
                "kms_key_id": "",
                "tags": {
                  "Created": "2024-03-09T18:33:59Z",
                  "Creator": "kirill.bas"
                },
                "tags_all": {
                  "Created": "2024-03-09T18:33:59Z",
                  "Creator": "kirill.bas"
                },
                "throughput": 0,
                "volume_id": "vol-036ad3be8c04edc5f",
                "volume_size": 8,
                "volume_type": "gp2"
              }
            ],
            "secondary_private_ips": [],
            "security_groups": [
              "allow_all_traffic"
            ],
            "source_dest_check": true,
            "spot_instance_request_id": "",
            "subnet_id": "subnet-9f8882e7",
            "tags": {
              "Created": "2024-03-09T18:33:59Z",
              "Creator": "kirill.bas",
              "Name": "16-job-random-read"
            },
            "tags_all": {
              "Created": "2024-03-09T18:33:59Z",
              "Creator": "kirill.bas",
              "Name": "16-job-random-read"
            },
            "tenancy": "default",
            "timeouts": null,
            "user_data": "b59f57ee3129dd0c7a22fefee3613d63ee728f02",
            "user_data_base64": null,
            "user_data_replace_on_change": false,
            "volume_tags": null,
            "vpc_security_group_ids": [
              "sg-0aa945914098acd8e"
            ]
          },
          "sensitive_attributes": [],
          "private": "eyJlMmJmYjczMC1lY2FhLTExZTYtOGY4OC0zNDM2M2JjN2M0YzAiOnsiY3JlYXRlIjo2MDAwMDAwMDAwMDAsImRlbGV0ZSI6MTIwMDAwMDAwMDAwMCwicmVhZCI6OTAwMDAwMDAwMDAwLCJ1cGRhdGUiOjYwMDAwMDAwMDAwMH0sInNjaGVtYV92ZXJzaW9uIjoiMSJ9",
          "dependencies": [
            "aws_iam_instance_profile.fuse_benchmark_iam_profile",
            "aws_iam_role.fuse_benchmark_iam_role",
            "aws_s3_bucket.s3fs_buckets",
            "aws_s3_bucket.s3fs_results",
            "aws_security_group.fuse_benchmark_allow_all",
            "data.aws_region.current"
          ]
        },
        {
          "index_key": 9,
          "schema_version": 1,
          "attributes": {
            "ami": "ami-08a7297c0f05d943d",
            "arn": "arn:aws:ec2:eu-north-1:754745079939:instance/i-0a53f6f2adb0e9abf",
            "associate_public_ip_address": true,
            "availability_zone": "eu-north-1b",
            "capacity_reservation_specification": [
              {
                "capacity_reservation_preference": "open",
                "capacity_reservation_target": []
              }
            ],
            "cpu_core_count": 16,
            "cpu_options": [
              {
                "amd_sev_snp": "",
                "core_count": 16,
                "threads_per_core": 1
              }
            ],
            "cpu_threads_per_core": 1,
            "credit_specification": [],
            "disable_api_stop": false,
            "disable_api_termination": false,
            "ebs_block_device": [],
            "ebs_optimized": false,
            "enclave_options": [
              {
                "enabled": false
              }
            ],
            "ephemeral_block_device": [],
            "get_password_data": false,
            "hibernation": false,
            "host_id": "",
            "host_resource_group_arn": null,
            "iam_instance_profile": "fuse_benchmark_20240309-063250",
            "id": "i-0a53f6f2adb0e9abf",
            "instance_initiated_shutdown_behavior": "stop",
            "instance_lifecycle": "",
            "instance_market_options": [],
            "instance_state": "running",
            "instance_type": "c6g.4xlarge",
            "ipv6_address_count": 0,
            "ipv6_addresses": [],
            "key_name": "",
            "launch_template": [],
            "maintenance_options": [
              {
                "auto_recovery": "default"
              }
            ],
            "metadata_options": [
              {
                "http_endpoint": "enabled",
                "http_protocol_ipv6": "disabled",
                "http_put_response_hop_limit": 1,
                "http_tokens": "optional",
                "instance_metadata_tags": "disabled"
              }
            ],
            "monitoring": false,
            "network_interface": [],
            "outpost_arn": "",
            "password_data": "",
            "placement_group": "",
            "placement_partition_number": 0,
            "primary_network_interface_id": "eni-03d4ab49469ecfd86",
            "private_dns": "ip-172-31-47-36.eu-north-1.compute.internal",
            "private_dns_name_options": [
              {
                "enable_resource_name_dns_a_record": false,
                "enable_resource_name_dns_aaaa_record": false,
                "hostname_type": "ip-name"
              }
            ],
            "private_ip": "172.31.47.36",
            "public_dns": "ec2-13-60-40-219.eu-north-1.compute.amazonaws.com",
            "public_ip": "13.60.40.219",
            "root_block_device": [
              {
                "delete_on_termination": true,
                "device_name": "/dev/sda1",
                "encrypted": false,
                "iops": 100,
                "kms_key_id": "",
                "tags": {
                  "Created": "2024-03-09T18:33:13Z",
                  "Creator": "kirill.bas"
                },
                "tags_all": {
                  "Created": "2024-03-09T18:33:13Z",
                  "Creator": "kirill.bas"
                },
                "throughput": 0,
                "volume_id": "vol-0b302fccdaf6a3228",
                "volume_size": 8,
                "volume_type": "gp2"
              }
            ],
            "secondary_private_ips": [],
            "security_groups": [
              "allow_all_traffic"
            ],
            "source_dest_check": true,
            "spot_instance_request_id": "",
            "subnet_id": "subnet-9f8882e7",
            "tags": {
              "Created": "2024-03-09T18:33:13Z",
              "Creator": "kirill.bas",
              "Name": "16-job-random-write"
            },
            "tags_all": {
              "Created": "2024-03-09T18:33:13Z",
              "Creator": "kirill.bas",
              "Name": "16-job-random-write"
            },
            "tenancy": "default",
            "timeouts": null,
            "user_data": "6d726b3621335291cbb416dd0be9f7e3a81c09a9",
            "user_data_base64": null,
            "user_data_replace_on_change": false,
            "volume_tags": null,
            "vpc_security_group_ids": [
              "sg-0aa945914098acd8e"
            ]
          },
          "sensitive_attributes": [],
          "private": "eyJlMmJmYjczMC1lY2FhLTExZTYtOGY4OC0zNDM2M2JjN2M0YzAiOnsiY3JlYXRlIjo2MDAwMDAwMDAwMDAsImRlbGV0ZSI6MTIwMDAwMDAwMDAwMCwicmVhZCI6OTAwMDAwMDAwMDAwLCJ1cGRhdGUiOjYwMDAwMDAwMDAwMH0sInNjaGVtYV92ZXJzaW9uIjoiMSJ9",
          "dependencies": [
            "aws_iam_instance_profile.fuse_benchmark_iam_profile",
            "aws_iam_role.fuse_benchmark_iam_role",
            "aws_s3_bucket.s3fs_buckets",
            "aws_s3_bucket.s3fs_results",
            "aws_security_group.fuse_benchmark_allow_all",
            "data.aws_region.current"
          ]
        },
        {
          "index_key": 10,
          "schema_version": 1,
          "attributes": {
            "ami": "ami-08a7297c0f05d943d",
            "arn": "arn:aws:ec2:eu-north-1:754745079939:instance/i-0989cea019c775b95",
            "associate_public_ip_address": true,
            "availability_zone": "eu-north-1b",
            "capacity_reservation_specification": [
              {
                "capacity_reservation_preference": "open",
                "capacity_reservation_target": []
              }
            ],
            "cpu_core_count": 16,
            "cpu_options": [
              {
                "amd_sev_snp": "",
                "core_count": 16,
                "threads_per_core": 1
              }
            ],
            "cpu_threads_per_core": 1,
            "credit_specification": [],
            "disable_api_stop": false,
            "disable_api_termination": false,
            "ebs_block_device": [],
            "ebs_optimized": false,
            "enclave_options": [
              {
                "enabled": false
              }
            ],
            "ephemeral_block_device": [],
            "get_password_data": false,
            "hibernation": false,
            "host_id": "",
            "host_resource_group_arn": null,
            "iam_instance_profile": "fuse_benchmark_20240309-063250",
            "id": "i-0989cea019c775b95",
            "instance_initiated_shutdown_behavior": "stop",
            "instance_lifecycle": "",
            "instance_market_options": [],
            "instance_state": "running",
            "instance_type": "c6g.4xlarge",
            "ipv6_address_count": 0,
            "ipv6_addresses": [],
            "key_name": "",
            "launch_template": [],
            "maintenance_options": [
              {
                "auto_recovery": "default"
              }
            ],
            "metadata_options": [
              {
                "http_endpoint": "enabled",
                "http_protocol_ipv6": "disabled",
                "http_put_response_hop_limit": 1,
                "http_tokens": "optional",
                "instance_metadata_tags": "disabled"
              }
            ],
            "monitoring": false,
            "network_interface": [],
            "outpost_arn": "",
            "password_data": "",
            "placement_group": "",
            "placement_partition_number": 0,
            "primary_network_interface_id": "eni-0526d3a2268db4b57",
            "private_dns": "ip-172-31-44-159.eu-north-1.compute.internal",
            "private_dns_name_options": [
              {
                "enable_resource_name_dns_a_record": false,
                "enable_resource_name_dns_aaaa_record": false,
                "hostname_type": "ip-name"
              }
            ],
            "private_ip": "172.31.44.159",
            "public_dns": "ec2-13-48-249-6.eu-north-1.compute.amazonaws.com",
            "public_ip": "13.48.249.6",
            "root_block_device": [
              {
                "delete_on_termination": true,
                "device_name": "/dev/sda1",
                "encrypted": false,
                "iops": 100,
                "kms_key_id": "",
                "tags": {
                  "Created": "2024-03-09T18:34:14Z",
                  "Creator": "kirill.bas"
                },
                "tags_all": {
                  "Created": "2024-03-09T18:34:14Z",
                  "Creator": "kirill.bas"
                },
                "throughput": 0,
                "volume_id": "vol-0e23dfd0f43e5aeb7",
                "volume_size": 8,
                "volume_type": "gp2"
              }
            ],
            "secondary_private_ips": [],
            "security_groups": [
              "allow_all_traffic"
            ],
            "source_dest_check": true,
            "spot_instance_request_id": "",
            "subnet_id": "subnet-9f8882e7",
            "tags": {
              "Created": "2024-03-09T18:34:14Z",
              "Creator": "kirill.bas",
              "Name": "16-job-sequential-read"
            },
            "tags_all": {
              "Created": "2024-03-09T18:34:14Z",
              "Creator": "kirill.bas",
              "Name": "16-job-sequential-read"
            },
            "tenancy": "default",
            "timeouts": null,
            "user_data": "457d8403b37186ba24a6058ca524993cb696a8dd",
            "user_data_base64": null,
            "user_data_replace_on_change": false,
            "volume_tags": null,
            "vpc_security_group_ids": [
              "sg-0aa945914098acd8e"
            ]
          },
          "sensitive_attributes": [],
          "private": "eyJlMmJmYjczMC1lY2FhLTExZTYtOGY4OC0zNDM2M2JjN2M0YzAiOnsiY3JlYXRlIjo2MDAwMDAwMDAwMDAsImRlbGV0ZSI6MTIwMDAwMDAwMDAwMCwicmVhZCI6OTAwMDAwMDAwMDAwLCJ1cGRhdGUiOjYwMDAwMDAwMDAwMH0sInNjaGVtYV92ZXJzaW9uIjoiMSJ9",
          "dependencies": [
            "aws_iam_instance_profile.fuse_benchmark_iam_profile",
            "aws_iam_role.fuse_benchmark_iam_role",
            "aws_s3_bucket.s3fs_buckets",
            "aws_s3_bucket.s3fs_results",
            "aws_security_group.fuse_benchmark_allow_all",
            "data.aws_region.current"
          ]
        },
        {
          "index_key": 11,
          "schema_version": 1,
          "attributes": {
            "ami": "ami-08a7297c0f05d943d",
            "arn": "arn:aws:ec2:eu-north-1:754745079939:instance/i-0f4a99207db581b32",
            "associate_public_ip_address": true,
            "availability_zone": "eu-north-1b",
            "capacity_reservation_specification": [
              {
                "capacity_reservation_preference": "open",
                "capacity_reservation_target": []
              }
            ],
            "cpu_core_count": 16,
            "cpu_options": [
              {
                "amd_sev_snp": "",
                "core_count": 16,
                "threads_per_core": 1
              }
            ],
            "cpu_threads_per_core": 1,
            "credit_specification": [],
            "disable_api_stop": false,
            "disable_api_termination": false,
            "ebs_block_device": [],
            "ebs_optimized": false,
            "enclave_options": [
              {
                "enabled": false
              }
            ],
            "ephemeral_block_device": [],
            "get_password_data": false,
            "hibernation": false,
            "host_id": "",
            "host_resource_group_arn": null,
            "iam_instance_profile": "fuse_benchmark_20240309-063250",
            "id": "i-0f4a99207db581b32",
            "instance_initiated_shutdown_behavior": "stop",
            "instance_lifecycle": "",
            "instance_market_options": [],
            "instance_state": "running",
            "instance_type": "c6g.4xlarge",
            "ipv6_address_count": 0,
            "ipv6_addresses": [],
            "key_name": "",
            "launch_template": [],
            "maintenance_options": [
              {
                "auto_recovery": "default"
              }
            ],
            "metadata_options": [
              {
                "http_endpoint": "enabled",
                "http_protocol_ipv6": "disabled",
                "http_put_response_hop_limit": 1,
                "http_tokens": "optional",
                "instance_metadata_tags": "disabled"
              }
            ],
            "monitoring": false,
            "network_interface": [],
            "outpost_arn": "",
            "password_data": "",
            "placement_group": "",
            "placement_partition_number": 0,
            "primary_network_interface_id": "eni-06512926957cfc5ef",
            "private_dns": "ip-172-31-41-188.eu-north-1.compute.internal",
            "private_dns_name_options": [
              {
                "enable_resource_name_dns_a_record": false,
                "enable_resource_name_dns_aaaa_record": false,
                "hostname_type": "ip-name"
              }
            ],
            "private_ip": "172.31.41.188",
            "public_dns": "ec2-13-51-146-42.eu-north-1.compute.amazonaws.com",
            "public_ip": "13.51.146.42",
            "root_block_device": [
              {
                "delete_on_termination": true,
                "device_name": "/dev/sda1",
                "encrypted": false,
                "iops": 100,
                "kms_key_id": "",
                "tags": {
                  "Created": "2024-03-09T18:33:09Z",
                  "Creator": "kirill.bas"
                },
                "tags_all": {
                  "Created": "2024-03-09T18:33:09Z",
                  "Creator": "kirill.bas"
                },
                "throughput": 0,
                "volume_id": "vol-0aac93d12f2211f60",
                "volume_size": 8,
                "volume_type": "gp2"
              }
            ],
            "secondary_private_ips": [],
            "security_groups": [
              "allow_all_traffic"
            ],
            "source_dest_check": true,
            "spot_instance_request_id": "",
            "subnet_id": "subnet-9f8882e7",
            "tags": {
              "Created": "2024-03-09T18:33:09Z",
              "Creator": "kirill.bas",
              "Name": "16-job-sequential-write"
            },
            "tags_all": {
              "Created": "2024-03-09T18:33:09Z",
              "Creator": "kirill.bas",
              "Name": "16-job-sequential-write"
            },
            "tenancy": "default",
            "timeouts": null,
            "user_data": "5e0a8e54e5a8dead9494895f7d8b8adc600a2c11",
            "user_data_base64": null,
            "user_data_replace_on_change": false,
            "volume_tags": null,
            "vpc_security_group_ids": [
              "sg-0aa945914098acd8e"
            ]
          },
          "sensitive_attributes": [],
          "private": "eyJlMmJmYjczMC1lY2FhLTExZTYtOGY4OC0zNDM2M2JjN2M0YzAiOnsiY3JlYXRlIjo2MDAwMDAwMDAwMDAsImRlbGV0ZSI6MTIwMDAwMDAwMDAwMCwicmVhZCI6OTAwMDAwMDAwMDAwLCJ1cGRhdGUiOjYwMDAwMDAwMDAwMH0sInNjaGVtYV92ZXJzaW9uIjoiMSJ9",
          "dependencies": [
            "aws_iam_instance_profile.fuse_benchmark_iam_profile",
            "aws_iam_role.fuse_benchmark_iam_role",
            "aws_s3_bucket.s3fs_buckets",
            "aws_s3_bucket.s3fs_results",
            "aws_security_group.fuse_benchmark_allow_all",
            "data.aws_region.current"
          ]
        }
      ]
    },
    {
      "mode": "managed",
      "type": "aws_instance",
      "name": "s3fs_benchmark",
      "provider": "provider[\"registry.terraform.io/hashicorp/aws\"]",
      "instances": []
    },
    {
      "mode": "managed",
      "type": "aws_s3_bucket",
      "name": "s3fs_buckets",
      "provider": "provider[\"registry.terraform.io/hashicorp/aws\"]",
      "instances": [
        {
          "index_key": 0,
          "schema_version": 0,
          "attributes": {
            "acceleration_status": "",
            "acl": null,
            "arn": "arn:aws:s3:::1job30write20240309063250",
            "bucket": "1job30write20240309063250",
            "bucket_domain_name": "1job30write20240309063250.s3.amazonaws.com",
            "bucket_prefix": "",
            "bucket_regional_domain_name": "1job30write20240309063250.s3.eu-north-1.amazonaws.com",
            "cors_rule": [],
            "force_destroy": false,
            "grant": [
              {
                "id": "07984aa48219a7fd78275404e48c66ab172f41ef9c1a4b13d812d5fe35cc066f",
                "permissions": [
                  "FULL_CONTROL"
                ],
                "type": "CanonicalUser",
                "uri": ""
              }
            ],
            "hosted_zone_id": "Z3BAZG2TWCNX0D",
            "id": "1job30write20240309063250",
            "lifecycle_rule": [],
            "logging": [],
            "object_lock_configuration": [],
            "object_lock_enabled": false,
            "policy": "",
            "region": "eu-north-1",
            "replication_configuration": [],
            "request_payer": "BucketOwner",
            "server_side_encryption_configuration": [
              {
                "rule": [
                  {
                    "apply_server_side_encryption_by_default": [
                      {
                        "kms_master_key_id": "",
                        "sse_algorithm": "AES256"
                      }
                    ],
                    "bucket_key_enabled": false
                  }
                ]
              }
            ],
            "tags": null,
            "tags_all": {},
            "timeouts": null,
            "versioning": [
              {
                "enabled": false,
                "mfa_delete": false
              }
            ],
            "website": [],
            "website_domain": null,
            "website_endpoint": null
          },
          "sensitive_attributes": [],
          "private": "eyJlMmJmYjczMC1lY2FhLTExZTYtOGY4OC0zNDM2M2JjN2M0YzAiOnsiY3JlYXRlIjoxMjAwMDAwMDAwMDAwLCJkZWxldGUiOjM2MDAwMDAwMDAwMDAsInJlYWQiOjEyMDAwMDAwMDAwMDAsInVwZGF0ZSI6MTIwMDAwMDAwMDAwMH19"
        },
        {
          "index_key": 1,
          "schema_version": 0,
          "attributes": {
            "acceleration_status": "",
            "acl": null,
            "arn": "arn:aws:s3:::1job70read20240309063250",
            "bucket": "1job70read20240309063250",
            "bucket_domain_name": "1job70read20240309063250.s3.amazonaws.com",
            "bucket_prefix": "",
            "bucket_regional_domain_name": "1job70read20240309063250.s3.eu-north-1.amazonaws.com",
            "cors_rule": [],
            "force_destroy": false,
            "grant": [
              {
                "id": "07984aa48219a7fd78275404e48c66ab172f41ef9c1a4b13d812d5fe35cc066f",
                "permissions": [
                  "FULL_CONTROL"
                ],
                "type": "CanonicalUser",
                "uri": ""
              }
            ],
            "hosted_zone_id": "Z3BAZG2TWCNX0D",
            "id": "1job70read20240309063250",
            "lifecycle_rule": [],
            "logging": [],
            "object_lock_configuration": [],
            "object_lock_enabled": false,
            "policy": "",
            "region": "eu-north-1",
            "replication_configuration": [],
            "request_payer": "BucketOwner",
            "server_side_encryption_configuration": [
              {
                "rule": [
                  {
                    "apply_server_side_encryption_by_default": [
                      {
                        "kms_master_key_id": "",
                        "sse_algorithm": "AES256"
                      }
                    ],
                    "bucket_key_enabled": false
                  }
                ]
              }
            ],
            "tags": null,
            "tags_all": {},
            "timeouts": null,
            "versioning": [
              {
                "enabled": false,
                "mfa_delete": false
              }
            ],
            "website": [],
            "website_domain": null,
            "website_endpoint": null
          },
          "sensitive_attributes": [],
          "private": "eyJlMmJmYjczMC1lY2FhLTExZTYtOGY4OC0zNDM2M2JjN2M0YzAiOnsiY3JlYXRlIjoxMjAwMDAwMDAwMDAwLCJkZWxldGUiOjM2MDAwMDAwMDAwMDAsInJlYWQiOjEyMDAwMDAwMDAwMDAsInVwZGF0ZSI6MTIwMDAwMDAwMDAwMH19"
        },
        {
          "index_key": 2,
          "schema_version": 0,
          "attributes": {
            "acceleration_status": "",
            "acl": null,
            "arn": "arn:aws:s3:::1jobrandomread20240309063250",
            "bucket": "1jobrandomread20240309063250",
            "bucket_domain_name": "1jobrandomread20240309063250.s3.amazonaws.com",
            "bucket_prefix": "",
            "bucket_regional_domain_name": "1jobrandomread20240309063250.s3.eu-north-1.amazonaws.com",
            "cors_rule": [],
            "force_destroy": false,
            "grant": [
              {
                "id": "07984aa48219a7fd78275404e48c66ab172f41ef9c1a4b13d812d5fe35cc066f",
                "permissions": [
                  "FULL_CONTROL"
                ],
                "type": "CanonicalUser",
                "uri": ""
              }
            ],
            "hosted_zone_id": "Z3BAZG2TWCNX0D",
            "id": "1jobrandomread20240309063250",
            "lifecycle_rule": [],
            "logging": [],
            "object_lock_configuration": [],
            "object_lock_enabled": false,
            "policy": "",
            "region": "eu-north-1",
            "replication_configuration": [],
            "request_payer": "BucketOwner",
            "server_side_encryption_configuration": [
              {
                "rule": [
                  {
                    "apply_server_side_encryption_by_default": [
                      {
                        "kms_master_key_id": "",
                        "sse_algorithm": "AES256"
                      }
                    ],
                    "bucket_key_enabled": false
                  }
                ]
              }
            ],
            "tags": null,
            "tags_all": {},
            "timeouts": null,
            "versioning": [
              {
                "enabled": false,
                "mfa_delete": false
              }
            ],
            "website": [],
            "website_domain": null,
            "website_endpoint": null
          },
          "sensitive_attributes": [],
          "private": "eyJlMmJmYjczMC1lY2FhLTExZTYtOGY4OC0zNDM2M2JjN2M0YzAiOnsiY3JlYXRlIjoxMjAwMDAwMDAwMDAwLCJkZWxldGUiOjM2MDAwMDAwMDAwMDAsInJlYWQiOjEyMDAwMDAwMDAwMDAsInVwZGF0ZSI6MTIwMDAwMDAwMDAwMH19"
        },
        {
          "index_key": 3,
          "schema_version": 0,
          "attributes": {
            "acceleration_status": "",
            "acl": null,
            "arn": "arn:aws:s3:::1jobrandomwrite20240309063250",
            "bucket": "1jobrandomwrite20240309063250",
            "bucket_domain_name": "1jobrandomwrite20240309063250.s3.amazonaws.com",
            "bucket_prefix": "",
            "bucket_regional_domain_name": "1jobrandomwrite20240309063250.s3.eu-north-1.amazonaws.com",
            "cors_rule": [],
            "force_destroy": false,
            "grant": [
              {
                "id": "07984aa48219a7fd78275404e48c66ab172f41ef9c1a4b13d812d5fe35cc066f",
                "permissions": [
                  "FULL_CONTROL"
                ],
                "type": "CanonicalUser",
                "uri": ""
              }
            ],
            "hosted_zone_id": "Z3BAZG2TWCNX0D",
            "id": "1jobrandomwrite20240309063250",
            "lifecycle_rule": [],
            "logging": [],
            "object_lock_configuration": [],
            "object_lock_enabled": false,
            "policy": "",
            "region": "eu-north-1",
            "replication_configuration": [],
            "request_payer": "BucketOwner",
            "server_side_encryption_configuration": [
              {
                "rule": [
                  {
                    "apply_server_side_encryption_by_default": [
                      {
                        "kms_master_key_id": "",
                        "sse_algorithm": "AES256"
                      }
                    ],
                    "bucket_key_enabled": false
                  }
                ]
              }
            ],
            "tags": null,
            "tags_all": {},
            "timeouts": null,
            "versioning": [
              {
                "enabled": false,
                "mfa_delete": false
              }
            ],
            "website": [],
            "website_domain": null,
            "website_endpoint": null
          },
          "sensitive_attributes": [],
          "private": "eyJlMmJmYjczMC1lY2FhLTExZTYtOGY4OC0zNDM2M2JjN2M0YzAiOnsiY3JlYXRlIjoxMjAwMDAwMDAwMDAwLCJkZWxldGUiOjM2MDAwMDAwMDAwMDAsInJlYWQiOjEyMDAwMDAwMDAwMDAsInVwZGF0ZSI6MTIwMDAwMDAwMDAwMH19"
        },
        {
          "index_key": 4,
          "schema_version": 0,
          "attributes": {
            "acceleration_status": "",
            "acl": null,
            "arn": "arn:aws:s3:::1jobsequentialread20240309063250",
            "bucket": "1jobsequentialread20240309063250",
            "bucket_domain_name": "1jobsequentialread20240309063250.s3.amazonaws.com",
            "bucket_prefix": "",
            "bucket_regional_domain_name": "1jobsequentialread20240309063250.s3.eu-north-1.amazonaws.com",
            "cors_rule": [],
            "force_destroy": false,
            "grant": [
              {
                "id": "07984aa48219a7fd78275404e48c66ab172f41ef9c1a4b13d812d5fe35cc066f",
                "permissions": [
                  "FULL_CONTROL"
                ],
                "type": "CanonicalUser",
                "uri": ""
              }
            ],
            "hosted_zone_id": "Z3BAZG2TWCNX0D",
            "id": "1jobsequentialread20240309063250",
            "lifecycle_rule": [],
            "logging": [],
            "object_lock_configuration": [],
            "object_lock_enabled": false,
            "policy": "",
            "region": "eu-north-1",
            "replication_configuration": [],
            "request_payer": "BucketOwner",
            "server_side_encryption_configuration": [
              {
                "rule": [
                  {
                    "apply_server_side_encryption_by_default": [
                      {
                        "kms_master_key_id": "",
                        "sse_algorithm": "AES256"
                      }
                    ],
                    "bucket_key_enabled": false
                  }
                ]
              }
            ],
            "tags": null,
            "tags_all": {},
            "timeouts": null,
            "versioning": [
              {
                "enabled": false,
                "mfa_delete": false
              }
            ],
            "website": [],
            "website_domain": null,
            "website_endpoint": null
          },
          "sensitive_attributes": [],
          "private": "eyJlMmJmYjczMC1lY2FhLTExZTYtOGY4OC0zNDM2M2JjN2M0YzAiOnsiY3JlYXRlIjoxMjAwMDAwMDAwMDAwLCJkZWxldGUiOjM2MDAwMDAwMDAwMDAsInJlYWQiOjEyMDAwMDAwMDAwMDAsInVwZGF0ZSI6MTIwMDAwMDAwMDAwMH19"
        },
        {
          "index_key": 5,
          "schema_version": 0,
          "attributes": {
            "acceleration_status": "",
            "acl": null,
            "arn": "arn:aws:s3:::1jobsequentialwrite20240309063250",
            "bucket": "1jobsequentialwrite20240309063250",
            "bucket_domain_name": "1jobsequentialwrite20240309063250.s3.amazonaws.com",
            "bucket_prefix": "",
            "bucket_regional_domain_name": "1jobsequentialwrite20240309063250.s3.eu-north-1.amazonaws.com",
            "cors_rule": [],
            "force_destroy": false,
            "grant": [
              {
                "id": "07984aa48219a7fd78275404e48c66ab172f41ef9c1a4b13d812d5fe35cc066f",
                "permissions": [
                  "FULL_CONTROL"
                ],
                "type": "CanonicalUser",
                "uri": ""
              }
            ],
            "hosted_zone_id": "Z3BAZG2TWCNX0D",
            "id": "1jobsequentialwrite20240309063250",
            "lifecycle_rule": [],
            "logging": [],
            "object_lock_configuration": [],
            "object_lock_enabled": false,
            "policy": "",
            "region": "eu-north-1",
            "replication_configuration": [],
            "request_payer": "BucketOwner",
            "server_side_encryption_configuration": [
              {
                "rule": [
                  {
                    "apply_server_side_encryption_by_default": [
                      {
                        "kms_master_key_id": "",
                        "sse_algorithm": "AES256"
                      }
                    ],
                    "bucket_key_enabled": false
                  }
                ]
              }
            ],
            "tags": null,
            "tags_all": {},
            "timeouts": null,
            "versioning": [
              {
                "enabled": false,
                "mfa_delete": false
              }
            ],
            "website": [],
            "website_domain": null,
            "website_endpoint": null
          },
          "sensitive_attributes": [],
          "private": "eyJlMmJmYjczMC1lY2FhLTExZTYtOGY4OC0zNDM2M2JjN2M0YzAiOnsiY3JlYXRlIjoxMjAwMDAwMDAwMDAwLCJkZWxldGUiOjM2MDAwMDAwMDAwMDAsInJlYWQiOjEyMDAwMDAwMDAwMDAsInVwZGF0ZSI6MTIwMDAwMDAwMDAwMH19"
        },
        {
          "index_key": 6,
          "schema_version": 0,
          "attributes": {
            "acceleration_status": "",
            "acl": null,
            "arn": "arn:aws:s3:::16job30write20240309063250",
            "bucket": "16job30write20240309063250",
            "bucket_domain_name": "16job30write20240309063250.s3.amazonaws.com",
            "bucket_prefix": "",
            "bucket_regional_domain_name": "16job30write20240309063250.s3.eu-north-1.amazonaws.com",
            "cors_rule": [],
            "force_destroy": false,
            "grant": [
              {
                "id": "07984aa48219a7fd78275404e48c66ab172f41ef9c1a4b13d812d5fe35cc066f",
                "permissions": [
                  "FULL_CONTROL"
                ],
                "type": "CanonicalUser",
                "uri": ""
              }
            ],
            "hosted_zone_id": "Z3BAZG2TWCNX0D",
            "id": "16job30write20240309063250",
            "lifecycle_rule": [],
            "logging": [],
            "object_lock_configuration": [],
            "object_lock_enabled": false,
            "policy": "",
            "region": "eu-north-1",
            "replication_configuration": [],
            "request_payer": "BucketOwner",
            "server_side_encryption_configuration": [
              {
                "rule": [
                  {
                    "apply_server_side_encryption_by_default": [
                      {
                        "kms_master_key_id": "",
                        "sse_algorithm": "AES256"
                      }
                    ],
                    "bucket_key_enabled": false
                  }
                ]
              }
            ],
            "tags": null,
            "tags_all": {},
            "timeouts": null,
            "versioning": [
              {
                "enabled": false,
                "mfa_delete": false
              }
            ],
            "website": [],
            "website_domain": null,
            "website_endpoint": null
          },
          "sensitive_attributes": [],
          "private": "eyJlMmJmYjczMC1lY2FhLTExZTYtOGY4OC0zNDM2M2JjN2M0YzAiOnsiY3JlYXRlIjoxMjAwMDAwMDAwMDAwLCJkZWxldGUiOjM2MDAwMDAwMDAwMDAsInJlYWQiOjEyMDAwMDAwMDAwMDAsInVwZGF0ZSI6MTIwMDAwMDAwMDAwMH19"
        },
        {
          "index_key": 7,
          "schema_version": 0,
          "attributes": {
            "acceleration_status": "",
            "acl": null,
            "arn": "arn:aws:s3:::16job70read20240309063250",
            "bucket": "16job70read20240309063250",
            "bucket_domain_name": "16job70read20240309063250.s3.amazonaws.com",
            "bucket_prefix": "",
            "bucket_regional_domain_name": "16job70read20240309063250.s3.eu-north-1.amazonaws.com",
            "cors_rule": [],
            "force_destroy": false,
            "grant": [
              {
                "id": "07984aa48219a7fd78275404e48c66ab172f41ef9c1a4b13d812d5fe35cc066f",
                "permissions": [
                  "FULL_CONTROL"
                ],
                "type": "CanonicalUser",
                "uri": ""
              }
            ],
            "hosted_zone_id": "Z3BAZG2TWCNX0D",
            "id": "16job70read20240309063250",
            "lifecycle_rule": [],
            "logging": [],
            "object_lock_configuration": [],
            "object_lock_enabled": false,
            "policy": "",
            "region": "eu-north-1",
            "replication_configuration": [],
            "request_payer": "BucketOwner",
            "server_side_encryption_configuration": [
              {
                "rule": [
                  {
                    "apply_server_side_encryption_by_default": [
                      {
                        "kms_master_key_id": "",
                        "sse_algorithm": "AES256"
                      }
                    ],
                    "bucket_key_enabled": false
                  }
                ]
              }
            ],
            "tags": null,
            "tags_all": {},
            "timeouts": null,
            "versioning": [
              {
                "enabled": false,
                "mfa_delete": false
              }
            ],
            "website": [],
            "website_domain": null,
            "website_endpoint": null
          },
          "sensitive_attributes": [],
          "private": "eyJlMmJmYjczMC1lY2FhLTExZTYtOGY4OC0zNDM2M2JjN2M0YzAiOnsiY3JlYXRlIjoxMjAwMDAwMDAwMDAwLCJkZWxldGUiOjM2MDAwMDAwMDAwMDAsInJlYWQiOjEyMDAwMDAwMDAwMDAsInVwZGF0ZSI6MTIwMDAwMDAwMDAwMH19"
        },
        {
          "index_key": 8,
          "schema_version": 0,
          "attributes": {
            "acceleration_status": "",
            "acl": null,
            "arn": "arn:aws:s3:::16jobrandomread20240309063250",
            "bucket": "16jobrandomread20240309063250",
            "bucket_domain_name": "16jobrandomread20240309063250.s3.amazonaws.com",
            "bucket_prefix": "",
            "bucket_regional_domain_name": "16jobrandomread20240309063250.s3.eu-north-1.amazonaws.com",
            "cors_rule": [],
            "force_destroy": false,
            "grant": [
              {
                "id": "07984aa48219a7fd78275404e48c66ab172f41ef9c1a4b13d812d5fe35cc066f",
                "permissions": [
                  "FULL_CONTROL"
                ],
                "type": "CanonicalUser",
                "uri": ""
              }
            ],
            "hosted_zone_id": "Z3BAZG2TWCNX0D",
            "id": "16jobrandomread20240309063250",
            "lifecycle_rule": [],
            "logging": [],
            "object_lock_configuration": [],
            "object_lock_enabled": false,
            "policy": "",
            "region": "eu-north-1",
            "replication_configuration": [],
            "request_payer": "BucketOwner",
            "server_side_encryption_configuration": [
              {
                "rule": [
                  {
                    "apply_server_side_encryption_by_default": [
                      {
                        "kms_master_key_id": "",
                        "sse_algorithm": "AES256"
                      }
                    ],
                    "bucket_key_enabled": false
                  }
                ]
              }
            ],
            "tags": null,
            "tags_all": {},
            "timeouts": null,
            "versioning": [
              {
                "enabled": false,
                "mfa_delete": false
              }
            ],
            "website": [],
            "website_domain": null,
            "website_endpoint": null
          },
          "sensitive_attributes": [],
          "private": "eyJlMmJmYjczMC1lY2FhLTExZTYtOGY4OC0zNDM2M2JjN2M0YzAiOnsiY3JlYXRlIjoxMjAwMDAwMDAwMDAwLCJkZWxldGUiOjM2MDAwMDAwMDAwMDAsInJlYWQiOjEyMDAwMDAwMDAwMDAsInVwZGF0ZSI6MTIwMDAwMDAwMDAwMH19"
        },
        {
          "index_key": 9,
          "schema_version": 0,
          "attributes": {
            "acceleration_status": "",
            "acl": null,
            "arn": "arn:aws:s3:::16jobrandomwrite20240309063250",
            "bucket": "16jobrandomwrite20240309063250",
            "bucket_domain_name": "16jobrandomwrite20240309063250.s3.amazonaws.com",
            "bucket_prefix": "",
            "bucket_regional_domain_name": "16jobrandomwrite20240309063250.s3.eu-north-1.amazonaws.com",
            "cors_rule": [],
            "force_destroy": false,
            "grant": [
              {
                "id": "07984aa48219a7fd78275404e48c66ab172f41ef9c1a4b13d812d5fe35cc066f",
                "permissions": [
                  "FULL_CONTROL"
                ],
                "type": "CanonicalUser",
                "uri": ""
              }
            ],
            "hosted_zone_id": "Z3BAZG2TWCNX0D",
            "id": "16jobrandomwrite20240309063250",
            "lifecycle_rule": [],
            "logging": [],
            "object_lock_configuration": [],
            "object_lock_enabled": false,
            "policy": "",
            "region": "eu-north-1",
            "replication_configuration": [],
            "request_payer": "BucketOwner",
            "server_side_encryption_configuration": [
              {
                "rule": [
                  {
                    "apply_server_side_encryption_by_default": [
                      {
                        "kms_master_key_id": "",
                        "sse_algorithm": "AES256"
                      }
                    ],
                    "bucket_key_enabled": false
                  }
                ]
              }
            ],
            "tags": null,
            "tags_all": {},
            "timeouts": null,
            "versioning": [
              {
                "enabled": false,
                "mfa_delete": false
              }
            ],
            "website": [],
            "website_domain": null,
            "website_endpoint": null
          },
          "sensitive_attributes": [],
          "private": "eyJlMmJmYjczMC1lY2FhLTExZTYtOGY4OC0zNDM2M2JjN2M0YzAiOnsiY3JlYXRlIjoxMjAwMDAwMDAwMDAwLCJkZWxldGUiOjM2MDAwMDAwMDAwMDAsInJlYWQiOjEyMDAwMDAwMDAwMDAsInVwZGF0ZSI6MTIwMDAwMDAwMDAwMH19"
        },
        {
          "index_key": 10,
          "schema_version": 0,
          "attributes": {
            "acceleration_status": "",
            "acl": null,
            "arn": "arn:aws:s3:::16jobsequentialread20240309063250",
            "bucket": "16jobsequentialread20240309063250",
            "bucket_domain_name": "16jobsequentialread20240309063250.s3.amazonaws.com",
            "bucket_prefix": "",
            "bucket_regional_domain_name": "16jobsequentialread20240309063250.s3.eu-north-1.amazonaws.com",
            "cors_rule": [],
            "force_destroy": false,
            "grant": [
              {
                "id": "07984aa48219a7fd78275404e48c66ab172f41ef9c1a4b13d812d5fe35cc066f",
                "permissions": [
                  "FULL_CONTROL"
                ],
                "type": "CanonicalUser",
                "uri": ""
              }
            ],
            "hosted_zone_id": "Z3BAZG2TWCNX0D",
            "id": "16jobsequentialread20240309063250",
            "lifecycle_rule": [],
            "logging": [],
            "object_lock_configuration": [],
            "object_lock_enabled": false,
            "policy": "",
            "region": "eu-north-1",
            "replication_configuration": [],
            "request_payer": "BucketOwner",
            "server_side_encryption_configuration": [
              {
                "rule": [
                  {
                    "apply_server_side_encryption_by_default": [
                      {
                        "kms_master_key_id": "",
                        "sse_algorithm": "AES256"
                      }
                    ],
                    "bucket_key_enabled": false
                  }
                ]
              }
            ],
            "tags": null,
            "tags_all": {},
            "timeouts": null,
            "versioning": [
              {
                "enabled": false,
                "mfa_delete": false
              }
            ],
            "website": [],
            "website_domain": null,
            "website_endpoint": null
          },
          "sensitive_attributes": [],
          "private": "eyJlMmJmYjczMC1lY2FhLTExZTYtOGY4OC0zNDM2M2JjN2M0YzAiOnsiY3JlYXRlIjoxMjAwMDAwMDAwMDAwLCJkZWxldGUiOjM2MDAwMDAwMDAwMDAsInJlYWQiOjEyMDAwMDAwMDAwMDAsInVwZGF0ZSI6MTIwMDAwMDAwMDAwMH19"
        },
        {
          "index_key": 11,
          "schema_version": 0,
          "attributes": {
            "acceleration_status": "",
            "acl": null,
            "arn": "arn:aws:s3:::16jobsequentialwrite20240309063250",
            "bucket": "16jobsequentialwrite20240309063250",
            "bucket_domain_name": "16jobsequentialwrite20240309063250.s3.amazonaws.com",
            "bucket_prefix": "",
            "bucket_regional_domain_name": "16jobsequentialwrite20240309063250.s3.eu-north-1.amazonaws.com",
            "cors_rule": [],
            "force_destroy": false,
            "grant": [
              {
                "id": "07984aa48219a7fd78275404e48c66ab172f41ef9c1a4b13d812d5fe35cc066f",
                "permissions": [
                  "FULL_CONTROL"
                ],
                "type": "CanonicalUser",
                "uri": ""
              }
            ],
            "hosted_zone_id": "Z3BAZG2TWCNX0D",
            "id": "16jobsequentialwrite20240309063250",
            "lifecycle_rule": [],
            "logging": [],
            "object_lock_configuration": [],
            "object_lock_enabled": false,
            "policy": "",
            "region": "eu-north-1",
            "replication_configuration": [],
            "request_payer": "BucketOwner",
            "server_side_encryption_configuration": [
              {
                "rule": [
                  {
                    "apply_server_side_encryption_by_default": [
                      {
                        "kms_master_key_id": "",
                        "sse_algorithm": "AES256"
                      }
                    ],
                    "bucket_key_enabled": false
                  }
                ]
              }
            ],
            "tags": null,
            "tags_all": {},
            "timeouts": null,
            "versioning": [
              {
                "enabled": false,
                "mfa_delete": false
              }
            ],
            "website": [],
            "website_domain": null,
            "website_endpoint": null
          },
          "sensitive_attributes": [],
          "private": "eyJlMmJmYjczMC1lY2FhLTExZTYtOGY4OC0zNDM2M2JjN2M0YzAiOnsiY3JlYXRlIjoxMjAwMDAwMDAwMDAwLCJkZWxldGUiOjM2MDAwMDAwMDAwMDAsInJlYWQiOjEyMDAwMDAwMDAwMDAsInVwZGF0ZSI6MTIwMDAwMDAwMDAwMH19"
        }
      ]
    },
    {
      "mode": "managed",
      "type": "aws_s3_bucket",
      "name": "s3fs_results",
      "provider": "provider[\"registry.terraform.io/hashicorp/aws\"]",
      "instances": [
        {
          "schema_version": 0,
          "attributes": {
            "acceleration_status": "",
            "acl": null,
            "arn": "arn:aws:s3:::s3fsbenchmark-20240309-063250",
            "bucket": "s3fsbenchmark-20240309-063250",
            "bucket_domain_name": "s3fsbenchmark-20240309-063250.s3.amazonaws.com",
            "bucket_prefix": "",
            "bucket_regional_domain_name": "s3fsbenchmark-20240309-063250.s3.eu-north-1.amazonaws.com",
            "cors_rule": [],
            "force_destroy": false,
            "grant": [
              {
                "id": "07984aa48219a7fd78275404e48c66ab172f41ef9c1a4b13d812d5fe35cc066f",
                "permissions": [
                  "FULL_CONTROL"
                ],
                "type": "CanonicalUser",
                "uri": ""
              }
            ],
            "hosted_zone_id": "Z3BAZG2TWCNX0D",
            "id": "s3fsbenchmark-20240309-063250",
            "lifecycle_rule": [],
            "logging": [],
            "object_lock_configuration": [],
            "object_lock_enabled": false,
            "policy": "",
            "region": "eu-north-1",
            "replication_configuration": [],
            "request_payer": "BucketOwner",
            "server_side_encryption_configuration": [
              {
                "rule": [
                  {
                    "apply_server_side_encryption_by_default": [
                      {
                        "kms_master_key_id": "",
                        "sse_algorithm": "AES256"
                      }
                    ],
                    "bucket_key_enabled": false
                  }
                ]
              }
            ],
            "tags": null,
            "tags_all": {},
            "timeouts": null,
            "versioning": [
              {
                "enabled": false,
                "mfa_delete": false
              }
            ],
            "website": [],
            "website_domain": null,
            "website_endpoint": null
          },
          "sensitive_attributes": [],
          "private": "eyJlMmJmYjczMC1lY2FhLTExZTYtOGY4OC0zNDM2M2JjN2M0YzAiOnsiY3JlYXRlIjoxMjAwMDAwMDAwMDAwLCJkZWxldGUiOjM2MDAwMDAwMDAwMDAsInJlYWQiOjEyMDAwMDAwMDAwMDAsInVwZGF0ZSI6MTIwMDAwMDAwMDAwMH19"
        }
      ]
    },
    {
      "mode": "managed",
      "type": "aws_security_group",
      "name": "fuse_benchmark_allow_all",
      "provider": "provider[\"registry.terraform.io/hashicorp/aws\"]",
      "instances": [
        {
          "schema_version": 1,
          "attributes": {
            "arn": "arn:aws:ec2:eu-north-1:754745079939:security-group/sg-0aa945914098acd8e",
            "description": "Allow all inbound and outbound traffic",
            "egress": [
              {
                "cidr_blocks": [
                  "0.0.0.0/0"
                ],
                "description": "",
                "from_port": 0,
                "ipv6_cidr_blocks": [],
                "prefix_list_ids": [],
                "protocol": "tcp",
                "security_groups": [],
                "self": false,
                "to_port": 65535
              }
            ],
            "id": "sg-0aa945914098acd8e",
            "ingress": [
              {
                "cidr_blocks": [
                  "0.0.0.0/0"
                ],
                "description": "",
                "from_port": 0,
                "ipv6_cidr_blocks": [],
                "prefix_list_ids": [],
                "protocol": "tcp",
                "security_groups": [],
                "self": false,
                "to_port": 65535
              }
            ],
            "name": "allow_all_traffic",
            "name_prefix": "",
            "owner_id": "754745079939",
            "revoke_rules_on_delete": false,
            "tags": {},
            "tags_all": {},
            "timeouts": null,
            "vpc_id": "vpc-c27d97ab"
          },
          "sensitive_attributes": [],
          "private": "eyJlMmJmYjczMC1lY2FhLTExZTYtOGY4OC0zNDM2M2JjN2M0YzAiOnsiY3JlYXRlIjo2MDAwMDAwMDAwMDAsImRlbGV0ZSI6OTAwMDAwMDAwMDAwfSwic2NoZW1hX3ZlcnNpb24iOiIxIn0="
        }
      ]
    }
  ],
  "check_results": null
}
